
Microsoft Visual Studio Solution File, Format Version 12.00
# Visual Studio 15
VisualStudioVersion = 15.0.28307.106
MinimumVisualStudioVersion = 10.0.40219.1
Project("{FAE04EC0-301F-11D3-BF4B-00C04F79EFBC}") = "App01_ControleXF.Android", "App01_ControleXF\App01_ControleXF.Android\App01_ControleXF.Android.csproj", "{285924B0-73D4-47C2-891F-B7EF7D423075}"
EndProject
Project("{FAE04EC0-301F-11D3-BF4B-00C04F79EFBC}") = "App01_ControleXF.iOS", "App01_ControleXF\App01_ControleXF.iOS\App01_ControleXF.iOS.csproj", "{E923299A-C451-4221-9E16-A4928858813D}"
EndProject
Project("{FAE04EC0-301F-11D3-BF4B-00C04F79EFBC}") = "App01_ControleXF.UWP", "App01_ControleXF\App01_ControleXF.UWP\App01_ControleXF.UWP.csproj", "{FF632902-07FD-4B86-84A7-9536062DE00F}"
EndProject
Project("{FAE04EC0-301F-11D3-BF4B-00C04F79EFBC}") = "App01_ControleXF", "App01_ControleXF\App01_ControleXF\App01_ControleXF.csproj", "{E165A409-20BF-456B-BEE8-41A1205497C4}"
EndProject
Global
	GlobalSection(SolutionConfigurationPlatforms) = preSolution
		Ad-Hoc|Any CPU = Ad-Hoc|Any CPU
		Ad-Hoc|ARM = Ad-Hoc|ARM
		Ad-Hoc|iPhone = Ad-Hoc|iPhone
		Ad-Hoc|iPhoneSimulator = Ad-Hoc|iPhoneSimulator
		Ad-Hoc|x64 = Ad-Hoc|x64
		Ad-Hoc|x86 = Ad-Hoc|x86
		AppStore|Any CPU = AppStore|Any CPU
		AppStore|ARM = AppStore|ARM
		AppStore|iPhone = AppStore|iPhone
		AppStore|iPhoneSimulator = AppStore|iPhoneSimulator
		AppStore|x64 = AppStore|x64
		AppStore|x86 = AppStore|x86
		Debug|Any CPU = Debug|Any CPU
		Debug|ARM = Debug|ARM
		Debug|iPhone = Debug|iPhone
		Debug|iPhoneSimulator = Debug|iPhoneSimulator
		Debug|x64 = Debug|x64
		Debug|x86 = Debug|x86
		Release|Any CPU = Release|Any CPU
		Release|ARM = Release|ARM
		Release|iPhone = Release|iPhone
		Release|iPhoneSimulator = Release|iPhoneSimulator
		Release|x64 = Release|x64
		Release|x86 = Release|x86
	EndGlobalSection
	GlobalSection(ProjectConfigurationPlatforms) = postSolution
		{285924B0-73D4-47C2-891F-B7EF7D423075}.Ad-Hoc|Any CPU.ActiveCfg = Release|Any CPU
		{285924B0-73D4-47C2-891F-B7EF7D423075}.Ad-Hoc|Any CPU.Build.0 = Release|Any CPU
		{285924B0-73D4-47C2-891F-B7EF7D423075}.Ad-Hoc|Any CPU.Deploy.0 = Release|Any CPU
		{285924B0-73D4-47C2-891F-B7EF7D423075}.Ad-Hoc|ARM.ActiveCfg = Release|Any CPU
		{285924B0-73D4-47C2-891F-B7EF7D423075}.Ad-Hoc|ARM.Build.0 = Release|Any CPU
		{285924B0-73D4-47C2-891F-B7EF7D423075}.Ad-Hoc|ARM.Deploy.0 = Release|Any CPU
		{285924B0-73D4-47C2-891F-B7EF7D423075}.Ad-Hoc|iPhone.ActiveCfg = Release|Any CPU
		{285924B0-73D4-47C2-891F-B7EF7D423075}.Ad-Hoc|iPhone.Build.0 = Release|Any CPU
		{285924B0-73D4-47C2-891F-B7EF7D423075}.Ad-Hoc|iPhone.Deploy.0 = Release|Any CPU
		{285924B0-73D4-47C2-891F-B7EF7D423075}.Ad-Hoc|iPhoneSimulator.ActiveCfg = Release|Any CPU
		{285924B0-73D4-47C2-891F-B7EF7D423075}.Ad-Hoc|iPhoneSimulator.Build.0 = Release|Any CPU
		{285924B0-73D4-47C2-891F-B7EF7D423075}.Ad-Hoc|iPhoneSimulator.Deploy.0 = Release|Any CPU
		{285924B0-73D4-47C2-891F-B7EF7D423075}.Ad-Hoc|x64.ActiveCfg = Release|Any CPU
		{285924B0-73D4-47C2-891F-B7EF7D423075}.Ad-Hoc|x64.Build.0 = Release|Any CPU
		{285924B0-73D4-47C2-891F-B7EF7D423075}.Ad-Hoc|x64.Deploy.0 = Release|Any CPU
		{285924B0-73D4-47C2-891F-B7EF7D423075}.Ad-Hoc|x86.ActiveCfg = Release|Any CPU
		{285924B0-73D4-47C2-891F-B7EF7D423075}.Ad-Hoc|x86.Build.0 = Release|Any CPU
		{285924B0-73D4-47C2-891F-B7EF7D423075}.Ad-Hoc|x86.Deploy.0 = Release|Any CPU
		{285924B0-73D4-47C2-891F-B7EF7D423075}.AppStore|Any CPU.ActiveCfg = Release|Any CPU
		{285924B0-73D4-47C2-891F-B7EF7D423075}.AppStore|Any CPU.Build.0 = Release|Any CPU
		{285924B0-73D4-47C2-891F-B7EF7D423075}.AppStore|Any CPU.Deploy.0 = Release|Any CPU
		{285924B0-73D4-47C2-891F-B7EF7D423075}.AppStore|ARM.ActiveCfg = Release|Any CPU
		{285924B0-73D4-47C2-891F-B7EF7D423075}.AppStore|ARM.Build.0 = Release|Any CPU
		{285924B0-73D4-47C2-891F-B7EF7D423075}.AppStore|ARM.Deploy.0 = Release|Any CPU
		{285924B0-73D4-47C2-891F-B7EF7D423075}.AppStore|iPhone.ActiveCfg = Release|Any CPU
		{285924B0-73D4-47C2-891F-B7EF7D423075}.AppStore|iPhone.Build.0 = Release|Any CPU
		{285924B0-73D4-47C2-891F-B7EF7D423075}.AppStore|iPhone.Deploy.0 = Release|Any CPU
		{285924B0-73D4-47C2-891F-B7EF7D423075}.AppStore|iPhoneSimulator.ActiveCfg = Release|Any CPU
		{285924B0-73D4-47C2-891F-B7EF7D423075}.AppStore|iPhoneSimulator.Build.0 = Release|Any CPU
		{285924B0-73D4-47C2-891F-B7EF7D423075}.AppStore|iPhoneSimulator.Deploy.0 = Release|Any CPU
		{285924B0-73D4-47C2-891F-B7EF7D423075}.AppStore|x64.ActiveCfg = Release|Any CPU
		{285924B0-73D4-47C2-891F-B7EF7D423075}.AppStore|x64.Build.0 = Release|Any CPU
		{285924B0-73D4-47C2-891F-B7EF7D423075}.AppStore|x64.Deploy.0 = Release|Any CPU
		{285924B0-73D4-47C2-891F-B7EF7D423075}.AppStore|x86.ActiveCfg = Release|Any CPU
		{285924B0-73D4-47C2-891F-B7EF7D423075}.AppStore|x86.Build.0 = Release|Any CPU
		{285924B0-73D4-47C2-891F-B7EF7D423075}.AppStore|x86.Deploy.0 = Release|Any CPU
		{285924B0-73D4-47C2-891F-B7EF7D423075}.Debug|Any CPU.ActiveCfg = Debug|Any CPU
		{285924B0-73D4-47C2-891F-B7EF7D423075}.Debug|Any CPU.Build.0 = Debug|Any CPU
		{285924B0-73D4-47C2-891F-B7EF7D423075}.Debug|Any CPU.Deploy.0 = Debug|Any CPU
		{285924B0-73D4-47C2-891F-B7EF7D423075}.Debug|ARM.ActiveCfg = Debug|Any CPU
		{285924B0-73D4-47C2-891F-B7EF7D423075}.Debug|ARM.Build.0 = Debug|Any CPU
		{285924B0-73D4-47C2-891F-B7EF7D423075}.Debug|ARM.Deploy.0 = Debug|Any CPU
		{285924B0-73D4-47C2-891F-B7EF7D423075}.Debug|iPhone.ActiveCfg = Debug|Any CPU
		{285924B0-73D4-47C2-891F-B7EF7D423075}.Debug|iPhone.Build.0 = Debug|Any CPU
		{285924B0-73D4-47C2-891F-B7EF7D423075}.Debug|iPhone.Deploy.0 = Debug|Any CPU
		{285924B0-73D4-47C2-891F-B7EF7D423075}.Debug|iPhoneSimulator.ActiveCfg = Debug|Any CPU
		{285924B0-73D4-47C2-891F-B7EF7D423075}.Debug|iPhoneSimulator.Build.0 = Debug|Any CPU
		{285924B0-73D4-47C2-891F-B7EF7D423075}.Debug|iPhoneSimulator.Deploy.0 = Debug|Any CPU
		{285924B0-73D4-47C2-891F-B7EF7D423075}.Debug|x64.ActiveCfg = Debug|Any CPU
		{285924B0-73D4-47C2-891F-B7EF7D423075}.Debug|x64.Build.0 = Debug|Any CPU
		{285924B0-73D4-47C2-891F-B7EF7D423075}.Debug|x64.Deploy.0 = Debug|Any CPU
		{285924B0-73D4-47C2-891F-B7EF7D423075}.Debug|x86.ActiveCfg = Debug|Any CPU
		{285924B0-73D4-47C2-891F-B7EF7D423075}.Debug|x86.Build.0 = Debug|Any CPU
		{285924B0-73D4-47C2-891F-B7EF7D423075}.Debug|x86.Deploy.0 = Debug|Any CPU
		{285924B0-73D4-47C2-891F-B7EF7D423075}.Release|Any CPU.ActiveCfg = Release|Any CPU
		{285924B0-73D4-47C2-891F-B7EF7D423075}.Release|Any CPU.Build.0 = Release|Any CPU
		{285924B0-73D4-47C2-891F-B7EF7D423075}.Release|Any CPU.Deploy.0 = Release|Any CPU
		{285924B0-73D4-47C2-891F-B7EF7D423075}.Release|ARM.ActiveCfg = Release|Any CPU
		{285924B0-73D4-47C2-891F-B7EF7D423075}.Release|ARM.Build.0 = Release|Any CPU
		{285924B0-73D4-47C2-891F-B7EF7D423075}.Release|ARM.Deploy.0 = Release|Any CPU
		{285924B0-73D4-47C2-891F-B7EF7D423075}.Release|iPhone.ActiveCfg = Release|Any CPU
		{285924B0-73D4-47C2-891F-B7EF7D423075}.Release|iPhone.Build.0 = Release|Any CPU
		{285924B0-73D4-47C2-891F-B7EF7D423075}.Release|iPhone.Deploy.0 = Release|Any CPU
		{285924B0-73D4-47C2-891F-B7EF7D423075}.Release|iPhoneSimulator.ActiveCfg = Release|Any CPU
		{285924B0-73D4-47C2-891F-B7EF7D423075}.Release|iPhoneSimulator.Build.0 = Release|Any CPU
		{285924B0-73D4-47C2-891F-B7EF7D423075}.Release|iPhoneSimulator.Deploy.0 = Release|Any CPU
		{285924B0-73D4-47C2-891F-B7EF7D423075}.Release|x64.ActiveCfg = Release|Any CPU
		{285924B0-73D4-47C2-891F-B7EF7D423075}.Release|x64.Build.0 = Release|Any CPU
		{285924B0-73D4-47C2-891F-B7EF7D423075}.Release|x64.Deploy.0 = Release|Any CPU
		{285924B0-73D4-47C2-891F-B7EF7D423075}.Release|x86.ActiveCfg = Release|Any CPU
		{285924B0-73D4-47C2-891F-B7EF7D423075}.Release|x86.Build.0 = Release|Any CPU
		{285924B0-73D4-47C2-891F-B7EF7D423075}.Release|x86.Deploy.0 = Release|Any CPU
		{E923299A-C451-4221-9E16-A4928858813D}.Ad-Hoc|Any CPU.ActiveCfg = Ad-Hoc|iPhone
		{E923299A-C451-4221-9E16-A4928858813D}.Ad-Hoc|Any CPU.Build.0 = Ad-Hoc|iPhone
		{E923299A-C451-4221-9E16-A4928858813D}.Ad-Hoc|Any CPU.Deploy.0 = Ad-Hoc|iPhone
		{E923299A-C451-4221-9E16-A4928858813D}.Ad-Hoc|ARM.ActiveCfg = Ad-Hoc|iPhone
		{E923299A-C451-4221-9E16-A4928858813D}.Ad-Hoc|ARM.Build.0 = Ad-Hoc|iPhone
		{E923299A-C451-4221-9E16-A4928858813D}.Ad-Hoc|ARM.Deploy.0 = Ad-Hoc|iPhone
		{E923299A-C451-4221-9E16-A4928858813D}.Ad-Hoc|iPhone.ActiveCfg = Ad-Hoc|iPhone
		{E923299A-C451-4221-9E16-A4928858813D}.Ad-Hoc|iPhone.Build.0 = Ad-Hoc|iPhone
		{E923299A-C451-4221-9E16-A4928858813D}.Ad-Hoc|iPhone.Deploy.0 = Ad-Hoc|iPhone
		{E923299A-C451-4221-9E16-A4928858813D}.Ad-Hoc|iPhoneSimulator.ActiveCfg = Ad-Hoc|iPhoneSimulator
		{E923299A-C451-4221-9E16-A4928858813D}.Ad-Hoc|iPhoneSimulator.Build.0 = Ad-Hoc|iPhoneSimulator
		{E923299A-C451-4221-9E16-A4928858813D}.Ad-Hoc|iPhoneSimulator.Deploy.0 = Ad-Hoc|iPhoneSimulator
		{E923299A-C451-4221-9E16-A4928858813D}.Ad-Hoc|x64.ActiveCfg = Ad-Hoc|iPhone
		{E923299A-C451-4221-9E16-A4928858813D}.Ad-Hoc|x64.Build.0 = Ad-Hoc|iPhone
		{E923299A-C451-4221-9E16-A4928858813D}.Ad-Hoc|x64.Deploy.0 = Ad-Hoc|iPhone
		{E923299A-C451-4221-9E16-A4928858813D}.Ad-Hoc|x86.ActiveCfg = Ad-Hoc|iPhone
		{E923299A-C451-4221-9E16-A4928858813D}.Ad-Hoc|x86.Build.0 = Ad-Hoc|iPhone
		{E923299A-C451-4221-9E16-A4928858813D}.Ad-Hoc|x86.Deploy.0 = Ad-Hoc|iPhone
		{E923299A-C451-4221-9E16-A4928858813D}.AppStore|Any CPU.ActiveCfg = AppStore|iPhone
		{E923299A-C451-4221-9E16-A4928858813D}.AppStore|Any CPU.Build.0 = AppStore|iPhone
		{E923299A-C451-4221-9E16-A4928858813D}.AppStore|Any CPU.Deploy.0 = AppStore|iPhone
		{E923299A-C451-4221-9E16-A4928858813D}.AppStore|ARM.ActiveCfg = AppStore|iPhone
		{E923299A-C451-4221-9E16-A4928858813D}.AppStore|ARM.Build.0 = AppStore|iPhone
		{E923299A-C451-4221-9E16-A4928858813D}.AppStore|ARM.Deploy.0 = AppStore|iPhone
		{E923299A-C451-4221-9E16-A4928858813D}.AppStore|iPhone.ActiveCfg = AppStore|iPhone
		{E923299A-C451-4221-9E16-A4928858813D}.AppStore|iPhone.Build.0 = AppStore|iPhone
		{E923299A-C451-4221-9E16-A4928858813D}.AppStore|iPhone.Deploy.0 = AppStore|iPhone
		{E923299A-C451-4221-9E16-A4928858813D}.AppStore|iPhoneSimulator.ActiveCfg = AppStore|iPhoneSimulator
		{E923299A-C451-4221-9E16-A4928858813D}.AppStore|iPhoneSimulator.Build.0 = AppStore|iPhoneSimulator
		{E923299A-C451-4221-9E16-A4928858813D}.AppStore|iPhoneSimulator.Deploy.0 = AppStore|iPhoneSimulator
		{E923299A-C451-4221-9E16-A4928858813D}.AppStore|x64.ActiveCfg = AppStore|iPhone
		{E923299A-C451-4221-9E16-A4928858813D}.AppStore|x64.Build.0 = AppStore|iPhone
		{E923299A-C451-4221-9E16-A4928858813D}.AppStore|x64.Deploy.0 = AppStore|iPhone
		{E923299A-C451-4221-9E16-A4928858813D}.AppStore|x86.ActiveCfg = AppStore|iPhone
		{E923299A-C451-4221-9E16-A4928858813D}.AppStore|x86.Build.0 = AppStore|iPhone
		{E923299A-C451-4221-9E16-A4928858813D}.AppStore|x86.Deploy.0 = AppStore|iPhone
		{E923299A-C451-4221-9E16-A4928858813D}.Debug|Any CPU.ActiveCfg = Debug|iPhoneSimulator
		{E923299A-C451-4221-9E16-A4928858813D}.Debug|Any CPU.Build.0 = Debug|iPhoneSimulator
		{E923299A-C451-4221-9E16-A4928858813D}.Debug|Any CPU.Deploy.0 = Debug|iPhoneSimulator
		{E923299A-C451-4221-9E16-A4928858813D}.Debug|ARM.ActiveCfg = Debug|iPhone
		{E923299A-C451-4221-9E16-A4928858813D}.Debug|ARM.Build.0 = Debug|iPhone
		{E923299A-C451-4221-9E16-A4928858813D}.Debug|ARM.Deploy.0 = Debug|iPhone
		{E923299A-C451-4221-9E16-A4928858813D}.Debug|iPhone.ActiveCfg = Debug|iPhone
		{E923299A-C451-4221-9E16-A4928858813D}.Debug|iPhone.Build.0 = Debug|iPhone
		{E923299A-C451-4221-9E16-A4928858813D}.Debug|iPhone.Deploy.0 = Debug|iPhone
		{E923299A-C451-4221-9E16-A4928858813D}.Debug|iPhoneSimulator.ActiveCfg = Debug|iPhoneSimulator
		{E923299A-C451-4221-9E16-A4928858813D}.Debug|iPhoneSimulator.Build.0 = Debug|iPhoneSimulator
		{E923299A-C451-4221-9E16-A4928858813D}.Debug|iPhoneSimulator.Deploy.0 = Debug|iPhoneSimulator
		{E923299A-C451-4221-9E16-A4928858813D}.Debug|x64.ActiveCfg = Debug|iPhone
		{E923299A-C451-4221-9E16-A4928858813D}.Debug|x64.Build.0 = Debug|iPhone
		{E923299A-C451-4221-9E16-A4928858813D}.Debug|x64.Deploy.0 = Debug|iPhone
		{E923299A-C451-4221-9E16-A4928858813D}.Debug|x86.ActiveCfg = Debug|iPhone
		{E923299A-C451-4221-9E16-A4928858813D}.Debug|x86.Build.0 = Debug|iPhone
		{E923299A-C451-4221-9E16-A4928858813D}.Debug|x86.Deploy.0 = Debug|iPhone
		{E923299A-C451-4221-9E16-A4928858813D}.Release|Any CPU.ActiveCfg = Release|iPhone
		{E923299A-C451-4221-9E16-A4928858813D}.Release|Any CPU.Build.0 = Release|iPhone
		{E923299A-C451-4221-9E16-A4928858813D}.Release|Any CPU.Deploy.0 = Release|iPhone
		{E923299A-C451-4221-9E16-A4928858813D}.Release|ARM.ActiveCfg = Release|iPhone
		{E923299A-C451-4221-9E16-A4928858813D}.Release|ARM.Build.0 = Release|iPhone
		{E923299A-C451-4221-9E16-A4928858813D}.Release|ARM.Deploy.0 = Release|iPhone
		{E923299A-C451-4221-9E16-A4928858813D}.Release|iPhone.ActiveCfg = Release|iPhone
		{E923299A-C451-4221-9E16-A4928858813D}.Release|iPhone.Build.0 = Release|iPhone
		{E923299A-C451-4221-9E16-A4928858813D}.Release|iPhone.Deploy.0 = Release|iPhone
		{E923299A-C451-4221-9E16-A4928858813D}.Release|iPhoneSimulator.ActiveCfg = Release|iPhoneSimulator
		{E923299A-C451-4221-9E16-A4928858813D}.Release|iPhoneSimulator.Build.0 = Release|iPhoneSimulator
		{E923299A-C451-4221-9E16-A4928858813D}.Release|iPhoneSimulator.Deploy.0 = Release|iPhoneSimulator
		{E923299A-C451-4221-9E16-A4928858813D}.Release|x64.ActiveCfg = Release|iPhone
		{E923299A-C451-4221-9E16-A4928858813D}.Release|x64.Build.0 = Release|iPhone
		{E923299A-C451-4221-9E16-A4928858813D}.Release|x64.Deploy.0 = Release|iPhone
		{E923299A-C451-4221-9E16-A4928858813D}.Release|x86.ActiveCfg = Release|iPhone
		{E923299A-C451-4221-9E16-A4928858813D}.Release|x86.Build.0 = Release|iPhone
		{E923299A-C451-4221-9E16-A4928858813D}.Release|x86.Deploy.0 = Release|iPhone
		{FF632902-07FD-4B86-84A7-9536062DE00F}.Ad-Hoc|Any CPU.ActiveCfg = Release|x86
		{FF632902-07FD-4B86-84A7-9536062DE00F}.Ad-Hoc|Any CPU.Build.0 = Release|x86
		{FF632902-07FD-4B86-84A7-9536062DE00F}.Ad-Hoc|Any CPU.Deploy.0 = Release|x86
		{FF632902-07FD-4B86-84A7-9536062DE00F}.Ad-Hoc|ARM.ActiveCfg = Release|ARM
		{FF632902-07FD-4B86-84A7-9536062DE00F}.Ad-Hoc|ARM.Build.0 = Release|ARM
		{FF632902-07FD-4B86-84A7-9536062DE00F}.Ad-Hoc|ARM.Deploy.0 = Release|ARM
		{FF632902-07FD-4B86-84A7-9536062DE00F}.Ad-Hoc|iPhone.ActiveCfg = Release|x86
		{FF632902-07FD-4B86-84A7-9536062DE00F}.Ad-Hoc|iPhone.Build.0 = Release|x86
		{FF632902-07FD-4B86-84A7-9536062DE00F}.Ad-Hoc|iPhone.Deploy.0 = Release|x86
		{FF632902-07FD-4B86-84A7-9536062DE00F}.Ad-Hoc|iPhoneSimulator.ActiveCfg = Release|x86
		{FF632902-07FD-4B86-84A7-9536062DE00F}.Ad-Hoc|iPhoneSimulator.Build.0 = Release|x86
		{FF632902-07FD-4B86-84A7-9536062DE00F}.Ad-Hoc|iPhoneSimulator.Deploy.0 = Release|x86
		{FF632902-07FD-4B86-84A7-9536062DE00F}.Ad-Hoc|x64.ActiveCfg = Release|x64
		{FF632902-07FD-4B86-84A7-9536062DE00F}.Ad-Hoc|x64.Build.0 = Release|x64
		{FF632902-07FD-4B86-84A7-9536062DE00F}.Ad-Hoc|x64.Deploy.0 = Release|x64
		{FF632902-07FD-4B86-84A7-9536062DE00F}.Ad-Hoc|x86.ActiveCfg = Release|x86
		{FF632902-07FD-4B86-84A7-9536062DE00F}.Ad-Hoc|x86.Build.0 = Release|x86
		{FF632902-07FD-4B86-84A7-9536062DE00F}.Ad-Hoc|x86.Deploy.0 = Release|x86
		{FF632902-07FD-4B86-84A7-9536062DE00F}.AppStore|Any CPU.ActiveCfg = Release|x86
		{FF632902-07FD-4B86-84A7-9536062DE00F}.AppStore|Any CPU.Build.0 = Release|x86
		{FF632902-07FD-4B86-84A7-9536062DE00F}.AppStore|Any CPU.Deploy.0 = Release|x86
		{FF632902-07FD-4B86-84A7-9536062DE00F}.AppStore|ARM.ActiveCfg = Release|ARM
		{FF632902-07FD-4B86-84A7-9536062DE00F}.AppStore|ARM.Build.0 = Release|ARM
		{FF632902-07FD-4B86-84A7-9536062DE00F}.AppStore|ARM.Deploy.0 = Release|ARM
		{FF632902-07FD-4B86-84A7-9536062DE00F}.AppStore|iPhone.ActiveCfg = Release|x86
		{FF632902-07FD-4B86-84A7-9536062DE00F}.AppStore|iPhone.Build.0 = Release|x86
		{FF632902-07FD-4B86-84A7-9536062DE00F}.AppStore|iPhone.Deploy.0 = Release|x86
		{FF632902-07FD-4B86-84A7-9536062DE00F}.AppStore|iPhoneSimulator.ActiveCfg = Release|x86
		{FF632902-07FD-4B86-84A7-9536062DE00F}.AppStore|iPhoneSimulator.Build.0 = Release|x86
		{FF632902-07FD-4B86-84A7-9536062DE00F}.AppStore|iPhoneSimulator.Deploy.0 = Release|x86
		{FF632902-07FD-4B86-84A7-9536062DE00F}.AppStore|x64.ActiveCfg = Release|x64
		{FF632902-07FD-4B86-84A7-9536062DE00F}.AppStore|x64.Build.0 = Release|x64
		{FF632902-07FD-4B86-84A7-9536062DE00F}.AppStore|x64.Deploy.0 = Release|x64
		{FF632902-07FD-4B86-84A7-9536062DE00F}.AppStore|x86.ActiveCfg = Release|x86
		{FF632902-07FD-4B86-84A7-9536062DE00F}.AppStore|x86.Build.0 = Release|x86
		{FF632902-07FD-4B86-84A7-9536062DE00F}.AppStore|x86.Deploy.0 = Release|x86
		{FF632902-07FD-4B86-84A7-9536062DE00F}.Debug|Any CPU.ActiveCfg = Debug|x86
		{FF632902-07FD-4B86-84A7-9536062DE00F}.Debug|Any CPU.Build.0 = Debug|x86
		{FF632902-07FD-4B86-84A7-9536062DE00F}.Debug|Any CPU.Deploy.0 = Debug|x86
		{FF632902-07FD-4B86-84A7-9536062DE00F}.Debug|ARM.ActiveCfg = Debug|ARM
		{FF632902-07FD-4B86-84A7-9536062DE00F}.Debug|ARM.Build.0 = Debug|ARM
		{FF632902-07FD-4B86-84A7-9536062DE00F}.Debug|ARM.Deploy.0 = Debug|ARM
		{FF632902-07FD-4B86-84A7-9536062DE00F}.Debug|iPhone.ActiveCfg = Debug|x86
		{FF632902-07FD-4B86-84A7-9536062DE00F}.Debug|iPhone.Build.0 = Debug|x86
		{FF632902-07FD-4B86-84A7-9536062DE00F}.Debug|iPhone.Deploy.0 = Debug|x86
		{FF632902-07FD-4B86-84A7-9536062DE00F}.Debug|iPhoneSimulator.ActiveCfg = Debug|x86
		{FF632902-07FD-4B86-84A7-9536062DE00F}.Debug|iPhoneSimulator.Build.0 = Debug|x86
		{FF632902-07FD-4B86-84A7-9536062DE00F}.Debug|iPhoneSimulator.Deploy.0 = Debug|x86
		{FF632902-07FD-4B86-84A7-9536062DE00F}.Debug|x64.ActiveCfg = Debug|x64
		{FF632902-07FD-4B86-84A7-9536062DE00F}.Debug|x64.Build.0 = Debug|x64
		{FF632902-07FD-4B86-84A7-9536062DE00F}.Debug|x64.Deploy.0 = Debug|x64
		{FF632902-07FD-4B86-84A7-9536062DE00F}.Debug|x86.ActiveCfg = Debug|x86
		{FF632902-07FD-4B86-84A7-9536062DE00F}.Debug|x86.Build.0 = Debug|x86
		{FF632902-07FD-4B86-84A7-9536062DE00F}.Debug|x86.Deploy.0 = Debug|x86
		{FF632902-07FD-4B86-84A7-9536062DE00F}.Release|Any CPU.ActiveCfg = Release|x86
		{FF632902-07FD-4B86-84A7-9536062DE00F}.Release|Any CPU.Build.0 = Release|x86
		{FF632902-07FD-4B86-84A7-9536062DE00F}.Release|Any CPU.Deploy.0 = Release|x86
		{FF632902-07FD-4B86-84A7-9536062DE00F}.Release|ARM.ActiveCfg = Release|ARM
		{FF632902-07FD-4B86-84A7-9536062DE00F}.Release|ARM.Build.0 = Release|ARM
		{FF632902-07FD-4B86-84A7-9536062DE00F}.Release|ARM.Deploy.0 = Release|ARM
		{FF632902-07FD-4B86-84A7-9536062DE00F}.Release|iPhone.ActiveCfg = Release|x86
		{FF632902-07FD-4B86-84A7-9536062DE00F}.Release|iPhone.Build.0 = Release|x86
		{FF632902-07FD-4B86-84A7-9536062DE00F}.Release|iPhone.Deploy.0 = Release|x86
		{FF632902-07FD-4B86-84A7-9536062DE00F}.Release|iPhoneSimulator.ActiveCfg = Release|x86
		{FF632902-07FD-4B86-84A7-9536062DE00F}.Release|iPhoneSimulator.Build.0 = Release|x86
		{FF632902-07FD-4B86-84A7-9536062DE00F}.Release|iPhoneSimulator.Deploy.0 = Release|x86
		{FF632902-07FD-4B86-84A7-9536062DE00F}.Release|x64.ActiveCfg = Release|x64
		{FF632902-07FD-4B86-84A7-9536062DE00F}.Release|x64.Build.0 = Release|x64
		{FF632902-07FD-4B86-84A7-9536062DE00F}.Release|x64.Deploy.0 = Release|x64
		{FF632902-07FD-4B86-84A7-9536062DE00F}.Release|x86.ActiveCfg = Release|x86
		{FF632902-07FD-4B86-84A7-9536062DE00F}.Release|x86.Build.0 = Release|x86
		{FF632902-07FD-4B86-84A7-9536062DE00F}.Release|x86.Deploy.0 = Release|x86
		{E165A409-20BF-456B-BEE8-41A1205497C4}.Ad-Hoc|Any CPU.ActiveCfg = Debug|Any CPU
		{E165A409-20BF-456B-BEE8-41A1205497C4}.Ad-Hoc|Any CPU.Build.0 = Debug|Any CPU
		{E165A409-20BF-456B-BEE8-41A1205497C4}.Ad-Hoc|Any CPU.Deploy.0 = Debug|Any CPU
		{E165A409-20BF-456B-BEE8-41A1205497C4}.Ad-Hoc|ARM.ActiveCfg = Debug|Any CPU
		{E165A409-20BF-456B-BEE8-41A1205497C4}.Ad-Hoc|ARM.Build.0 = Debug|Any CPU
		{E165A409-20BF-456B-BEE8-41A1205497C4}.Ad-Hoc|ARM.Deploy.0 = Debug|Any CPU
		{E165A409-20BF-456B-BEE8-41A1205497C4}.Ad-Hoc|iPhone.ActiveCfg = Debug|Any CPU
		{E165A409-20BF-456B-BEE8-41A1205497C4}.Ad-Hoc|iPhone.Build.0 = Debug|Any CPU
		{E165A409-20BF-456B-BEE8-41A1205497C4}.Ad-Hoc|iPhone.Deploy.0 = Debug|Any CPU
		{E165A409-20BF-456B-BEE8-41A1205497C4}.Ad-Hoc|iPhoneSimulator.ActiveCfg = Debug|Any CPU
		{E165A409-20BF-456B-BEE8-41A1205497C4}.Ad-Hoc|iPhoneSimulator.Build.0 = Debug|Any CPU
		{E165A409-20BF-456B-BEE8-41A1205497C4}.Ad-Hoc|iPhoneSimulator.Deploy.0 = Debug|Any CPU
		{E165A409-20BF-456B-BEE8-41A1205497C4}.Ad-Hoc|x64.ActiveCfg = Debug|Any CPU
		{E165A409-20BF-456B-BEE8-41A1205497C4}.Ad-Hoc|x64.Build.0 = Debug|Any CPU
		{E165A409-20BF-456B-BEE8-41A1205497C4}.Ad-Hoc|x64.Deploy.0 = Debug|Any CPU
		{E165A409-20BF-456B-BEE8-41A1205497C4}.Ad-Hoc|x86.ActiveCfg = Debug|Any CPU
		{E165A409-20BF-456B-BEE8-41A1205497C4}.Ad-Hoc|x86.Build.0 = Debug|Any CPU
		{E165A409-20BF-456B-BEE8-41A1205497C4}.Ad-Hoc|x86.Deploy.0 = Debug|Any CPU
		{E165A409-20BF-456B-BEE8-41A1205497C4}.AppStore|Any CPU.ActiveCfg = Debug|Any CPU
		{E165A409-20BF-456B-BEE8-41A1205497C4}.AppStore|Any CPU.Build.0 = Debug|Any CPU
		{E165A409-20BF-456B-BEE8-41A1205497C4}.AppStore|Any CPU.Deploy.0 = Debug|Any CPU
		{E165A409-20BF-456B-BEE8-41A1205497C4}.AppStore|ARM.ActiveCfg = Debug|Any CPU
		{E165A409-20BF-456B-BEE8-41A1205497C4}.AppStore|ARM.Build.0 = Debug|Any CPU
		{E165A409-20BF-456B-BEE8-41A1205497C4}.AppStore|ARM.Deploy.0 = Debug|Any CPU
		{E165A409-20BF-456B-BEE8-41A1205497C4}.AppStore|iPhone.ActiveCfg = Debug|Any CPU
		{E165A409-20BF-456B-BEE8-41A1205497C4}.AppStore|iPhone.Build.0 = Debug|Any CPU
		{E165A409-20BF-456B-BEE8-41A1205497C4}.AppStore|iPhone.Deploy.0 = Debug|Any CPU
		{E165A409-20BF-456B-BEE8-41A1205497C4}.AppStore|iPhoneSimulator.ActiveCfg = Debug|Any CPU
		{E165A409-20BF-456B-BEE8-41A1205497C4}.AppStore|iPhoneSimulator.Build.0 = Debug|Any CPU
		{E165A409-20BF-456B-BEE8-41A1205497C4}.AppStore|iPhoneSimulator.Deploy.0 = Debug|Any CPU
		{E165A409-20BF-456B-BEE8-41A1205497C4}.AppStore|x64.ActiveCfg = Debug|Any CPU
		{E165A409-20BF-456B-BEE8-41A1205497C4}.AppStore|x64.Build.0 = Debug|Any CPU
		{E165A409-20BF-456B-BEE8-41A1205497C4}.AppStore|x64.Deploy.0 = Debug|Any CPU
		{E165A409-20BF-456B-BEE8-41A1205497C4}.AppStore|x86.ActiveCfg = Debug|Any CPU
		{E165A409-20BF-456B-BEE8-41A1205497C4}.AppStore|x86.Build.0 = Debug|Any CPU
		{E165A409-20BF-456B-BEE8-41A1205497C4}.AppStore|x86.Deploy.0 = Debug|Any CPU
		{E165A409-20BF-456B-BEE8-41A1205497C4}.Debug|Any CPU.ActiveCfg = Debug|Any CPU
		{E165A409-20BF-456B-BEE8-41A1205497C4}.Debug|Any CPU.Build.0 = Debug|Any CPU
		{E165A409-20BF-456B-BEE8-41A1205497C4}.Debug|Any CPU.Deploy.0 = Debug|Any CPU
		{E165A409-20BF-456B-BEE8-41A1205497C4}.Debug|ARM.ActiveCfg = Debug|Any CPU
		{E165A409-20BF-456B-BEE8-41A1205497C4}.Debug|ARM.Build.0 = Debug|Any CPU
		{E165A409-20BF-456B-BEE8-41A1205497C4}.Debug|ARM.Deploy.0 = Debug|Any CPU
		{E165A409-20BF-456B-BEE8-41A1205497C4}.Debug|iPhone.ActiveCfg = Debug|Any CPU
		{E165A409-20BF-456B-BEE8-41A1205497C4}.Debug|iPhone.Build.0 = Debug|Any CPU
		{E165A409-20BF-456B-BEE8-41A1205497C4}.Debug|iPhone.Deploy.0 = Debug|Any CPU
		{E165A409-20BF-456B-BEE8-41A1205497C4}.Debug|iPhoneSimulator.ActiveCfg = Debug|Any CPU
		{E165A409-20BF-456B-BEE8-41A1205497C4}.Debug|iPhoneSimulator.Build.0 = Debug|Any CPU
		{E165A409-20BF-456B-BEE8-41A1205497C4}.Debug|iPhoneSimulator.Deploy.0 = Debug|Any CPU
		{E165A409-20BF-456B-BEE8-41A1205497C4}.Debug|x64.ActiveCfg = Debug|Any CPU
		{E165A409-20BF-456B-BEE8-41A1205497C4}.Debug|x64.Build.0 = Debug|Any CPU
		{E165A409-20BF-456B-BEE8-41A1205497C4}.Debug|x64.Deploy.0 = Debug|Any CPU
		{E165A409-20BF-456B-BEE8-41A1205497C4}.Debug|x86.ActiveCfg = Debug|Any CPU
		{E165A409-20BF-456B-BEE8-41A1205497C4}.Debug|x86.Build.0 = Debug|Any CPU
		{E165A409-20BF-456B-BEE8-41A1205497C4}.Debug|x86.Deploy.0 = Debug|Any CPU
		{E165A409-20BF-456B-BEE8-41A1205497C4}.Release|Any CPU.ActiveCfg = Release|Any CPU
		{E165A409-20BF-456B-BEE8-41A1205497C4}.Release|Any CPU.Build.0 = Release|Any CPU
		{E165A409-20BF-456B-BEE8-41A1205497C4}.Release|Any CPU.Deploy.0 = Release|Any CPU
		{E165A409-20BF-456B-BEE8-41A1205497C4}.Release|ARM.ActiveCfg = Release|Any CPU
		{E165A409-20BF-456B-BEE8-41A1205497C4}.Release|ARM.Build.0 = Release|Any CPU
		{E165A409-20BF-456B-BEE8-41A1205497C4}.Release|ARM.Deploy.0 = Release|Any CPU
		{E165A409-20BF-456B-BEE8-41A1205497C4}.Release|iPhone.ActiveCfg = Release|Any CPU
		{E165A409-20BF-456B-BEE8-41A1205497C4}.Release|iPhone.Build.0 = Release|Any CPU
		{E165A409-20BF-456B-BEE8-41A1205497C4}.Release|iPhone.Deploy.0 = Release|Any CPU
		{E165A409-20BF-456B-BEE8-41A1205497C4}.Release|iPhoneSimulator.ActiveCfg = Release|Any CPU
		{E165A409-20BF-456B-BEE8-41A1205497C4}.Release|iPhoneSimulator.Build.0 = Release|Any CPU
		{E165A409-20BF-456B-BEE8-41A1205497C4}.Release|iPhoneSimulator.Deploy.0 = Release|Any CPU
		{E165A409-20BF-456B-BEE8-41A1205497C4}.Release|x64.ActiveCfg = Release|Any CPU
		{E165A409-20BF-456B-BEE8-41A1205497C4}.Release|x64.Build.0 = Release|Any CPU
		{E165A409-20BF-456B-BEE8-41A1205497C4}.Release|x64.Deploy.0 = Release|Any CPU
		{E165A409-20BF-456B-BEE8-41A1205497C4}.Release|x86.ActiveCfg = Release|Any CPU
		{E165A409-20BF-456B-BEE8-41A1205497C4}.Release|x86.Build.0 = Release|Any CPU
		{E165A409-20BF-456B-BEE8-41A1205497C4}.Release|x86.Deploy.0 = Release|Any CPU
	EndGlobalSection
	GlobalSection(SolutionProperties) = preSolution
		HideSolutionNode = FALSE
	EndGlobalSection
	GlobalSection(ExtensibilityGlobals) = postSolution
		SolutionGuid = {5D0B25C9-D3C9-4E85-86A1-8A1BF4741693}
	EndGlobalSection
EndGlobal
