
Microsoft Visual Studio Solution File, Format Version 12.00
# Visual Studio 15
VisualStudioVersion = 15.0.28307.106
MinimumVisualStudioVersion = 10.0.40219.1
Project("{FAE04EC0-301F-11D3-BF4B-00C04F79EFBC}") = "App02_Xamarin.Android", "App02_Xamarin\App02_Xamarin.Android\App02_Xamarin.Android.csproj", "{3207ED81-3908-47CD-BE93-7C157302BC05}"
EndProject
Project("{FAE04EC0-301F-11D3-BF4B-00C04F79EFBC}") = "App02_Xamarin.iOS", "App02_Xamarin\App02_Xamarin.iOS\App02_Xamarin.iOS.csproj", "{27626CE4-BF9C-441C-B3A6-DDFFCA41CB3D}"
EndProject
Project("{FAE04EC0-301F-11D3-BF4B-00C04F79EFBC}") = "App02_Xamarin.UWP", "App02_Xamarin\App02_Xamarin.UWP\App02_Xamarin.UWP.csproj", "{AD67CE84-2E75-4FF4-A8BB-99925F3CA404}"
EndProject
Project("{FAE04EC0-301F-11D3-BF4B-00C04F79EFBC}") = "App02_Xamarin", "App02_Xamarin\App02_Xamarin\App02_Xamarin.csproj", "{7781F517-9CE4-47D4-9249-F5F9F7FE2C10}"
EndProject
Global
	GlobalSection(SolutionConfigurationPlatforms) = preSolution
		Ad-Hoc|Any CPU = Ad-Hoc|Any CPU
		Ad-Hoc|ARM = Ad-Hoc|ARM
		Ad-Hoc|iPhone = Ad-Hoc|iPhone
		Ad-Hoc|iPhoneSimulator = Ad-Hoc|iPhoneSimulator
		Ad-Hoc|x64 = Ad-Hoc|x64
		Ad-Hoc|x86 = Ad-Hoc|x86
		AppStore|Any CPU = AppStore|Any CPU
		AppStore|ARM = AppStore|ARM
		AppStore|iPhone = AppStore|iPhone
		AppStore|iPhoneSimulator = AppStore|iPhoneSimulator
		AppStore|x64 = AppStore|x64
		AppStore|x86 = AppStore|x86
		Debug|Any CPU = Debug|Any CPU
		Debug|ARM = Debug|ARM
		Debug|iPhone = Debug|iPhone
		Debug|iPhoneSimulator = Debug|iPhoneSimulator
		Debug|x64 = Debug|x64
		Debug|x86 = Debug|x86
		Release|Any CPU = Release|Any CPU
		Release|ARM = Release|ARM
		Release|iPhone = Release|iPhone
		Release|iPhoneSimulator = Release|iPhoneSimulator
		Release|x64 = Release|x64
		Release|x86 = Release|x86
	EndGlobalSection
	GlobalSection(ProjectConfigurationPlatforms) = postSolution
		{3207ED81-3908-47CD-BE93-7C157302BC05}.Ad-Hoc|Any CPU.ActiveCfg = Release|Any CPU
		{3207ED81-3908-47CD-BE93-7C157302BC05}.Ad-Hoc|Any CPU.Build.0 = Release|Any CPU
		{3207ED81-3908-47CD-BE93-7C157302BC05}.Ad-Hoc|Any CPU.Deploy.0 = Release|Any CPU
		{3207ED81-3908-47CD-BE93-7C157302BC05}.Ad-Hoc|ARM.ActiveCfg = Release|Any CPU
		{3207ED81-3908-47CD-BE93-7C157302BC05}.Ad-Hoc|ARM.Build.0 = Release|Any CPU
		{3207ED81-3908-47CD-BE93-7C157302BC05}.Ad-Hoc|ARM.Deploy.0 = Release|Any CPU
		{3207ED81-3908-47CD-BE93-7C157302BC05}.Ad-Hoc|iPhone.ActiveCfg = Release|Any CPU
		{3207ED81-3908-47CD-BE93-7C157302BC05}.Ad-Hoc|iPhone.Build.0 = Release|Any CPU
		{3207ED81-3908-47CD-BE93-7C157302BC05}.Ad-Hoc|iPhone.Deploy.0 = Release|Any CPU
		{3207ED81-3908-47CD-BE93-7C157302BC05}.Ad-Hoc|iPhoneSimulator.ActiveCfg = Release|Any CPU
		{3207ED81-3908-47CD-BE93-7C157302BC05}.Ad-Hoc|iPhoneSimulator.Build.0 = Release|Any CPU
		{3207ED81-3908-47CD-BE93-7C157302BC05}.Ad-Hoc|iPhoneSimulator.Deploy.0 = Release|Any CPU
		{3207ED81-3908-47CD-BE93-7C157302BC05}.Ad-Hoc|x64.ActiveCfg = Release|Any CPU
		{3207ED81-3908-47CD-BE93-7C157302BC05}.Ad-Hoc|x64.Build.0 = Release|Any CPU
		{3207ED81-3908-47CD-BE93-7C157302BC05}.Ad-Hoc|x64.Deploy.0 = Release|Any CPU
		{3207ED81-3908-47CD-BE93-7C157302BC05}.Ad-Hoc|x86.ActiveCfg = Release|Any CPU
		{3207ED81-3908-47CD-BE93-7C157302BC05}.Ad-Hoc|x86.Build.0 = Release|Any CPU
		{3207ED81-3908-47CD-BE93-7C157302BC05}.Ad-Hoc|x86.Deploy.0 = Release|Any CPU
		{3207ED81-3908-47CD-BE93-7C157302BC05}.AppStore|Any CPU.ActiveCfg = Release|Any CPU
		{3207ED81-3908-47CD-BE93-7C157302BC05}.AppStore|Any CPU.Build.0 = Release|Any CPU
		{3207ED81-3908-47CD-BE93-7C157302BC05}.AppStore|Any CPU.Deploy.0 = Release|Any CPU
		{3207ED81-3908-47CD-BE93-7C157302BC05}.AppStore|ARM.ActiveCfg = Release|Any CPU
		{3207ED81-3908-47CD-BE93-7C157302BC05}.AppStore|ARM.Build.0 = Release|Any CPU
		{3207ED81-3908-47CD-BE93-7C157302BC05}.AppStore|ARM.Deploy.0 = Release|Any CPU
		{3207ED81-3908-47CD-BE93-7C157302BC05}.AppStore|iPhone.ActiveCfg = Release|Any CPU
		{3207ED81-3908-47CD-BE93-7C157302BC05}.AppStore|iPhone.Build.0 = Release|Any CPU
		{3207ED81-3908-47CD-BE93-7C157302BC05}.AppStore|iPhone.Deploy.0 = Release|Any CPU
		{3207ED81-3908-47CD-BE93-7C157302BC05}.AppStore|iPhoneSimulator.ActiveCfg = Release|Any CPU
		{3207ED81-3908-47CD-BE93-7C157302BC05}.AppStore|iPhoneSimulator.Build.0 = Release|Any CPU
		{3207ED81-3908-47CD-BE93-7C157302BC05}.AppStore|iPhoneSimulator.Deploy.0 = Release|Any CPU
		{3207ED81-3908-47CD-BE93-7C157302BC05}.AppStore|x64.ActiveCfg = Release|Any CPU
		{3207ED81-3908-47CD-BE93-7C157302BC05}.AppStore|x64.Build.0 = Release|Any CPU
		{3207ED81-3908-47CD-BE93-7C157302BC05}.AppStore|x64.Deploy.0 = Release|Any CPU
		{3207ED81-3908-47CD-BE93-7C157302BC05}.AppStore|x86.ActiveCfg = Release|Any CPU
		{3207ED81-3908-47CD-BE93-7C157302BC05}.AppStore|x86.Build.0 = Release|Any CPU
		{3207ED81-3908-47CD-BE93-7C157302BC05}.AppStore|x86.Deploy.0 = Release|Any CPU
		{3207ED81-3908-47CD-BE93-7C157302BC05}.Debug|Any CPU.ActiveCfg = Debug|Any CPU
		{3207ED81-3908-47CD-BE93-7C157302BC05}.Debug|Any CPU.Build.0 = Debug|Any CPU
		{3207ED81-3908-47CD-BE93-7C157302BC05}.Debug|Any CPU.Deploy.0 = Debug|Any CPU
		{3207ED81-3908-47CD-BE93-7C157302BC05}.Debug|ARM.ActiveCfg = Debug|Any CPU
		{3207ED81-3908-47CD-BE93-7C157302BC05}.Debug|ARM.Build.0 = Debug|Any CPU
		{3207ED81-3908-47CD-BE93-7C157302BC05}.Debug|ARM.Deploy.0 = Debug|Any CPU
		{3207ED81-3908-47CD-BE93-7C157302BC05}.Debug|iPhone.ActiveCfg = Debug|Any CPU
		{3207ED81-3908-47CD-BE93-7C157302BC05}.Debug|iPhone.Build.0 = Debug|Any CPU
		{3207ED81-3908-47CD-BE93-7C157302BC05}.Debug|iPhone.Deploy.0 = Debug|Any CPU
		{3207ED81-3908-47CD-BE93-7C157302BC05}.Debug|iPhoneSimulator.ActiveCfg = Debug|Any CPU
		{3207ED81-3908-47CD-BE93-7C157302BC05}.Debug|iPhoneSimulator.Build.0 = Debug|Any CPU
		{3207ED81-3908-47CD-BE93-7C157302BC05}.Debug|iPhoneSimulator.Deploy.0 = Debug|Any CPU
		{3207ED81-3908-47CD-BE93-7C157302BC05}.Debug|x64.ActiveCfg = Debug|Any CPU
		{3207ED81-3908-47CD-BE93-7C157302BC05}.Debug|x64.Build.0 = Debug|Any CPU
		{3207ED81-3908-47CD-BE93-7C157302BC05}.Debug|x64.Deploy.0 = Debug|Any CPU
		{3207ED81-3908-47CD-BE93-7C157302BC05}.Debug|x86.ActiveCfg = Debug|Any CPU
		{3207ED81-3908-47CD-BE93-7C157302BC05}.Debug|x86.Build.0 = Debug|Any CPU
		{3207ED81-3908-47CD-BE93-7C157302BC05}.Debug|x86.Deploy.0 = Debug|Any CPU
		{3207ED81-3908-47CD-BE93-7C157302BC05}.Release|Any CPU.ActiveCfg = Release|Any CPU
		{3207ED81-3908-47CD-BE93-7C157302BC05}.Release|Any CPU.Build.0 = Release|Any CPU
		{3207ED81-3908-47CD-BE93-7C157302BC05}.Release|Any CPU.Deploy.0 = Release|Any CPU
		{3207ED81-3908-47CD-BE93-7C157302BC05}.Release|ARM.ActiveCfg = Release|Any CPU
		{3207ED81-3908-47CD-BE93-7C157302BC05}.Release|ARM.Build.0 = Release|Any CPU
		{3207ED81-3908-47CD-BE93-7C157302BC05}.Release|ARM.Deploy.0 = Release|Any CPU
		{3207ED81-3908-47CD-BE93-7C157302BC05}.Release|iPhone.ActiveCfg = Release|Any CPU
		{3207ED81-3908-47CD-BE93-7C157302BC05}.Release|iPhone.Build.0 = Release|Any CPU
		{3207ED81-3908-47CD-BE93-7C157302BC05}.Release|iPhone.Deploy.0 = Release|Any CPU
		{3207ED81-3908-47CD-BE93-7C157302BC05}.Release|iPhoneSimulator.ActiveCfg = Release|Any CPU
		{3207ED81-3908-47CD-BE93-7C157302BC05}.Release|iPhoneSimulator.Build.0 = Release|Any CPU
		{3207ED81-3908-47CD-BE93-7C157302BC05}.Release|iPhoneSimulator.Deploy.0 = Release|Any CPU
		{3207ED81-3908-47CD-BE93-7C157302BC05}.Release|x64.ActiveCfg = Release|Any CPU
		{3207ED81-3908-47CD-BE93-7C157302BC05}.Release|x64.Build.0 = Release|Any CPU
		{3207ED81-3908-47CD-BE93-7C157302BC05}.Release|x64.Deploy.0 = Release|Any CPU
		{3207ED81-3908-47CD-BE93-7C157302BC05}.Release|x86.ActiveCfg = Release|Any CPU
		{3207ED81-3908-47CD-BE93-7C157302BC05}.Release|x86.Build.0 = Release|Any CPU
		{3207ED81-3908-47CD-BE93-7C157302BC05}.Release|x86.Deploy.0 = Release|Any CPU
		{27626CE4-BF9C-441C-B3A6-DDFFCA41CB3D}.Ad-Hoc|Any CPU.ActiveCfg = Ad-Hoc|iPhone
		{27626CE4-BF9C-441C-B3A6-DDFFCA41CB3D}.Ad-Hoc|Any CPU.Build.0 = Ad-Hoc|iPhone
		{27626CE4-BF9C-441C-B3A6-DDFFCA41CB3D}.Ad-Hoc|Any CPU.Deploy.0 = Ad-Hoc|iPhone
		{27626CE4-BF9C-441C-B3A6-DDFFCA41CB3D}.Ad-Hoc|ARM.ActiveCfg = Ad-Hoc|iPhone
		{27626CE4-BF9C-441C-B3A6-DDFFCA41CB3D}.Ad-Hoc|ARM.Build.0 = Ad-Hoc|iPhone
		{27626CE4-BF9C-441C-B3A6-DDFFCA41CB3D}.Ad-Hoc|ARM.Deploy.0 = Ad-Hoc|iPhone
		{27626CE4-BF9C-441C-B3A6-DDFFCA41CB3D}.Ad-Hoc|iPhone.ActiveCfg = Ad-Hoc|iPhone
		{27626CE4-BF9C-441C-B3A6-DDFFCA41CB3D}.Ad-Hoc|iPhone.Build.0 = Ad-Hoc|iPhone
		{27626CE4-BF9C-441C-B3A6-DDFFCA41CB3D}.Ad-Hoc|iPhone.Deploy.0 = Ad-Hoc|iPhone
		{27626CE4-BF9C-441C-B3A6-DDFFCA41CB3D}.Ad-Hoc|iPhoneSimulator.ActiveCfg = Ad-Hoc|iPhoneSimulator
		{27626CE4-BF9C-441C-B3A6-DDFFCA41CB3D}.Ad-Hoc|iPhoneSimulator.Build.0 = Ad-Hoc|iPhoneSimulator
		{27626CE4-BF9C-441C-B3A6-DDFFCA41CB3D}.Ad-Hoc|iPhoneSimulator.Deploy.0 = Ad-Hoc|iPhoneSimulator
		{27626CE4-BF9C-441C-B3A6-DDFFCA41CB3D}.Ad-Hoc|x64.ActiveCfg = Ad-Hoc|iPhone
		{27626CE4-BF9C-441C-B3A6-DDFFCA41CB3D}.Ad-Hoc|x64.Build.0 = Ad-Hoc|iPhone
		{27626CE4-BF9C-441C-B3A6-DDFFCA41CB3D}.Ad-Hoc|x64.Deploy.0 = Ad-Hoc|iPhone
		{27626CE4-BF9C-441C-B3A6-DDFFCA41CB3D}.Ad-Hoc|x86.ActiveCfg = Ad-Hoc|iPhone
		{27626CE4-BF9C-441C-B3A6-DDFFCA41CB3D}.Ad-Hoc|x86.Build.0 = Ad-Hoc|iPhone
		{27626CE4-BF9C-441C-B3A6-DDFFCA41CB3D}.Ad-Hoc|x86.Deploy.0 = Ad-Hoc|iPhone
		{27626CE4-BF9C-441C-B3A6-DDFFCA41CB3D}.AppStore|Any CPU.ActiveCfg = AppStore|iPhone
		{27626CE4-BF9C-441C-B3A6-DDFFCA41CB3D}.AppStore|Any CPU.Build.0 = AppStore|iPhone
		{27626CE4-BF9C-441C-B3A6-DDFFCA41CB3D}.AppStore|Any CPU.Deploy.0 = AppStore|iPhone
		{27626CE4-BF9C-441C-B3A6-DDFFCA41CB3D}.AppStore|ARM.ActiveCfg = AppStore|iPhone
		{27626CE4-BF9C-441C-B3A6-DDFFCA41CB3D}.AppStore|ARM.Build.0 = AppStore|iPhone
		{27626CE4-BF9C-441C-B3A6-DDFFCA41CB3D}.AppStore|ARM.Deploy.0 = AppStore|iPhone
		{27626CE4-BF9C-441C-B3A6-DDFFCA41CB3D}.AppStore|iPhone.ActiveCfg = AppStore|iPhone
		{27626CE4-BF9C-441C-B3A6-DDFFCA41CB3D}.AppStore|iPhone.Build.0 = AppStore|iPhone
		{27626CE4-BF9C-441C-B3A6-DDFFCA41CB3D}.AppStore|iPhone.Deploy.0 = AppStore|iPhone
		{27626CE4-BF9C-441C-B3A6-DDFFCA41CB3D}.AppStore|iPhoneSimulator.ActiveCfg = AppStore|iPhoneSimulator
		{27626CE4-BF9C-441C-B3A6-DDFFCA41CB3D}.AppStore|iPhoneSimulator.Build.0 = AppStore|iPhoneSimulator
		{27626CE4-BF9C-441C-B3A6-DDFFCA41CB3D}.AppStore|iPhoneSimulator.Deploy.0 = AppStore|iPhoneSimulator
		{27626CE4-BF9C-441C-B3A6-DDFFCA41CB3D}.AppStore|x64.ActiveCfg = AppStore|iPhone
		{27626CE4-BF9C-441C-B3A6-DDFFCA41CB3D}.AppStore|x64.Build.0 = AppStore|iPhone
		{27626CE4-BF9C-441C-B3A6-DDFFCA41CB3D}.AppStore|x64.Deploy.0 = AppStore|iPhone
		{27626CE4-BF9C-441C-B3A6-DDFFCA41CB3D}.AppStore|x86.ActiveCfg = AppStore|iPhone
		{27626CE4-BF9C-441C-B3A6-DDFFCA41CB3D}.AppStore|x86.Build.0 = AppStore|iPhone
		{27626CE4-BF9C-441C-B3A6-DDFFCA41CB3D}.AppStore|x86.Deploy.0 = AppStore|iPhone
		{27626CE4-BF9C-441C-B3A6-DDFFCA41CB3D}.Debug|Any CPU.ActiveCfg = Debug|iPhoneSimulator
		{27626CE4-BF9C-441C-B3A6-DDFFCA41CB3D}.Debug|Any CPU.Build.0 = Debug|iPhoneSimulator
		{27626CE4-BF9C-441C-B3A6-DDFFCA41CB3D}.Debug|Any CPU.Deploy.0 = Debug|iPhoneSimulator
		{27626CE4-BF9C-441C-B3A6-DDFFCA41CB3D}.Debug|ARM.ActiveCfg = Debug|iPhone
		{27626CE4-BF9C-441C-B3A6-DDFFCA41CB3D}.Debug|ARM.Build.0 = Debug|iPhone
		{27626CE4-BF9C-441C-B3A6-DDFFCA41CB3D}.Debug|ARM.Deploy.0 = Debug|iPhone
		{27626CE4-BF9C-441C-B3A6-DDFFCA41CB3D}.Debug|iPhone.ActiveCfg = Debug|iPhone
		{27626CE4-BF9C-441C-B3A6-DDFFCA41CB3D}.Debug|iPhone.Build.0 = Debug|iPhone
		{27626CE4-BF9C-441C-B3A6-DDFFCA41CB3D}.Debug|iPhone.Deploy.0 = Debug|iPhone
		{27626CE4-BF9C-441C-B3A6-DDFFCA41CB3D}.Debug|iPhoneSimulator.ActiveCfg = Debug|iPhoneSimulator
		{27626CE4-BF9C-441C-B3A6-DDFFCA41CB3D}.Debug|iPhoneSimulator.Build.0 = Debug|iPhoneSimulator
		{27626CE4-BF9C-441C-B3A6-DDFFCA41CB3D}.Debug|iPhoneSimulator.Deploy.0 = Debug|iPhoneSimulator
		{27626CE4-BF9C-441C-B3A6-DDFFCA41CB3D}.Debug|x64.ActiveCfg = Debug|iPhone
		{27626CE4-BF9C-441C-B3A6-DDFFCA41CB3D}.Debug|x64.Build.0 = Debug|iPhone
		{27626CE4-BF9C-441C-B3A6-DDFFCA41CB3D}.Debug|x64.Deploy.0 = Debug|iPhone
		{27626CE4-BF9C-441C-B3A6-DDFFCA41CB3D}.Debug|x86.ActiveCfg = Debug|iPhone
		{27626CE4-BF9C-441C-B3A6-DDFFCA41CB3D}.Debug|x86.Build.0 = Debug|iPhone
		{27626CE4-BF9C-441C-B3A6-DDFFCA41CB3D}.Debug|x86.Deploy.0 = Debug|iPhone
		{27626CE4-BF9C-441C-B3A6-DDFFCA41CB3D}.Release|Any CPU.ActiveCfg = Release|iPhone
		{27626CE4-BF9C-441C-B3A6-DDFFCA41CB3D}.Release|Any CPU.Build.0 = Release|iPhone
		{27626CE4-BF9C-441C-B3A6-DDFFCA41CB3D}.Release|Any CPU.Deploy.0 = Release|iPhone
		{27626CE4-BF9C-441C-B3A6-DDFFCA41CB3D}.Release|ARM.ActiveCfg = Release|iPhone
		{27626CE4-BF9C-441C-B3A6-DDFFCA41CB3D}.Release|ARM.Build.0 = Release|iPhone
		{27626CE4-BF9C-441C-B3A6-DDFFCA41CB3D}.Release|ARM.Deploy.0 = Release|iPhone
		{27626CE4-BF9C-441C-B3A6-DDFFCA41CB3D}.Release|iPhone.ActiveCfg = Release|iPhone
		{27626CE4-BF9C-441C-B3A6-DDFFCA41CB3D}.Release|iPhone.Build.0 = Release|iPhone
		{27626CE4-BF9C-441C-B3A6-DDFFCA41CB3D}.Release|iPhone.Deploy.0 = Release|iPhone
		{27626CE4-BF9C-441C-B3A6-DDFFCA41CB3D}.Release|iPhoneSimulator.ActiveCfg = Release|iPhoneSimulator
		{27626CE4-BF9C-441C-B3A6-DDFFCA41CB3D}.Release|iPhoneSimulator.Build.0 = Release|iPhoneSimulator
		{27626CE4-BF9C-441C-B3A6-DDFFCA41CB3D}.Release|iPhoneSimulator.Deploy.0 = Release|iPhoneSimulator
		{27626CE4-BF9C-441C-B3A6-DDFFCA41CB3D}.Release|x64.ActiveCfg = Release|iPhone
		{27626CE4-BF9C-441C-B3A6-DDFFCA41CB3D}.Release|x64.Build.0 = Release|iPhone
		{27626CE4-BF9C-441C-B3A6-DDFFCA41CB3D}.Release|x64.Deploy.0 = Release|iPhone
		{27626CE4-BF9C-441C-B3A6-DDFFCA41CB3D}.Release|x86.ActiveCfg = Release|iPhone
		{27626CE4-BF9C-441C-B3A6-DDFFCA41CB3D}.Release|x86.Build.0 = Release|iPhone
		{27626CE4-BF9C-441C-B3A6-DDFFCA41CB3D}.Release|x86.Deploy.0 = Release|iPhone
		{AD67CE84-2E75-4FF4-A8BB-99925F3CA404}.Ad-Hoc|Any CPU.ActiveCfg = Release|x86
		{AD67CE84-2E75-4FF4-A8BB-99925F3CA404}.Ad-Hoc|Any CPU.Build.0 = Release|x86
		{AD67CE84-2E75-4FF4-A8BB-99925F3CA404}.Ad-Hoc|Any CPU.Deploy.0 = Release|x86
		{AD67CE84-2E75-4FF4-A8BB-99925F3CA404}.Ad-Hoc|ARM.ActiveCfg = Release|ARM
		{AD67CE84-2E75-4FF4-A8BB-99925F3CA404}.Ad-Hoc|ARM.Build.0 = Release|ARM
		{AD67CE84-2E75-4FF4-A8BB-99925F3CA404}.Ad-Hoc|ARM.Deploy.0 = Release|ARM
		{AD67CE84-2E75-4FF4-A8BB-99925F3CA404}.Ad-Hoc|iPhone.ActiveCfg = Release|x86
		{AD67CE84-2E75-4FF4-A8BB-99925F3CA404}.Ad-Hoc|iPhone.Build.0 = Release|x86
		{AD67CE84-2E75-4FF4-A8BB-99925F3CA404}.Ad-Hoc|iPhone.Deploy.0 = Release|x86
		{AD67CE84-2E75-4FF4-A8BB-99925F3CA404}.Ad-Hoc|iPhoneSimulator.ActiveCfg = Release|x86
		{AD67CE84-2E75-4FF4-A8BB-99925F3CA404}.Ad-Hoc|iPhoneSimulator.Build.0 = Release|x86
		{AD67CE84-2E75-4FF4-A8BB-99925F3CA404}.Ad-Hoc|iPhoneSimulator.Deploy.0 = Release|x86
		{AD67CE84-2E75-4FF4-A8BB-99925F3CA404}.Ad-Hoc|x64.ActiveCfg = Release|x64
		{AD67CE84-2E75-4FF4-A8BB-99925F3CA404}.Ad-Hoc|x64.Build.0 = Release|x64
		{AD67CE84-2E75-4FF4-A8BB-99925F3CA404}.Ad-Hoc|x64.Deploy.0 = Release|x64
		{AD67CE84-2E75-4FF4-A8BB-99925F3CA404}.Ad-Hoc|x86.ActiveCfg = Release|x86
		{AD67CE84-2E75-4FF4-A8BB-99925F3CA404}.Ad-Hoc|x86.Build.0 = Release|x86
		{AD67CE84-2E75-4FF4-A8BB-99925F3CA404}.Ad-Hoc|x86.Deploy.0 = Release|x86
		{AD67CE84-2E75-4FF4-A8BB-99925F3CA404}.AppStore|Any CPU.ActiveCfg = Release|x86
		{AD67CE84-2E75-4FF4-A8BB-99925F3CA404}.AppStore|Any CPU.Build.0 = Release|x86
		{AD67CE84-2E75-4FF4-A8BB-99925F3CA404}.AppStore|Any CPU.Deploy.0 = Release|x86
		{AD67CE84-2E75-4FF4-A8BB-99925F3CA404}.AppStore|ARM.ActiveCfg = Release|ARM
		{AD67CE84-2E75-4FF4-A8BB-99925F3CA404}.AppStore|ARM.Build.0 = Release|ARM
		{AD67CE84-2E75-4FF4-A8BB-99925F3CA404}.AppStore|ARM.Deploy.0 = Release|ARM
		{AD67CE84-2E75-4FF4-A8BB-99925F3CA404}.AppStore|iPhone.ActiveCfg = Release|x86
		{AD67CE84-2E75-4FF4-A8BB-99925F3CA404}.AppStore|iPhone.Build.0 = Release|x86
		{AD67CE84-2E75-4FF4-A8BB-99925F3CA404}.AppStore|iPhone.Deploy.0 = Release|x86
		{AD67CE84-2E75-4FF4-A8BB-99925F3CA404}.AppStore|iPhoneSimulator.ActiveCfg = Release|x86
		{AD67CE84-2E75-4FF4-A8BB-99925F3CA404}.AppStore|iPhoneSimulator.Build.0 = Release|x86
		{AD67CE84-2E75-4FF4-A8BB-99925F3CA404}.AppStore|iPhoneSimulator.Deploy.0 = Release|x86
		{AD67CE84-2E75-4FF4-A8BB-99925F3CA404}.AppStore|x64.ActiveCfg = Release|x64
		{AD67CE84-2E75-4FF4-A8BB-99925F3CA404}.AppStore|x64.Build.0 = Release|x64
		{AD67CE84-2E75-4FF4-A8BB-99925F3CA404}.AppStore|x64.Deploy.0 = Release|x64
		{AD67CE84-2E75-4FF4-A8BB-99925F3CA404}.AppStore|x86.ActiveCfg = Release|x86
		{AD67CE84-2E75-4FF4-A8BB-99925F3CA404}.AppStore|x86.Build.0 = Release|x86
		{AD67CE84-2E75-4FF4-A8BB-99925F3CA404}.AppStore|x86.Deploy.0 = Release|x86
		{AD67CE84-2E75-4FF4-A8BB-99925F3CA404}.Debug|Any CPU.ActiveCfg = Debug|x86
		{AD67CE84-2E75-4FF4-A8BB-99925F3CA404}.Debug|Any CPU.Build.0 = Debug|x86
		{AD67CE84-2E75-4FF4-A8BB-99925F3CA404}.Debug|Any CPU.Deploy.0 = Debug|x86
		{AD67CE84-2E75-4FF4-A8BB-99925F3CA404}.Debug|ARM.ActiveCfg = Debug|ARM
		{AD67CE84-2E75-4FF4-A8BB-99925F3CA404}.Debug|ARM.Build.0 = Debug|ARM
		{AD67CE84-2E75-4FF4-A8BB-99925F3CA404}.Debug|ARM.Deploy.0 = Debug|ARM
		{AD67CE84-2E75-4FF4-A8BB-99925F3CA404}.Debug|iPhone.ActiveCfg = Debug|x86
		{AD67CE84-2E75-4FF4-A8BB-99925F3CA404}.Debug|iPhone.Build.0 = Debug|x86
		{AD67CE84-2E75-4FF4-A8BB-99925F3CA404}.Debug|iPhone.Deploy.0 = Debug|x86
		{AD67CE84-2E75-4FF4-A8BB-99925F3CA404}.Debug|iPhoneSimulator.ActiveCfg = Debug|x86
		{AD67CE84-2E75-4FF4-A8BB-99925F3CA404}.Debug|iPhoneSimulator.Build.0 = Debug|x86
		{AD67CE84-2E75-4FF4-A8BB-99925F3CA404}.Debug|iPhoneSimulator.Deploy.0 = Debug|x86
		{AD67CE84-2E75-4FF4-A8BB-99925F3CA404}.Debug|x64.ActiveCfg = Debug|x64
		{AD67CE84-2E75-4FF4-A8BB-99925F3CA404}.Debug|x64.Build.0 = Debug|x64
		{AD67CE84-2E75-4FF4-A8BB-99925F3CA404}.Debug|x64.Deploy.0 = Debug|x64
		{AD67CE84-2E75-4FF4-A8BB-99925F3CA404}.Debug|x86.ActiveCfg = Debug|x86
		{AD67CE84-2E75-4FF4-A8BB-99925F3CA404}.Debug|x86.Build.0 = Debug|x86
		{AD67CE84-2E75-4FF4-A8BB-99925F3CA404}.Debug|x86.Deploy.0 = Debug|x86
		{AD67CE84-2E75-4FF4-A8BB-99925F3CA404}.Release|Any CPU.ActiveCfg = Release|x86
		{AD67CE84-2E75-4FF4-A8BB-99925F3CA404}.Release|Any CPU.Build.0 = Release|x86
		{AD67CE84-2E75-4FF4-A8BB-99925F3CA404}.Release|Any CPU.Deploy.0 = Release|x86
		{AD67CE84-2E75-4FF4-A8BB-99925F3CA404}.Release|ARM.ActiveCfg = Release|ARM
		{AD67CE84-2E75-4FF4-A8BB-99925F3CA404}.Release|ARM.Build.0 = Release|ARM
		{AD67CE84-2E75-4FF4-A8BB-99925F3CA404}.Release|ARM.Deploy.0 = Release|ARM
		{AD67CE84-2E75-4FF4-A8BB-99925F3CA404}.Release|iPhone.ActiveCfg = Release|x86
		{AD67CE84-2E75-4FF4-A8BB-99925F3CA404}.Release|iPhone.Build.0 = Release|x86
		{AD67CE84-2E75-4FF4-A8BB-99925F3CA404}.Release|iPhone.Deploy.0 = Release|x86
		{AD67CE84-2E75-4FF4-A8BB-99925F3CA404}.Release|iPhoneSimulator.ActiveCfg = Release|x86
		{AD67CE84-2E75-4FF4-A8BB-99925F3CA404}.Release|iPhoneSimulator.Build.0 = Release|x86
		{AD67CE84-2E75-4FF4-A8BB-99925F3CA404}.Release|iPhoneSimulator.Deploy.0 = Release|x86
		{AD67CE84-2E75-4FF4-A8BB-99925F3CA404}.Release|x64.ActiveCfg = Release|x64
		{AD67CE84-2E75-4FF4-A8BB-99925F3CA404}.Release|x64.Build.0 = Release|x64
		{AD67CE84-2E75-4FF4-A8BB-99925F3CA404}.Release|x64.Deploy.0 = Release|x64
		{AD67CE84-2E75-4FF4-A8BB-99925F3CA404}.Release|x86.ActiveCfg = Release|x86
		{AD67CE84-2E75-4FF4-A8BB-99925F3CA404}.Release|x86.Build.0 = Release|x86
		{AD67CE84-2E75-4FF4-A8BB-99925F3CA404}.Release|x86.Deploy.0 = Release|x86
		{7781F517-9CE4-47D4-9249-F5F9F7FE2C10}.Ad-Hoc|Any CPU.ActiveCfg = Debug|Any CPU
		{7781F517-9CE4-47D4-9249-F5F9F7FE2C10}.Ad-Hoc|Any CPU.Build.0 = Debug|Any CPU
		{7781F517-9CE4-47D4-9249-F5F9F7FE2C10}.Ad-Hoc|Any CPU.Deploy.0 = Debug|Any CPU
		{7781F517-9CE4-47D4-9249-F5F9F7FE2C10}.Ad-Hoc|ARM.ActiveCfg = Debug|Any CPU
		{7781F517-9CE4-47D4-9249-F5F9F7FE2C10}.Ad-Hoc|ARM.Build.0 = Debug|Any CPU
		{7781F517-9CE4-47D4-9249-F5F9F7FE2C10}.Ad-Hoc|ARM.Deploy.0 = Debug|Any CPU
		{7781F517-9CE4-47D4-9249-F5F9F7FE2C10}.Ad-Hoc|iPhone.ActiveCfg = Debug|Any CPU
		{7781F517-9CE4-47D4-9249-F5F9F7FE2C10}.Ad-Hoc|iPhone.Build.0 = Debug|Any CPU
		{7781F517-9CE4-47D4-9249-F5F9F7FE2C10}.Ad-Hoc|iPhone.Deploy.0 = Debug|Any CPU
		{7781F517-9CE4-47D4-9249-F5F9F7FE2C10}.Ad-Hoc|iPhoneSimulator.ActiveCfg = Debug|Any CPU
		{7781F517-9CE4-47D4-9249-F5F9F7FE2C10}.Ad-Hoc|iPhoneSimulator.Build.0 = Debug|Any CPU
		{7781F517-9CE4-47D4-9249-F5F9F7FE2C10}.Ad-Hoc|iPhoneSimulator.Deploy.0 = Debug|Any CPU
		{7781F517-9CE4-47D4-9249-F5F9F7FE2C10}.Ad-Hoc|x64.ActiveCfg = Debug|Any CPU
		{7781F517-9CE4-47D4-9249-F5F9F7FE2C10}.Ad-Hoc|x64.Build.0 = Debug|Any CPU
		{7781F517-9CE4-47D4-9249-F5F9F7FE2C10}.Ad-Hoc|x64.Deploy.0 = Debug|Any CPU
		{7781F517-9CE4-47D4-9249-F5F9F7FE2C10}.Ad-Hoc|x86.ActiveCfg = Debug|Any CPU
		{7781F517-9CE4-47D4-9249-F5F9F7FE2C10}.Ad-Hoc|x86.Build.0 = Debug|Any CPU
		{7781F517-9CE4-47D4-9249-F5F9F7FE2C10}.Ad-Hoc|x86.Deploy.0 = Debug|Any CPU
		{7781F517-9CE4-47D4-9249-F5F9F7FE2C10}.AppStore|Any CPU.ActiveCfg = Debug|Any CPU
		{7781F517-9CE4-47D4-9249-F5F9F7FE2C10}.AppStore|Any CPU.Build.0 = Debug|Any CPU
		{7781F517-9CE4-47D4-9249-F5F9F7FE2C10}.AppStore|Any CPU.Deploy.0 = Debug|Any CPU
		{7781F517-9CE4-47D4-9249-F5F9F7FE2C10}.AppStore|ARM.ActiveCfg = Debug|Any CPU
		{7781F517-9CE4-47D4-9249-F5F9F7FE2C10}.AppStore|ARM.Build.0 = Debug|Any CPU
		{7781F517-9CE4-47D4-9249-F5F9F7FE2C10}.AppStore|ARM.Deploy.0 = Debug|Any CPU
		{7781F517-9CE4-47D4-9249-F5F9F7FE2C10}.AppStore|iPhone.ActiveCfg = Debug|Any CPU
		{7781F517-9CE4-47D4-9249-F5F9F7FE2C10}.AppStore|iPhone.Build.0 = Debug|Any CPU
		{7781F517-9CE4-47D4-9249-F5F9F7FE2C10}.AppStore|iPhone.Deploy.0 = Debug|Any CPU
		{7781F517-9CE4-47D4-9249-F5F9F7FE2C10}.AppStore|iPhoneSimulator.ActiveCfg = Debug|Any CPU
		{7781F517-9CE4-47D4-9249-F5F9F7FE2C10}.AppStore|iPhoneSimulator.Build.0 = Debug|Any CPU
		{7781F517-9CE4-47D4-9249-F5F9F7FE2C10}.AppStore|iPhoneSimulator.Deploy.0 = Debug|Any CPU
		{7781F517-9CE4-47D4-9249-F5F9F7FE2C10}.AppStore|x64.ActiveCfg = Debug|Any CPU
		{7781F517-9CE4-47D4-9249-F5F9F7FE2C10}.AppStore|x64.Build.0 = Debug|Any CPU
		{7781F517-9CE4-47D4-9249-F5F9F7FE2C10}.AppStore|x64.Deploy.0 = Debug|Any CPU
		{7781F517-9CE4-47D4-9249-F5F9F7FE2C10}.AppStore|x86.ActiveCfg = Debug|Any CPU
		{7781F517-9CE4-47D4-9249-F5F9F7FE2C10}.AppStore|x86.Build.0 = Debug|Any CPU
		{7781F517-9CE4-47D4-9249-F5F9F7FE2C10}.AppStore|x86.Deploy.0 = Debug|Any CPU
		{7781F517-9CE4-47D4-9249-F5F9F7FE2C10}.Debug|Any CPU.ActiveCfg = Debug|Any CPU
		{7781F517-9CE4-47D4-9249-F5F9F7FE2C10}.Debug|Any CPU.Build.0 = Debug|Any CPU
		{7781F517-9CE4-47D4-9249-F5F9F7FE2C10}.Debug|Any CPU.Deploy.0 = Debug|Any CPU
		{7781F517-9CE4-47D4-9249-F5F9F7FE2C10}.Debug|ARM.ActiveCfg = Debug|Any CPU
		{7781F517-9CE4-47D4-9249-F5F9F7FE2C10}.Debug|ARM.Build.0 = Debug|Any CPU
		{7781F517-9CE4-47D4-9249-F5F9F7FE2C10}.Debug|ARM.Deploy.0 = Debug|Any CPU
		{7781F517-9CE4-47D4-9249-F5F9F7FE2C10}.Debug|iPhone.ActiveCfg = Debug|Any CPU
		{7781F517-9CE4-47D4-9249-F5F9F7FE2C10}.Debug|iPhone.Build.0 = Debug|Any CPU
		{7781F517-9CE4-47D4-9249-F5F9F7FE2C10}.Debug|iPhone.Deploy.0 = Debug|Any CPU
		{7781F517-9CE4-47D4-9249-F5F9F7FE2C10}.Debug|iPhoneSimulator.ActiveCfg = Debug|Any CPU
		{7781F517-9CE4-47D4-9249-F5F9F7FE2C10}.Debug|iPhoneSimulator.Build.0 = Debug|Any CPU
		{7781F517-9CE4-47D4-9249-F5F9F7FE2C10}.Debug|iPhoneSimulator.Deploy.0 = Debug|Any CPU
		{7781F517-9CE4-47D4-9249-F5F9F7FE2C10}.Debug|x64.ActiveCfg = Debug|Any CPU
		{7781F517-9CE4-47D4-9249-F5F9F7FE2C10}.Debug|x64.Build.0 = Debug|Any CPU
		{7781F517-9CE4-47D4-9249-F5F9F7FE2C10}.Debug|x64.Deploy.0 = Debug|Any CPU
		{7781F517-9CE4-47D4-9249-F5F9F7FE2C10}.Debug|x86.ActiveCfg = Debug|Any CPU
		{7781F517-9CE4-47D4-9249-F5F9F7FE2C10}.Debug|x86.Build.0 = Debug|Any CPU
		{7781F517-9CE4-47D4-9249-F5F9F7FE2C10}.Debug|x86.Deploy.0 = Debug|Any CPU
		{7781F517-9CE4-47D4-9249-F5F9F7FE2C10}.Release|Any CPU.ActiveCfg = Release|Any CPU
		{7781F517-9CE4-47D4-9249-F5F9F7FE2C10}.Release|Any CPU.Build.0 = Release|Any CPU
		{7781F517-9CE4-47D4-9249-F5F9F7FE2C10}.Release|Any CPU.Deploy.0 = Release|Any CPU
		{7781F517-9CE4-47D4-9249-F5F9F7FE2C10}.Release|ARM.ActiveCfg = Release|Any CPU
		{7781F517-9CE4-47D4-9249-F5F9F7FE2C10}.Release|ARM.Build.0 = Release|Any CPU
		{7781F517-9CE4-47D4-9249-F5F9F7FE2C10}.Release|ARM.Deploy.0 = Release|Any CPU
		{7781F517-9CE4-47D4-9249-F5F9F7FE2C10}.Release|iPhone.ActiveCfg = Release|Any CPU
		{7781F517-9CE4-47D4-9249-F5F9F7FE2C10}.Release|iPhone.Build.0 = Release|Any CPU
		{7781F517-9CE4-47D4-9249-F5F9F7FE2C10}.Release|iPhone.Deploy.0 = Release|Any CPU
		{7781F517-9CE4-47D4-9249-F5F9F7FE2C10}.Release|iPhoneSimulator.ActiveCfg = Release|Any CPU
		{7781F517-9CE4-47D4-9249-F5F9F7FE2C10}.Release|iPhoneSimulator.Build.0 = Release|Any CPU
		{7781F517-9CE4-47D4-9249-F5F9F7FE2C10}.Release|iPhoneSimulator.Deploy.0 = Release|Any CPU
		{7781F517-9CE4-47D4-9249-F5F9F7FE2C10}.Release|x64.ActiveCfg = Release|Any CPU
		{7781F517-9CE4-47D4-9249-F5F9F7FE2C10}.Release|x64.Build.0 = Release|Any CPU
		{7781F517-9CE4-47D4-9249-F5F9F7FE2C10}.Release|x64.Deploy.0 = Release|Any CPU
		{7781F517-9CE4-47D4-9249-F5F9F7FE2C10}.Release|x86.ActiveCfg = Release|Any CPU
		{7781F517-9CE4-47D4-9249-F5F9F7FE2C10}.Release|x86.Build.0 = Release|Any CPU
		{7781F517-9CE4-47D4-9249-F5F9F7FE2C10}.Release|x86.Deploy.0 = Release|Any CPU
	EndGlobalSection
	GlobalSection(SolutionProperties) = preSolution
		HideSolutionNode = FALSE
	EndGlobalSection
	GlobalSection(ExtensibilityGlobals) = postSolution
		SolutionGuid = {D2B572B7-C123-45B3-9643-760417E2BA7A}
	EndGlobalSection
EndGlobal
