
Microsoft Visual Studio Solution File, Format Version 12.00
# Visual Studio Version 16
VisualStudioVersion = 16.0.28315.86
MinimumVisualStudioVersion = 10.0.40219.1
Project("{FAE04EC0-301F-11D3-BF4B-00C04F79EFBC}") = "App1Vagas.UWP", "App1Vagas\App1Vagas.UWP\App1Vagas.UWP.csproj", "{20CFD867-6EF1-4C6E-ABD9-FBD3B510776A}"
EndProject
Project("{FAE04EC0-301F-11D3-BF4B-00C04F79EFBC}") = "App1Vagas.Android", "App1Vagas\App1Vagas.Android\App1Vagas.Android.csproj", "{5A84E0CA-B67D-4647-9DD2-245C71EE3CFE}"
EndProject
Project("{FAE04EC0-301F-11D3-BF4B-00C04F79EFBC}") = "App1Vagas.iOS", "App1Vagas\App1Vagas.iOS\App1Vagas.iOS.csproj", "{83783427-F4E2-4364-B27A-CEC87C42B8BF}"
EndProject
Project("{FAE04EC0-301F-11D3-BF4B-00C04F79EFBC}") = "App1Vagas", "App1Vagas\App1Vagas\App1Vagas.csproj", "{7CD62B63-1700-419A-891C-D9D85B61203E}"
EndProject
Global
	GlobalSection(SolutionConfigurationPlatforms) = preSolution
		Ad-Hoc|Any CPU = Ad-Hoc|Any CPU
		Ad-Hoc|ARM = Ad-Hoc|ARM
		Ad-Hoc|iPhone = Ad-Hoc|iPhone
		Ad-Hoc|iPhoneSimulator = Ad-Hoc|iPhoneSimulator
		Ad-Hoc|x64 = Ad-Hoc|x64
		Ad-Hoc|x86 = Ad-Hoc|x86
		AppStore|Any CPU = AppStore|Any CPU
		AppStore|ARM = AppStore|ARM
		AppStore|iPhone = AppStore|iPhone
		AppStore|iPhoneSimulator = AppStore|iPhoneSimulator
		AppStore|x64 = AppStore|x64
		AppStore|x86 = AppStore|x86
		Debug|Any CPU = Debug|Any CPU
		Debug|ARM = Debug|ARM
		Debug|iPhone = Debug|iPhone
		Debug|iPhoneSimulator = Debug|iPhoneSimulator
		Debug|x64 = Debug|x64
		Debug|x86 = Debug|x86
		Release|Any CPU = Release|Any CPU
		Release|ARM = Release|ARM
		Release|iPhone = Release|iPhone
		Release|iPhoneSimulator = Release|iPhoneSimulator
		Release|x64 = Release|x64
		Release|x86 = Release|x86
	EndGlobalSection
	GlobalSection(ProjectConfigurationPlatforms) = postSolution
		{20CFD867-6EF1-4C6E-ABD9-FBD3B510776A}.Ad-Hoc|Any CPU.ActiveCfg = Release|x86
		{20CFD867-6EF1-4C6E-ABD9-FBD3B510776A}.Ad-Hoc|Any CPU.Build.0 = Release|x86
		{20CFD867-6EF1-4C6E-ABD9-FBD3B510776A}.Ad-Hoc|Any CPU.Deploy.0 = Release|x86
		{20CFD867-6EF1-4C6E-ABD9-FBD3B510776A}.Ad-Hoc|ARM.ActiveCfg = Release|ARM
		{20CFD867-6EF1-4C6E-ABD9-FBD3B510776A}.Ad-Hoc|ARM.Build.0 = Release|ARM
		{20CFD867-6EF1-4C6E-ABD9-FBD3B510776A}.Ad-Hoc|ARM.Deploy.0 = Release|ARM
		{20CFD867-6EF1-4C6E-ABD9-FBD3B510776A}.Ad-Hoc|iPhone.ActiveCfg = Release|x86
		{20CFD867-6EF1-4C6E-ABD9-FBD3B510776A}.Ad-Hoc|iPhone.Build.0 = Release|x86
		{20CFD867-6EF1-4C6E-ABD9-FBD3B510776A}.Ad-Hoc|iPhone.Deploy.0 = Release|x86
		{20CFD867-6EF1-4C6E-ABD9-FBD3B510776A}.Ad-Hoc|iPhoneSimulator.ActiveCfg = Release|x86
		{20CFD867-6EF1-4C6E-ABD9-FBD3B510776A}.Ad-Hoc|iPhoneSimulator.Build.0 = Release|x86
		{20CFD867-6EF1-4C6E-ABD9-FBD3B510776A}.Ad-Hoc|iPhoneSimulator.Deploy.0 = Release|x86
		{20CFD867-6EF1-4C6E-ABD9-FBD3B510776A}.Ad-Hoc|x64.ActiveCfg = Release|x64
		{20CFD867-6EF1-4C6E-ABD9-FBD3B510776A}.Ad-Hoc|x64.Build.0 = Release|x64
		{20CFD867-6EF1-4C6E-ABD9-FBD3B510776A}.Ad-Hoc|x64.Deploy.0 = Release|x64
		{20CFD867-6EF1-4C6E-ABD9-FBD3B510776A}.Ad-Hoc|x86.ActiveCfg = Release|x86
		{20CFD867-6EF1-4C6E-ABD9-FBD3B510776A}.Ad-Hoc|x86.Build.0 = Release|x86
		{20CFD867-6EF1-4C6E-ABD9-FBD3B510776A}.Ad-Hoc|x86.Deploy.0 = Release|x86
		{20CFD867-6EF1-4C6E-ABD9-FBD3B510776A}.AppStore|Any CPU.ActiveCfg = Release|x86
		{20CFD867-6EF1-4C6E-ABD9-FBD3B510776A}.AppStore|Any CPU.Build.0 = Release|x86
		{20CFD867-6EF1-4C6E-ABD9-FBD3B510776A}.AppStore|Any CPU.Deploy.0 = Release|x86
		{20CFD867-6EF1-4C6E-ABD9-FBD3B510776A}.AppStore|ARM.ActiveCfg = Release|ARM
		{20CFD867-6EF1-4C6E-ABD9-FBD3B510776A}.AppStore|ARM.Build.0 = Release|ARM
		{20CFD867-6EF1-4C6E-ABD9-FBD3B510776A}.AppStore|ARM.Deploy.0 = Release|ARM
		{20CFD867-6EF1-4C6E-ABD9-FBD3B510776A}.AppStore|iPhone.ActiveCfg = Release|x86
		{20CFD867-6EF1-4C6E-ABD9-FBD3B510776A}.AppStore|iPhone.Build.0 = Release|x86
		{20CFD867-6EF1-4C6E-ABD9-FBD3B510776A}.AppStore|iPhone.Deploy.0 = Release|x86
		{20CFD867-6EF1-4C6E-ABD9-FBD3B510776A}.AppStore|iPhoneSimulator.ActiveCfg = Release|x86
		{20CFD867-6EF1-4C6E-ABD9-FBD3B510776A}.AppStore|iPhoneSimulator.Build.0 = Release|x86
		{20CFD867-6EF1-4C6E-ABD9-FBD3B510776A}.AppStore|iPhoneSimulator.Deploy.0 = Release|x86
		{20CFD867-6EF1-4C6E-ABD9-FBD3B510776A}.AppStore|x64.ActiveCfg = Release|x64
		{20CFD867-6EF1-4C6E-ABD9-FBD3B510776A}.AppStore|x64.Build.0 = Release|x64
		{20CFD867-6EF1-4C6E-ABD9-FBD3B510776A}.AppStore|x64.Deploy.0 = Release|x64
		{20CFD867-6EF1-4C6E-ABD9-FBD3B510776A}.AppStore|x86.ActiveCfg = Release|x86
		{20CFD867-6EF1-4C6E-ABD9-FBD3B510776A}.AppStore|x86.Build.0 = Release|x86
		{20CFD867-6EF1-4C6E-ABD9-FBD3B510776A}.AppStore|x86.Deploy.0 = Release|x86
		{20CFD867-6EF1-4C6E-ABD9-FBD3B510776A}.Debug|Any CPU.ActiveCfg = Debug|x86
		{20CFD867-6EF1-4C6E-ABD9-FBD3B510776A}.Debug|Any CPU.Build.0 = Debug|x86
		{20CFD867-6EF1-4C6E-ABD9-FBD3B510776A}.Debug|Any CPU.Deploy.0 = Debug|x86
		{20CFD867-6EF1-4C6E-ABD9-FBD3B510776A}.Debug|ARM.ActiveCfg = Debug|ARM
		{20CFD867-6EF1-4C6E-ABD9-FBD3B510776A}.Debug|ARM.Build.0 = Debug|ARM
		{20CFD867-6EF1-4C6E-ABD9-FBD3B510776A}.Debug|ARM.Deploy.0 = Debug|ARM
		{20CFD867-6EF1-4C6E-ABD9-FBD3B510776A}.Debug|iPhone.ActiveCfg = Debug|x86
		{20CFD867-6EF1-4C6E-ABD9-FBD3B510776A}.Debug|iPhone.Build.0 = Debug|x86
		{20CFD867-6EF1-4C6E-ABD9-FBD3B510776A}.Debug|iPhone.Deploy.0 = Debug|x86
		{20CFD867-6EF1-4C6E-ABD9-FBD3B510776A}.Debug|iPhoneSimulator.ActiveCfg = Debug|x86
		{20CFD867-6EF1-4C6E-ABD9-FBD3B510776A}.Debug|iPhoneSimulator.Build.0 = Debug|x86
		{20CFD867-6EF1-4C6E-ABD9-FBD3B510776A}.Debug|iPhoneSimulator.Deploy.0 = Debug|x86
		{20CFD867-6EF1-4C6E-ABD9-FBD3B510776A}.Debug|x64.ActiveCfg = Debug|x64
		{20CFD867-6EF1-4C6E-ABD9-FBD3B510776A}.Debug|x64.Build.0 = Debug|x64
		{20CFD867-6EF1-4C6E-ABD9-FBD3B510776A}.Debug|x64.Deploy.0 = Debug|x64
		{20CFD867-6EF1-4C6E-ABD9-FBD3B510776A}.Debug|x86.ActiveCfg = Debug|x86
		{20CFD867-6EF1-4C6E-ABD9-FBD3B510776A}.Debug|x86.Build.0 = Debug|x86
		{20CFD867-6EF1-4C6E-ABD9-FBD3B510776A}.Debug|x86.Deploy.0 = Debug|x86
		{20CFD867-6EF1-4C6E-ABD9-FBD3B510776A}.Release|Any CPU.ActiveCfg = Release|x86
		{20CFD867-6EF1-4C6E-ABD9-FBD3B510776A}.Release|Any CPU.Build.0 = Release|x86
		{20CFD867-6EF1-4C6E-ABD9-FBD3B510776A}.Release|Any CPU.Deploy.0 = Release|x86
		{20CFD867-6EF1-4C6E-ABD9-FBD3B510776A}.Release|ARM.ActiveCfg = Release|ARM
		{20CFD867-6EF1-4C6E-ABD9-FBD3B510776A}.Release|ARM.Build.0 = Release|ARM
		{20CFD867-6EF1-4C6E-ABD9-FBD3B510776A}.Release|ARM.Deploy.0 = Release|ARM
		{20CFD867-6EF1-4C6E-ABD9-FBD3B510776A}.Release|iPhone.ActiveCfg = Release|x86
		{20CFD867-6EF1-4C6E-ABD9-FBD3B510776A}.Release|iPhone.Build.0 = Release|x86
		{20CFD867-6EF1-4C6E-ABD9-FBD3B510776A}.Release|iPhone.Deploy.0 = Release|x86
		{20CFD867-6EF1-4C6E-ABD9-FBD3B510776A}.Release|iPhoneSimulator.ActiveCfg = Release|x86
		{20CFD867-6EF1-4C6E-ABD9-FBD3B510776A}.Release|iPhoneSimulator.Build.0 = Release|x86
		{20CFD867-6EF1-4C6E-ABD9-FBD3B510776A}.Release|iPhoneSimulator.Deploy.0 = Release|x86
		{20CFD867-6EF1-4C6E-ABD9-FBD3B510776A}.Release|x64.ActiveCfg = Release|x64
		{20CFD867-6EF1-4C6E-ABD9-FBD3B510776A}.Release|x64.Build.0 = Release|x64
		{20CFD867-6EF1-4C6E-ABD9-FBD3B510776A}.Release|x64.Deploy.0 = Release|x64
		{20CFD867-6EF1-4C6E-ABD9-FBD3B510776A}.Release|x86.ActiveCfg = Release|x86
		{20CFD867-6EF1-4C6E-ABD9-FBD3B510776A}.Release|x86.Build.0 = Release|x86
		{20CFD867-6EF1-4C6E-ABD9-FBD3B510776A}.Release|x86.Deploy.0 = Release|x86
		{5A84E0CA-B67D-4647-9DD2-245C71EE3CFE}.Ad-Hoc|Any CPU.ActiveCfg = Release|Any CPU
		{5A84E0CA-B67D-4647-9DD2-245C71EE3CFE}.Ad-Hoc|Any CPU.Build.0 = Release|Any CPU
		{5A84E0CA-B67D-4647-9DD2-245C71EE3CFE}.Ad-Hoc|Any CPU.Deploy.0 = Release|Any CPU
		{5A84E0CA-B67D-4647-9DD2-245C71EE3CFE}.Ad-Hoc|ARM.ActiveCfg = Release|Any CPU
		{5A84E0CA-B67D-4647-9DD2-245C71EE3CFE}.Ad-Hoc|ARM.Build.0 = Release|Any CPU
		{5A84E0CA-B67D-4647-9DD2-245C71EE3CFE}.Ad-Hoc|ARM.Deploy.0 = Release|Any CPU
		{5A84E0CA-B67D-4647-9DD2-245C71EE3CFE}.Ad-Hoc|iPhone.ActiveCfg = Release|Any CPU
		{5A84E0CA-B67D-4647-9DD2-245C71EE3CFE}.Ad-Hoc|iPhone.Build.0 = Release|Any CPU
		{5A84E0CA-B67D-4647-9DD2-245C71EE3CFE}.Ad-Hoc|iPhone.Deploy.0 = Release|Any CPU
		{5A84E0CA-B67D-4647-9DD2-245C71EE3CFE}.Ad-Hoc|iPhoneSimulator.ActiveCfg = Release|Any CPU
		{5A84E0CA-B67D-4647-9DD2-245C71EE3CFE}.Ad-Hoc|iPhoneSimulator.Build.0 = Release|Any CPU
		{5A84E0CA-B67D-4647-9DD2-245C71EE3CFE}.Ad-Hoc|iPhoneSimulator.Deploy.0 = Release|Any CPU
		{5A84E0CA-B67D-4647-9DD2-245C71EE3CFE}.Ad-Hoc|x64.ActiveCfg = Release|Any CPU
		{5A84E0CA-B67D-4647-9DD2-245C71EE3CFE}.Ad-Hoc|x64.Build.0 = Release|Any CPU
		{5A84E0CA-B67D-4647-9DD2-245C71EE3CFE}.Ad-Hoc|x64.Deploy.0 = Release|Any CPU
		{5A84E0CA-B67D-4647-9DD2-245C71EE3CFE}.Ad-Hoc|x86.ActiveCfg = Release|Any CPU
		{5A84E0CA-B67D-4647-9DD2-245C71EE3CFE}.Ad-Hoc|x86.Build.0 = Release|Any CPU
		{5A84E0CA-B67D-4647-9DD2-245C71EE3CFE}.Ad-Hoc|x86.Deploy.0 = Release|Any CPU
		{5A84E0CA-B67D-4647-9DD2-245C71EE3CFE}.AppStore|Any CPU.ActiveCfg = Release|Any CPU
		{5A84E0CA-B67D-4647-9DD2-245C71EE3CFE}.AppStore|Any CPU.Build.0 = Release|Any CPU
		{5A84E0CA-B67D-4647-9DD2-245C71EE3CFE}.AppStore|Any CPU.Deploy.0 = Release|Any CPU
		{5A84E0CA-B67D-4647-9DD2-245C71EE3CFE}.AppStore|ARM.ActiveCfg = Release|Any CPU
		{5A84E0CA-B67D-4647-9DD2-245C71EE3CFE}.AppStore|ARM.Build.0 = Release|Any CPU
		{5A84E0CA-B67D-4647-9DD2-245C71EE3CFE}.AppStore|ARM.Deploy.0 = Release|Any CPU
		{5A84E0CA-B67D-4647-9DD2-245C71EE3CFE}.AppStore|iPhone.ActiveCfg = Release|Any CPU
		{5A84E0CA-B67D-4647-9DD2-245C71EE3CFE}.AppStore|iPhone.Build.0 = Release|Any CPU
		{5A84E0CA-B67D-4647-9DD2-245C71EE3CFE}.AppStore|iPhone.Deploy.0 = Release|Any CPU
		{5A84E0CA-B67D-4647-9DD2-245C71EE3CFE}.AppStore|iPhoneSimulator.ActiveCfg = Release|Any CPU
		{5A84E0CA-B67D-4647-9DD2-245C71EE3CFE}.AppStore|iPhoneSimulator.Build.0 = Release|Any CPU
		{5A84E0CA-B67D-4647-9DD2-245C71EE3CFE}.AppStore|iPhoneSimulator.Deploy.0 = Release|Any CPU
		{5A84E0CA-B67D-4647-9DD2-245C71EE3CFE}.AppStore|x64.ActiveCfg = Release|Any CPU
		{5A84E0CA-B67D-4647-9DD2-245C71EE3CFE}.AppStore|x64.Build.0 = Release|Any CPU
		{5A84E0CA-B67D-4647-9DD2-245C71EE3CFE}.AppStore|x64.Deploy.0 = Release|Any CPU
		{5A84E0CA-B67D-4647-9DD2-245C71EE3CFE}.AppStore|x86.ActiveCfg = Release|Any CPU
		{5A84E0CA-B67D-4647-9DD2-245C71EE3CFE}.AppStore|x86.Build.0 = Release|Any CPU
		{5A84E0CA-B67D-4647-9DD2-245C71EE3CFE}.AppStore|x86.Deploy.0 = Release|Any CPU
		{5A84E0CA-B67D-4647-9DD2-245C71EE3CFE}.Debug|Any CPU.ActiveCfg = Debug|Any CPU
		{5A84E0CA-B67D-4647-9DD2-245C71EE3CFE}.Debug|Any CPU.Build.0 = Debug|Any CPU
		{5A84E0CA-B67D-4647-9DD2-245C71EE3CFE}.Debug|Any CPU.Deploy.0 = Debug|Any CPU
		{5A84E0CA-B67D-4647-9DD2-245C71EE3CFE}.Debug|ARM.ActiveCfg = Debug|Any CPU
		{5A84E0CA-B67D-4647-9DD2-245C71EE3CFE}.Debug|ARM.Build.0 = Debug|Any CPU
		{5A84E0CA-B67D-4647-9DD2-245C71EE3CFE}.Debug|ARM.Deploy.0 = Debug|Any CPU
		{5A84E0CA-B67D-4647-9DD2-245C71EE3CFE}.Debug|iPhone.ActiveCfg = Debug|Any CPU
		{5A84E0CA-B67D-4647-9DD2-245C71EE3CFE}.Debug|iPhone.Build.0 = Debug|Any CPU
		{5A84E0CA-B67D-4647-9DD2-245C71EE3CFE}.Debug|iPhone.Deploy.0 = Debug|Any CPU
		{5A84E0CA-B67D-4647-9DD2-245C71EE3CFE}.Debug|iPhoneSimulator.ActiveCfg = Debug|Any CPU
		{5A84E0CA-B67D-4647-9DD2-245C71EE3CFE}.Debug|iPhoneSimulator.Build.0 = Debug|Any CPU
		{5A84E0CA-B67D-4647-9DD2-245C71EE3CFE}.Debug|iPhoneSimulator.Deploy.0 = Debug|Any CPU
		{5A84E0CA-B67D-4647-9DD2-245C71EE3CFE}.Debug|x64.ActiveCfg = Debug|Any CPU
		{5A84E0CA-B67D-4647-9DD2-245C71EE3CFE}.Debug|x64.Build.0 = Debug|Any CPU
		{5A84E0CA-B67D-4647-9DD2-245C71EE3CFE}.Debug|x64.Deploy.0 = Debug|Any CPU
		{5A84E0CA-B67D-4647-9DD2-245C71EE3CFE}.Debug|x86.ActiveCfg = Debug|Any CPU
		{5A84E0CA-B67D-4647-9DD2-245C71EE3CFE}.Debug|x86.Build.0 = Debug|Any CPU
		{5A84E0CA-B67D-4647-9DD2-245C71EE3CFE}.Debug|x86.Deploy.0 = Debug|Any CPU
		{5A84E0CA-B67D-4647-9DD2-245C71EE3CFE}.Release|Any CPU.ActiveCfg = Release|Any CPU
		{5A84E0CA-B67D-4647-9DD2-245C71EE3CFE}.Release|Any CPU.Build.0 = Release|Any CPU
		{5A84E0CA-B67D-4647-9DD2-245C71EE3CFE}.Release|Any CPU.Deploy.0 = Release|Any CPU
		{5A84E0CA-B67D-4647-9DD2-245C71EE3CFE}.Release|ARM.ActiveCfg = Release|Any CPU
		{5A84E0CA-B67D-4647-9DD2-245C71EE3CFE}.Release|ARM.Build.0 = Release|Any CPU
		{5A84E0CA-B67D-4647-9DD2-245C71EE3CFE}.Release|ARM.Deploy.0 = Release|Any CPU
		{5A84E0CA-B67D-4647-9DD2-245C71EE3CFE}.Release|iPhone.ActiveCfg = Release|Any CPU
		{5A84E0CA-B67D-4647-9DD2-245C71EE3CFE}.Release|iPhone.Build.0 = Release|Any CPU
		{5A84E0CA-B67D-4647-9DD2-245C71EE3CFE}.Release|iPhone.Deploy.0 = Release|Any CPU
		{5A84E0CA-B67D-4647-9DD2-245C71EE3CFE}.Release|iPhoneSimulator.ActiveCfg = Release|Any CPU
		{5A84E0CA-B67D-4647-9DD2-245C71EE3CFE}.Release|iPhoneSimulator.Build.0 = Release|Any CPU
		{5A84E0CA-B67D-4647-9DD2-245C71EE3CFE}.Release|iPhoneSimulator.Deploy.0 = Release|Any CPU
		{5A84E0CA-B67D-4647-9DD2-245C71EE3CFE}.Release|x64.ActiveCfg = Release|Any CPU
		{5A84E0CA-B67D-4647-9DD2-245C71EE3CFE}.Release|x64.Build.0 = Release|Any CPU
		{5A84E0CA-B67D-4647-9DD2-245C71EE3CFE}.Release|x64.Deploy.0 = Release|Any CPU
		{5A84E0CA-B67D-4647-9DD2-245C71EE3CFE}.Release|x86.ActiveCfg = Release|Any CPU
		{5A84E0CA-B67D-4647-9DD2-245C71EE3CFE}.Release|x86.Build.0 = Release|Any CPU
		{5A84E0CA-B67D-4647-9DD2-245C71EE3CFE}.Release|x86.Deploy.0 = Release|Any CPU
		{83783427-F4E2-4364-B27A-CEC87C42B8BF}.Ad-Hoc|Any CPU.ActiveCfg = Ad-Hoc|iPhone
		{83783427-F4E2-4364-B27A-CEC87C42B8BF}.Ad-Hoc|Any CPU.Build.0 = Ad-Hoc|iPhone
		{83783427-F4E2-4364-B27A-CEC87C42B8BF}.Ad-Hoc|Any CPU.Deploy.0 = Ad-Hoc|iPhone
		{83783427-F4E2-4364-B27A-CEC87C42B8BF}.Ad-Hoc|ARM.ActiveCfg = Ad-Hoc|iPhone
		{83783427-F4E2-4364-B27A-CEC87C42B8BF}.Ad-Hoc|ARM.Build.0 = Ad-Hoc|iPhone
		{83783427-F4E2-4364-B27A-CEC87C42B8BF}.Ad-Hoc|ARM.Deploy.0 = Ad-Hoc|iPhone
		{83783427-F4E2-4364-B27A-CEC87C42B8BF}.Ad-Hoc|iPhone.ActiveCfg = Ad-Hoc|iPhone
		{83783427-F4E2-4364-B27A-CEC87C42B8BF}.Ad-Hoc|iPhone.Build.0 = Ad-Hoc|iPhone
		{83783427-F4E2-4364-B27A-CEC87C42B8BF}.Ad-Hoc|iPhone.Deploy.0 = Ad-Hoc|iPhone
		{83783427-F4E2-4364-B27A-CEC87C42B8BF}.Ad-Hoc|iPhoneSimulator.ActiveCfg = Ad-Hoc|iPhoneSimulator
		{83783427-F4E2-4364-B27A-CEC87C42B8BF}.Ad-Hoc|iPhoneSimulator.Build.0 = Ad-Hoc|iPhoneSimulator
		{83783427-F4E2-4364-B27A-CEC87C42B8BF}.Ad-Hoc|iPhoneSimulator.Deploy.0 = Ad-Hoc|iPhoneSimulator
		{83783427-F4E2-4364-B27A-CEC87C42B8BF}.Ad-Hoc|x64.ActiveCfg = Ad-Hoc|iPhone
		{83783427-F4E2-4364-B27A-CEC87C42B8BF}.Ad-Hoc|x64.Build.0 = Ad-Hoc|iPhone
		{83783427-F4E2-4364-B27A-CEC87C42B8BF}.Ad-Hoc|x64.Deploy.0 = Ad-Hoc|iPhone
		{83783427-F4E2-4364-B27A-CEC87C42B8BF}.Ad-Hoc|x86.ActiveCfg = Ad-Hoc|iPhone
		{83783427-F4E2-4364-B27A-CEC87C42B8BF}.Ad-Hoc|x86.Build.0 = Ad-Hoc|iPhone
		{83783427-F4E2-4364-B27A-CEC87C42B8BF}.Ad-Hoc|x86.Deploy.0 = Ad-Hoc|iPhone
		{83783427-F4E2-4364-B27A-CEC87C42B8BF}.AppStore|Any CPU.ActiveCfg = AppStore|iPhone
		{83783427-F4E2-4364-B27A-CEC87C42B8BF}.AppStore|Any CPU.Build.0 = AppStore|iPhone
		{83783427-F4E2-4364-B27A-CEC87C42B8BF}.AppStore|Any CPU.Deploy.0 = AppStore|iPhone
		{83783427-F4E2-4364-B27A-CEC87C42B8BF}.AppStore|ARM.ActiveCfg = AppStore|iPhone
		{83783427-F4E2-4364-B27A-CEC87C42B8BF}.AppStore|ARM.Build.0 = AppStore|iPhone
		{83783427-F4E2-4364-B27A-CEC87C42B8BF}.AppStore|ARM.Deploy.0 = AppStore|iPhone
		{83783427-F4E2-4364-B27A-CEC87C42B8BF}.AppStore|iPhone.ActiveCfg = AppStore|iPhone
		{83783427-F4E2-4364-B27A-CEC87C42B8BF}.AppStore|iPhone.Build.0 = AppStore|iPhone
		{83783427-F4E2-4364-B27A-CEC87C42B8BF}.AppStore|iPhone.Deploy.0 = AppStore|iPhone
		{83783427-F4E2-4364-B27A-CEC87C42B8BF}.AppStore|iPhoneSimulator.ActiveCfg = AppStore|iPhoneSimulator
		{83783427-F4E2-4364-B27A-CEC87C42B8BF}.AppStore|iPhoneSimulator.Build.0 = AppStore|iPhoneSimulator
		{83783427-F4E2-4364-B27A-CEC87C42B8BF}.AppStore|iPhoneSimulator.Deploy.0 = AppStore|iPhoneSimulator
		{83783427-F4E2-4364-B27A-CEC87C42B8BF}.AppStore|x64.ActiveCfg = AppStore|iPhone
		{83783427-F4E2-4364-B27A-CEC87C42B8BF}.AppStore|x64.Build.0 = AppStore|iPhone
		{83783427-F4E2-4364-B27A-CEC87C42B8BF}.AppStore|x64.Deploy.0 = AppStore|iPhone
		{83783427-F4E2-4364-B27A-CEC87C42B8BF}.AppStore|x86.ActiveCfg = AppStore|iPhone
		{83783427-F4E2-4364-B27A-CEC87C42B8BF}.AppStore|x86.Build.0 = AppStore|iPhone
		{83783427-F4E2-4364-B27A-CEC87C42B8BF}.AppStore|x86.Deploy.0 = AppStore|iPhone
		{83783427-F4E2-4364-B27A-CEC87C42B8BF}.Debug|Any CPU.ActiveCfg = Debug|iPhone
		{83783427-F4E2-4364-B27A-CEC87C42B8BF}.Debug|Any CPU.Build.0 = Debug|iPhone
		{83783427-F4E2-4364-B27A-CEC87C42B8BF}.Debug|Any CPU.Deploy.0 = Debug|iPhone
		{83783427-F4E2-4364-B27A-CEC87C42B8BF}.Debug|ARM.ActiveCfg = Debug|iPhoneSimulator
		{83783427-F4E2-4364-B27A-CEC87C42B8BF}.Debug|ARM.Build.0 = Debug|iPhoneSimulator
		{83783427-F4E2-4364-B27A-CEC87C42B8BF}.Debug|ARM.Deploy.0 = Debug|iPhoneSimulator
		{83783427-F4E2-4364-B27A-CEC87C42B8BF}.Debug|iPhone.ActiveCfg = Debug|iPhone
		{83783427-F4E2-4364-B27A-CEC87C42B8BF}.Debug|iPhone.Build.0 = Debug|iPhone
		{83783427-F4E2-4364-B27A-CEC87C42B8BF}.Debug|iPhone.Deploy.0 = Debug|iPhone
		{83783427-F4E2-4364-B27A-CEC87C42B8BF}.Debug|iPhoneSimulator.ActiveCfg = Debug|iPhoneSimulator
		{83783427-F4E2-4364-B27A-CEC87C42B8BF}.Debug|iPhoneSimulator.Build.0 = Debug|iPhoneSimulator
		{83783427-F4E2-4364-B27A-CEC87C42B8BF}.Debug|iPhoneSimulator.Deploy.0 = Debug|iPhoneSimulator
		{83783427-F4E2-4364-B27A-CEC87C42B8BF}.Debug|x64.ActiveCfg = Debug|iPhone
		{83783427-F4E2-4364-B27A-CEC87C42B8BF}.Debug|x64.Build.0 = Debug|iPhone
		{83783427-F4E2-4364-B27A-CEC87C42B8BF}.Debug|x64.Deploy.0 = Debug|iPhone
		{83783427-F4E2-4364-B27A-CEC87C42B8BF}.Debug|x86.ActiveCfg = Debug|iPhone
		{83783427-F4E2-4364-B27A-CEC87C42B8BF}.Debug|x86.Build.0 = Debug|iPhone
		{83783427-F4E2-4364-B27A-CEC87C42B8BF}.Debug|x86.Deploy.0 = Debug|iPhone
		{83783427-F4E2-4364-B27A-CEC87C42B8BF}.Release|Any CPU.ActiveCfg = Release|iPhone
		{83783427-F4E2-4364-B27A-CEC87C42B8BF}.Release|Any CPU.Build.0 = Release|iPhone
		{83783427-F4E2-4364-B27A-CEC87C42B8BF}.Release|Any CPU.Deploy.0 = Release|iPhone
		{83783427-F4E2-4364-B27A-CEC87C42B8BF}.Release|ARM.ActiveCfg = Release|iPhone
		{83783427-F4E2-4364-B27A-CEC87C42B8BF}.Release|ARM.Build.0 = Release|iPhone
		{83783427-F4E2-4364-B27A-CEC87C42B8BF}.Release|ARM.Deploy.0 = Release|iPhone
		{83783427-F4E2-4364-B27A-CEC87C42B8BF}.Release|iPhone.ActiveCfg = Release|iPhone
		{83783427-F4E2-4364-B27A-CEC87C42B8BF}.Release|iPhone.Build.0 = Release|iPhone
		{83783427-F4E2-4364-B27A-CEC87C42B8BF}.Release|iPhone.Deploy.0 = Release|iPhone
		{83783427-F4E2-4364-B27A-CEC87C42B8BF}.Release|iPhoneSimulator.ActiveCfg = Release|iPhoneSimulator
		{83783427-F4E2-4364-B27A-CEC87C42B8BF}.Release|iPhoneSimulator.Build.0 = Release|iPhoneSimulator
		{83783427-F4E2-4364-B27A-CEC87C42B8BF}.Release|iPhoneSimulator.Deploy.0 = Release|iPhoneSimulator
		{83783427-F4E2-4364-B27A-CEC87C42B8BF}.Release|x64.ActiveCfg = Release|iPhone
		{83783427-F4E2-4364-B27A-CEC87C42B8BF}.Release|x64.Build.0 = Release|iPhone
		{83783427-F4E2-4364-B27A-CEC87C42B8BF}.Release|x64.Deploy.0 = Release|iPhone
		{83783427-F4E2-4364-B27A-CEC87C42B8BF}.Release|x86.ActiveCfg = Release|iPhone
		{83783427-F4E2-4364-B27A-CEC87C42B8BF}.Release|x86.Build.0 = Release|iPhone
		{83783427-F4E2-4364-B27A-CEC87C42B8BF}.Release|x86.Deploy.0 = Release|iPhone
		{7CD62B63-1700-419A-891C-D9D85B61203E}.Ad-Hoc|Any CPU.ActiveCfg = Debug|Any CPU
		{7CD62B63-1700-419A-891C-D9D85B61203E}.Ad-Hoc|Any CPU.Build.0 = Debug|Any CPU
		{7CD62B63-1700-419A-891C-D9D85B61203E}.Ad-Hoc|Any CPU.Deploy.0 = Debug|Any CPU
		{7CD62B63-1700-419A-891C-D9D85B61203E}.Ad-Hoc|ARM.ActiveCfg = Debug|Any CPU
		{7CD62B63-1700-419A-891C-D9D85B61203E}.Ad-Hoc|ARM.Build.0 = Debug|Any CPU
		{7CD62B63-1700-419A-891C-D9D85B61203E}.Ad-Hoc|ARM.Deploy.0 = Debug|Any CPU
		{7CD62B63-1700-419A-891C-D9D85B61203E}.Ad-Hoc|iPhone.ActiveCfg = Debug|Any CPU
		{7CD62B63-1700-419A-891C-D9D85B61203E}.Ad-Hoc|iPhone.Build.0 = Debug|Any CPU
		{7CD62B63-1700-419A-891C-D9D85B61203E}.Ad-Hoc|iPhone.Deploy.0 = Debug|Any CPU
		{7CD62B63-1700-419A-891C-D9D85B61203E}.Ad-Hoc|iPhoneSimulator.ActiveCfg = Debug|Any CPU
		{7CD62B63-1700-419A-891C-D9D85B61203E}.Ad-Hoc|iPhoneSimulator.Build.0 = Debug|Any CPU
		{7CD62B63-1700-419A-891C-D9D85B61203E}.Ad-Hoc|iPhoneSimulator.Deploy.0 = Debug|Any CPU
		{7CD62B63-1700-419A-891C-D9D85B61203E}.Ad-Hoc|x64.ActiveCfg = Debug|Any CPU
		{7CD62B63-1700-419A-891C-D9D85B61203E}.Ad-Hoc|x64.Build.0 = Debug|Any CPU
		{7CD62B63-1700-419A-891C-D9D85B61203E}.Ad-Hoc|x64.Deploy.0 = Debug|Any CPU
		{7CD62B63-1700-419A-891C-D9D85B61203E}.Ad-Hoc|x86.ActiveCfg = Debug|Any CPU
		{7CD62B63-1700-419A-891C-D9D85B61203E}.Ad-Hoc|x86.Build.0 = Debug|Any CPU
		{7CD62B63-1700-419A-891C-D9D85B61203E}.Ad-Hoc|x86.Deploy.0 = Debug|Any CPU
		{7CD62B63-1700-419A-891C-D9D85B61203E}.AppStore|Any CPU.ActiveCfg = Debug|Any CPU
		{7CD62B63-1700-419A-891C-D9D85B61203E}.AppStore|Any CPU.Build.0 = Debug|Any CPU
		{7CD62B63-1700-419A-891C-D9D85B61203E}.AppStore|Any CPU.Deploy.0 = Debug|Any CPU
		{7CD62B63-1700-419A-891C-D9D85B61203E}.AppStore|ARM.ActiveCfg = Debug|Any CPU
		{7CD62B63-1700-419A-891C-D9D85B61203E}.AppStore|ARM.Build.0 = Debug|Any CPU
		{7CD62B63-1700-419A-891C-D9D85B61203E}.AppStore|ARM.Deploy.0 = Debug|Any CPU
		{7CD62B63-1700-419A-891C-D9D85B61203E}.AppStore|iPhone.ActiveCfg = Debug|Any CPU
		{7CD62B63-1700-419A-891C-D9D85B61203E}.AppStore|iPhone.Build.0 = Debug|Any CPU
		{7CD62B63-1700-419A-891C-D9D85B61203E}.AppStore|iPhone.Deploy.0 = Debug|Any CPU
		{7CD62B63-1700-419A-891C-D9D85B61203E}.AppStore|iPhoneSimulator.ActiveCfg = Debug|Any CPU
		{7CD62B63-1700-419A-891C-D9D85B61203E}.AppStore|iPhoneSimulator.Build.0 = Debug|Any CPU
		{7CD62B63-1700-419A-891C-D9D85B61203E}.AppStore|iPhoneSimulator.Deploy.0 = Debug|Any CPU
		{7CD62B63-1700-419A-891C-D9D85B61203E}.AppStore|x64.ActiveCfg = Debug|Any CPU
		{7CD62B63-1700-419A-891C-D9D85B61203E}.AppStore|x64.Build.0 = Debug|Any CPU
		{7CD62B63-1700-419A-891C-D9D85B61203E}.AppStore|x64.Deploy.0 = Debug|Any CPU
		{7CD62B63-1700-419A-891C-D9D85B61203E}.AppStore|x86.ActiveCfg = Debug|Any CPU
		{7CD62B63-1700-419A-891C-D9D85B61203E}.AppStore|x86.Build.0 = Debug|Any CPU
		{7CD62B63-1700-419A-891C-D9D85B61203E}.AppStore|x86.Deploy.0 = Debug|Any CPU
		{7CD62B63-1700-419A-891C-D9D85B61203E}.Debug|Any CPU.ActiveCfg = Debug|Any CPU
		{7CD62B63-1700-419A-891C-D9D85B61203E}.Debug|Any CPU.Build.0 = Debug|Any CPU
		{7CD62B63-1700-419A-891C-D9D85B61203E}.Debug|Any CPU.Deploy.0 = Debug|Any CPU
		{7CD62B63-1700-419A-891C-D9D85B61203E}.Debug|ARM.ActiveCfg = Debug|Any CPU
		{7CD62B63-1700-419A-891C-D9D85B61203E}.Debug|ARM.Build.0 = Debug|Any CPU
		{7CD62B63-1700-419A-891C-D9D85B61203E}.Debug|ARM.Deploy.0 = Debug|Any CPU
		{7CD62B63-1700-419A-891C-D9D85B61203E}.Debug|iPhone.ActiveCfg = Debug|Any CPU
		{7CD62B63-1700-419A-891C-D9D85B61203E}.Debug|iPhone.Build.0 = Debug|Any CPU
		{7CD62B63-1700-419A-891C-D9D85B61203E}.Debug|iPhone.Deploy.0 = Debug|Any CPU
		{7CD62B63-1700-419A-891C-D9D85B61203E}.Debug|iPhoneSimulator.ActiveCfg = Debug|Any CPU
		{7CD62B63-1700-419A-891C-D9D85B61203E}.Debug|iPhoneSimulator.Build.0 = Debug|Any CPU
		{7CD62B63-1700-419A-891C-D9D85B61203E}.Debug|iPhoneSimulator.Deploy.0 = Debug|Any CPU
		{7CD62B63-1700-419A-891C-D9D85B61203E}.Debug|x64.ActiveCfg = Debug|Any CPU
		{7CD62B63-1700-419A-891C-D9D85B61203E}.Debug|x64.Build.0 = Debug|Any CPU
		{7CD62B63-1700-419A-891C-D9D85B61203E}.Debug|x64.Deploy.0 = Debug|Any CPU
		{7CD62B63-1700-419A-891C-D9D85B61203E}.Debug|x86.ActiveCfg = Debug|Any CPU
		{7CD62B63-1700-419A-891C-D9D85B61203E}.Debug|x86.Build.0 = Debug|Any CPU
		{7CD62B63-1700-419A-891C-D9D85B61203E}.Debug|x86.Deploy.0 = Debug|Any CPU
		{7CD62B63-1700-419A-891C-D9D85B61203E}.Release|Any CPU.ActiveCfg = Release|Any CPU
		{7CD62B63-1700-419A-891C-D9D85B61203E}.Release|Any CPU.Build.0 = Release|Any CPU
		{7CD62B63-1700-419A-891C-D9D85B61203E}.Release|Any CPU.Deploy.0 = Release|Any CPU
		{7CD62B63-1700-419A-891C-D9D85B61203E}.Release|ARM.ActiveCfg = Release|Any CPU
		{7CD62B63-1700-419A-891C-D9D85B61203E}.Release|ARM.Build.0 = Release|Any CPU
		{7CD62B63-1700-419A-891C-D9D85B61203E}.Release|ARM.Deploy.0 = Release|Any CPU
		{7CD62B63-1700-419A-891C-D9D85B61203E}.Release|iPhone.ActiveCfg = Release|Any CPU
		{7CD62B63-1700-419A-891C-D9D85B61203E}.Release|iPhone.Build.0 = Release|Any CPU
		{7CD62B63-1700-419A-891C-D9D85B61203E}.Release|iPhone.Deploy.0 = Release|Any CPU
		{7CD62B63-1700-419A-891C-D9D85B61203E}.Release|iPhoneSimulator.ActiveCfg = Release|Any CPU
		{7CD62B63-1700-419A-891C-D9D85B61203E}.Release|iPhoneSimulator.Build.0 = Release|Any CPU
		{7CD62B63-1700-419A-891C-D9D85B61203E}.Release|iPhoneSimulator.Deploy.0 = Release|Any CPU
		{7CD62B63-1700-419A-891C-D9D85B61203E}.Release|x64.ActiveCfg = Release|Any CPU
		{7CD62B63-1700-419A-891C-D9D85B61203E}.Release|x64.Build.0 = Release|Any CPU
		{7CD62B63-1700-419A-891C-D9D85B61203E}.Release|x64.Deploy.0 = Release|Any CPU
		{7CD62B63-1700-419A-891C-D9D85B61203E}.Release|x86.ActiveCfg = Release|Any CPU
		{7CD62B63-1700-419A-891C-D9D85B61203E}.Release|x86.Build.0 = Release|Any CPU
		{7CD62B63-1700-419A-891C-D9D85B61203E}.Release|x86.Deploy.0 = Release|Any CPU
	EndGlobalSection
	GlobalSection(SolutionProperties) = preSolution
		HideSolutionNode = FALSE
	EndGlobalSection
	GlobalSection(ExtensibilityGlobals) = postSolution
		SolutionGuid = {5214CEA0-DB64-455C-ABC0-079DDDDC2AFE}
	EndGlobalSection
EndGlobal
