
Microsoft Visual Studio Solution File, Format Version 12.00
# Visual Studio 15
VisualStudioVersion = 15.0.28307.168
MinimumVisualStudioVersion = 10.0.40219.1
Project("{FAE04EC0-301F-11D3-BF4B-00C04F79EFBC}") = "App2_Tarefa.Android", "App2_Tarefa\App2_Tarefa.Android\App2_Tarefa.Android.csproj", "{DF26E366-5DE5-41F7-8F45-BC57F5D2CBEC}"
EndProject
Project("{FAE04EC0-301F-11D3-BF4B-00C04F79EFBC}") = "App2_Tarefa.iOS", "App2_Tarefa\App2_Tarefa.iOS\App2_Tarefa.iOS.csproj", "{371C5DDE-E779-43B8-940A-92702FF924C2}"
EndProject
Project("{FAE04EC0-301F-11D3-BF4B-00C04F79EFBC}") = "App2_Tarefa.UWP", "App2_Tarefa\App2_Tarefa.UWP\App2_Tarefa.UWP.csproj", "{67615DA6-A46D-4276-B005-0C498EB6B333}"
EndProject
Project("{FAE04EC0-301F-11D3-BF4B-00C04F79EFBC}") = "App2_Tarefa", "App2_Tarefa\App2_Tarefa\App2_Tarefa.csproj", "{E71D1332-F60A-4516-B1A0-6FB2DEABBB60}"
EndProject
Global
	GlobalSection(SolutionConfigurationPlatforms) = preSolution
		Ad-Hoc|Any CPU = Ad-Hoc|Any CPU
		Ad-Hoc|ARM = Ad-Hoc|ARM
		Ad-Hoc|iPhone = Ad-Hoc|iPhone
		Ad-Hoc|iPhoneSimulator = Ad-Hoc|iPhoneSimulator
		Ad-Hoc|x64 = Ad-Hoc|x64
		Ad-Hoc|x86 = Ad-Hoc|x86
		AppStore|Any CPU = AppStore|Any CPU
		AppStore|ARM = AppStore|ARM
		AppStore|iPhone = AppStore|iPhone
		AppStore|iPhoneSimulator = AppStore|iPhoneSimulator
		AppStore|x64 = AppStore|x64
		AppStore|x86 = AppStore|x86
		Debug|Any CPU = Debug|Any CPU
		Debug|ARM = Debug|ARM
		Debug|iPhone = Debug|iPhone
		Debug|iPhoneSimulator = Debug|iPhoneSimulator
		Debug|x64 = Debug|x64
		Debug|x86 = Debug|x86
		Release|Any CPU = Release|Any CPU
		Release|ARM = Release|ARM
		Release|iPhone = Release|iPhone
		Release|iPhoneSimulator = Release|iPhoneSimulator
		Release|x64 = Release|x64
		Release|x86 = Release|x86
	EndGlobalSection
	GlobalSection(ProjectConfigurationPlatforms) = postSolution
		{DF26E366-5DE5-41F7-8F45-BC57F5D2CBEC}.Ad-Hoc|Any CPU.ActiveCfg = Release|Any CPU
		{DF26E366-5DE5-41F7-8F45-BC57F5D2CBEC}.Ad-Hoc|Any CPU.Build.0 = Release|Any CPU
		{DF26E366-5DE5-41F7-8F45-BC57F5D2CBEC}.Ad-Hoc|Any CPU.Deploy.0 = Release|Any CPU
		{DF26E366-5DE5-41F7-8F45-BC57F5D2CBEC}.Ad-Hoc|ARM.ActiveCfg = Release|Any CPU
		{DF26E366-5DE5-41F7-8F45-BC57F5D2CBEC}.Ad-Hoc|ARM.Build.0 = Release|Any CPU
		{DF26E366-5DE5-41F7-8F45-BC57F5D2CBEC}.Ad-Hoc|ARM.Deploy.0 = Release|Any CPU
		{DF26E366-5DE5-41F7-8F45-BC57F5D2CBEC}.Ad-Hoc|iPhone.ActiveCfg = Release|Any CPU
		{DF26E366-5DE5-41F7-8F45-BC57F5D2CBEC}.Ad-Hoc|iPhone.Build.0 = Release|Any CPU
		{DF26E366-5DE5-41F7-8F45-BC57F5D2CBEC}.Ad-Hoc|iPhone.Deploy.0 = Release|Any CPU
		{DF26E366-5DE5-41F7-8F45-BC57F5D2CBEC}.Ad-Hoc|iPhoneSimulator.ActiveCfg = Release|Any CPU
		{DF26E366-5DE5-41F7-8F45-BC57F5D2CBEC}.Ad-Hoc|iPhoneSimulator.Build.0 = Release|Any CPU
		{DF26E366-5DE5-41F7-8F45-BC57F5D2CBEC}.Ad-Hoc|iPhoneSimulator.Deploy.0 = Release|Any CPU
		{DF26E366-5DE5-41F7-8F45-BC57F5D2CBEC}.Ad-Hoc|x64.ActiveCfg = Release|Any CPU
		{DF26E366-5DE5-41F7-8F45-BC57F5D2CBEC}.Ad-Hoc|x64.Build.0 = Release|Any CPU
		{DF26E366-5DE5-41F7-8F45-BC57F5D2CBEC}.Ad-Hoc|x64.Deploy.0 = Release|Any CPU
		{DF26E366-5DE5-41F7-8F45-BC57F5D2CBEC}.Ad-Hoc|x86.ActiveCfg = Release|Any CPU
		{DF26E366-5DE5-41F7-8F45-BC57F5D2CBEC}.Ad-Hoc|x86.Build.0 = Release|Any CPU
		{DF26E366-5DE5-41F7-8F45-BC57F5D2CBEC}.Ad-Hoc|x86.Deploy.0 = Release|Any CPU
		{DF26E366-5DE5-41F7-8F45-BC57F5D2CBEC}.AppStore|Any CPU.ActiveCfg = Release|Any CPU
		{DF26E366-5DE5-41F7-8F45-BC57F5D2CBEC}.AppStore|Any CPU.Build.0 = Release|Any CPU
		{DF26E366-5DE5-41F7-8F45-BC57F5D2CBEC}.AppStore|Any CPU.Deploy.0 = Release|Any CPU
		{DF26E366-5DE5-41F7-8F45-BC57F5D2CBEC}.AppStore|ARM.ActiveCfg = Release|Any CPU
		{DF26E366-5DE5-41F7-8F45-BC57F5D2CBEC}.AppStore|ARM.Build.0 = Release|Any CPU
		{DF26E366-5DE5-41F7-8F45-BC57F5D2CBEC}.AppStore|ARM.Deploy.0 = Release|Any CPU
		{DF26E366-5DE5-41F7-8F45-BC57F5D2CBEC}.AppStore|iPhone.ActiveCfg = Release|Any CPU
		{DF26E366-5DE5-41F7-8F45-BC57F5D2CBEC}.AppStore|iPhone.Build.0 = Release|Any CPU
		{DF26E366-5DE5-41F7-8F45-BC57F5D2CBEC}.AppStore|iPhone.Deploy.0 = Release|Any CPU
		{DF26E366-5DE5-41F7-8F45-BC57F5D2CBEC}.AppStore|iPhoneSimulator.ActiveCfg = Release|Any CPU
		{DF26E366-5DE5-41F7-8F45-BC57F5D2CBEC}.AppStore|iPhoneSimulator.Build.0 = Release|Any CPU
		{DF26E366-5DE5-41F7-8F45-BC57F5D2CBEC}.AppStore|iPhoneSimulator.Deploy.0 = Release|Any CPU
		{DF26E366-5DE5-41F7-8F45-BC57F5D2CBEC}.AppStore|x64.ActiveCfg = Release|Any CPU
		{DF26E366-5DE5-41F7-8F45-BC57F5D2CBEC}.AppStore|x64.Build.0 = Release|Any CPU
		{DF26E366-5DE5-41F7-8F45-BC57F5D2CBEC}.AppStore|x64.Deploy.0 = Release|Any CPU
		{DF26E366-5DE5-41F7-8F45-BC57F5D2CBEC}.AppStore|x86.ActiveCfg = Release|Any CPU
		{DF26E366-5DE5-41F7-8F45-BC57F5D2CBEC}.AppStore|x86.Build.0 = Release|Any CPU
		{DF26E366-5DE5-41F7-8F45-BC57F5D2CBEC}.AppStore|x86.Deploy.0 = Release|Any CPU
		{DF26E366-5DE5-41F7-8F45-BC57F5D2CBEC}.Debug|Any CPU.ActiveCfg = Debug|Any CPU
		{DF26E366-5DE5-41F7-8F45-BC57F5D2CBEC}.Debug|Any CPU.Build.0 = Debug|Any CPU
		{DF26E366-5DE5-41F7-8F45-BC57F5D2CBEC}.Debug|Any CPU.Deploy.0 = Debug|Any CPU
		{DF26E366-5DE5-41F7-8F45-BC57F5D2CBEC}.Debug|ARM.ActiveCfg = Debug|Any CPU
		{DF26E366-5DE5-41F7-8F45-BC57F5D2CBEC}.Debug|ARM.Build.0 = Debug|Any CPU
		{DF26E366-5DE5-41F7-8F45-BC57F5D2CBEC}.Debug|ARM.Deploy.0 = Debug|Any CPU
		{DF26E366-5DE5-41F7-8F45-BC57F5D2CBEC}.Debug|iPhone.ActiveCfg = Debug|Any CPU
		{DF26E366-5DE5-41F7-8F45-BC57F5D2CBEC}.Debug|iPhone.Build.0 = Debug|Any CPU
		{DF26E366-5DE5-41F7-8F45-BC57F5D2CBEC}.Debug|iPhone.Deploy.0 = Debug|Any CPU
		{DF26E366-5DE5-41F7-8F45-BC57F5D2CBEC}.Debug|iPhoneSimulator.ActiveCfg = Debug|Any CPU
		{DF26E366-5DE5-41F7-8F45-BC57F5D2CBEC}.Debug|iPhoneSimulator.Build.0 = Debug|Any CPU
		{DF26E366-5DE5-41F7-8F45-BC57F5D2CBEC}.Debug|iPhoneSimulator.Deploy.0 = Debug|Any CPU
		{DF26E366-5DE5-41F7-8F45-BC57F5D2CBEC}.Debug|x64.ActiveCfg = Debug|Any CPU
		{DF26E366-5DE5-41F7-8F45-BC57F5D2CBEC}.Debug|x64.Build.0 = Debug|Any CPU
		{DF26E366-5DE5-41F7-8F45-BC57F5D2CBEC}.Debug|x64.Deploy.0 = Debug|Any CPU
		{DF26E366-5DE5-41F7-8F45-BC57F5D2CBEC}.Debug|x86.ActiveCfg = Debug|Any CPU
		{DF26E366-5DE5-41F7-8F45-BC57F5D2CBEC}.Debug|x86.Build.0 = Debug|Any CPU
		{DF26E366-5DE5-41F7-8F45-BC57F5D2CBEC}.Debug|x86.Deploy.0 = Debug|Any CPU
		{DF26E366-5DE5-41F7-8F45-BC57F5D2CBEC}.Release|Any CPU.ActiveCfg = Release|Any CPU
		{DF26E366-5DE5-41F7-8F45-BC57F5D2CBEC}.Release|Any CPU.Build.0 = Release|Any CPU
		{DF26E366-5DE5-41F7-8F45-BC57F5D2CBEC}.Release|Any CPU.Deploy.0 = Release|Any CPU
		{DF26E366-5DE5-41F7-8F45-BC57F5D2CBEC}.Release|ARM.ActiveCfg = Release|Any CPU
		{DF26E366-5DE5-41F7-8F45-BC57F5D2CBEC}.Release|ARM.Build.0 = Release|Any CPU
		{DF26E366-5DE5-41F7-8F45-BC57F5D2CBEC}.Release|ARM.Deploy.0 = Release|Any CPU
		{DF26E366-5DE5-41F7-8F45-BC57F5D2CBEC}.Release|iPhone.ActiveCfg = Release|Any CPU
		{DF26E366-5DE5-41F7-8F45-BC57F5D2CBEC}.Release|iPhone.Build.0 = Release|Any CPU
		{DF26E366-5DE5-41F7-8F45-BC57F5D2CBEC}.Release|iPhone.Deploy.0 = Release|Any CPU
		{DF26E366-5DE5-41F7-8F45-BC57F5D2CBEC}.Release|iPhoneSimulator.ActiveCfg = Release|Any CPU
		{DF26E366-5DE5-41F7-8F45-BC57F5D2CBEC}.Release|iPhoneSimulator.Build.0 = Release|Any CPU
		{DF26E366-5DE5-41F7-8F45-BC57F5D2CBEC}.Release|iPhoneSimulator.Deploy.0 = Release|Any CPU
		{DF26E366-5DE5-41F7-8F45-BC57F5D2CBEC}.Release|x64.ActiveCfg = Release|Any CPU
		{DF26E366-5DE5-41F7-8F45-BC57F5D2CBEC}.Release|x64.Build.0 = Release|Any CPU
		{DF26E366-5DE5-41F7-8F45-BC57F5D2CBEC}.Release|x64.Deploy.0 = Release|Any CPU
		{DF26E366-5DE5-41F7-8F45-BC57F5D2CBEC}.Release|x86.ActiveCfg = Release|Any CPU
		{DF26E366-5DE5-41F7-8F45-BC57F5D2CBEC}.Release|x86.Build.0 = Release|Any CPU
		{DF26E366-5DE5-41F7-8F45-BC57F5D2CBEC}.Release|x86.Deploy.0 = Release|Any CPU
		{371C5DDE-E779-43B8-940A-92702FF924C2}.Ad-Hoc|Any CPU.ActiveCfg = Ad-Hoc|iPhone
		{371C5DDE-E779-43B8-940A-92702FF924C2}.Ad-Hoc|Any CPU.Build.0 = Ad-Hoc|iPhone
		{371C5DDE-E779-43B8-940A-92702FF924C2}.Ad-Hoc|Any CPU.Deploy.0 = Ad-Hoc|iPhone
		{371C5DDE-E779-43B8-940A-92702FF924C2}.Ad-Hoc|ARM.ActiveCfg = Ad-Hoc|iPhone
		{371C5DDE-E779-43B8-940A-92702FF924C2}.Ad-Hoc|ARM.Build.0 = Ad-Hoc|iPhone
		{371C5DDE-E779-43B8-940A-92702FF924C2}.Ad-Hoc|ARM.Deploy.0 = Ad-Hoc|iPhone
		{371C5DDE-E779-43B8-940A-92702FF924C2}.Ad-Hoc|iPhone.ActiveCfg = Ad-Hoc|iPhone
		{371C5DDE-E779-43B8-940A-92702FF924C2}.Ad-Hoc|iPhone.Build.0 = Ad-Hoc|iPhone
		{371C5DDE-E779-43B8-940A-92702FF924C2}.Ad-Hoc|iPhone.Deploy.0 = Ad-Hoc|iPhone
		{371C5DDE-E779-43B8-940A-92702FF924C2}.Ad-Hoc|iPhoneSimulator.ActiveCfg = Ad-Hoc|iPhoneSimulator
		{371C5DDE-E779-43B8-940A-92702FF924C2}.Ad-Hoc|iPhoneSimulator.Build.0 = Ad-Hoc|iPhoneSimulator
		{371C5DDE-E779-43B8-940A-92702FF924C2}.Ad-Hoc|iPhoneSimulator.Deploy.0 = Ad-Hoc|iPhoneSimulator
		{371C5DDE-E779-43B8-940A-92702FF924C2}.Ad-Hoc|x64.ActiveCfg = Ad-Hoc|iPhone
		{371C5DDE-E779-43B8-940A-92702FF924C2}.Ad-Hoc|x64.Build.0 = Ad-Hoc|iPhone
		{371C5DDE-E779-43B8-940A-92702FF924C2}.Ad-Hoc|x64.Deploy.0 = Ad-Hoc|iPhone
		{371C5DDE-E779-43B8-940A-92702FF924C2}.Ad-Hoc|x86.ActiveCfg = Ad-Hoc|iPhone
		{371C5DDE-E779-43B8-940A-92702FF924C2}.Ad-Hoc|x86.Build.0 = Ad-Hoc|iPhone
		{371C5DDE-E779-43B8-940A-92702FF924C2}.Ad-Hoc|x86.Deploy.0 = Ad-Hoc|iPhone
		{371C5DDE-E779-43B8-940A-92702FF924C2}.AppStore|Any CPU.ActiveCfg = AppStore|iPhone
		{371C5DDE-E779-43B8-940A-92702FF924C2}.AppStore|Any CPU.Build.0 = AppStore|iPhone
		{371C5DDE-E779-43B8-940A-92702FF924C2}.AppStore|Any CPU.Deploy.0 = AppStore|iPhone
		{371C5DDE-E779-43B8-940A-92702FF924C2}.AppStore|ARM.ActiveCfg = AppStore|iPhone
		{371C5DDE-E779-43B8-940A-92702FF924C2}.AppStore|ARM.Build.0 = AppStore|iPhone
		{371C5DDE-E779-43B8-940A-92702FF924C2}.AppStore|ARM.Deploy.0 = AppStore|iPhone
		{371C5DDE-E779-43B8-940A-92702FF924C2}.AppStore|iPhone.ActiveCfg = AppStore|iPhone
		{371C5DDE-E779-43B8-940A-92702FF924C2}.AppStore|iPhone.Build.0 = AppStore|iPhone
		{371C5DDE-E779-43B8-940A-92702FF924C2}.AppStore|iPhone.Deploy.0 = AppStore|iPhone
		{371C5DDE-E779-43B8-940A-92702FF924C2}.AppStore|iPhoneSimulator.ActiveCfg = AppStore|iPhoneSimulator
		{371C5DDE-E779-43B8-940A-92702FF924C2}.AppStore|iPhoneSimulator.Build.0 = AppStore|iPhoneSimulator
		{371C5DDE-E779-43B8-940A-92702FF924C2}.AppStore|iPhoneSimulator.Deploy.0 = AppStore|iPhoneSimulator
		{371C5DDE-E779-43B8-940A-92702FF924C2}.AppStore|x64.ActiveCfg = AppStore|iPhone
		{371C5DDE-E779-43B8-940A-92702FF924C2}.AppStore|x64.Build.0 = AppStore|iPhone
		{371C5DDE-E779-43B8-940A-92702FF924C2}.AppStore|x64.Deploy.0 = AppStore|iPhone
		{371C5DDE-E779-43B8-940A-92702FF924C2}.AppStore|x86.ActiveCfg = AppStore|iPhone
		{371C5DDE-E779-43B8-940A-92702FF924C2}.AppStore|x86.Build.0 = AppStore|iPhone
		{371C5DDE-E779-43B8-940A-92702FF924C2}.AppStore|x86.Deploy.0 = AppStore|iPhone
		{371C5DDE-E779-43B8-940A-92702FF924C2}.Debug|Any CPU.ActiveCfg = Debug|iPhoneSimulator
		{371C5DDE-E779-43B8-940A-92702FF924C2}.Debug|Any CPU.Build.0 = Debug|iPhoneSimulator
		{371C5DDE-E779-43B8-940A-92702FF924C2}.Debug|Any CPU.Deploy.0 = Debug|iPhoneSimulator
		{371C5DDE-E779-43B8-940A-92702FF924C2}.Debug|ARM.ActiveCfg = Debug|iPhone
		{371C5DDE-E779-43B8-940A-92702FF924C2}.Debug|ARM.Build.0 = Debug|iPhone
		{371C5DDE-E779-43B8-940A-92702FF924C2}.Debug|ARM.Deploy.0 = Debug|iPhone
		{371C5DDE-E779-43B8-940A-92702FF924C2}.Debug|iPhone.ActiveCfg = Debug|iPhone
		{371C5DDE-E779-43B8-940A-92702FF924C2}.Debug|iPhone.Build.0 = Debug|iPhone
		{371C5DDE-E779-43B8-940A-92702FF924C2}.Debug|iPhone.Deploy.0 = Debug|iPhone
		{371C5DDE-E779-43B8-940A-92702FF924C2}.Debug|iPhoneSimulator.ActiveCfg = Debug|iPhoneSimulator
		{371C5DDE-E779-43B8-940A-92702FF924C2}.Debug|iPhoneSimulator.Build.0 = Debug|iPhoneSimulator
		{371C5DDE-E779-43B8-940A-92702FF924C2}.Debug|iPhoneSimulator.Deploy.0 = Debug|iPhoneSimulator
		{371C5DDE-E779-43B8-940A-92702FF924C2}.Debug|x64.ActiveCfg = Debug|iPhone
		{371C5DDE-E779-43B8-940A-92702FF924C2}.Debug|x64.Build.0 = Debug|iPhone
		{371C5DDE-E779-43B8-940A-92702FF924C2}.Debug|x64.Deploy.0 = Debug|iPhone
		{371C5DDE-E779-43B8-940A-92702FF924C2}.Debug|x86.ActiveCfg = Debug|iPhone
		{371C5DDE-E779-43B8-940A-92702FF924C2}.Debug|x86.Build.0 = Debug|iPhone
		{371C5DDE-E779-43B8-940A-92702FF924C2}.Debug|x86.Deploy.0 = Debug|iPhone
		{371C5DDE-E779-43B8-940A-92702FF924C2}.Release|Any CPU.ActiveCfg = Release|iPhone
		{371C5DDE-E779-43B8-940A-92702FF924C2}.Release|Any CPU.Build.0 = Release|iPhone
		{371C5DDE-E779-43B8-940A-92702FF924C2}.Release|Any CPU.Deploy.0 = Release|iPhone
		{371C5DDE-E779-43B8-940A-92702FF924C2}.Release|ARM.ActiveCfg = Release|iPhone
		{371C5DDE-E779-43B8-940A-92702FF924C2}.Release|ARM.Build.0 = Release|iPhone
		{371C5DDE-E779-43B8-940A-92702FF924C2}.Release|ARM.Deploy.0 = Release|iPhone
		{371C5DDE-E779-43B8-940A-92702FF924C2}.Release|iPhone.ActiveCfg = Release|iPhone
		{371C5DDE-E779-43B8-940A-92702FF924C2}.Release|iPhone.Build.0 = Release|iPhone
		{371C5DDE-E779-43B8-940A-92702FF924C2}.Release|iPhone.Deploy.0 = Release|iPhone
		{371C5DDE-E779-43B8-940A-92702FF924C2}.Release|iPhoneSimulator.ActiveCfg = Release|iPhoneSimulator
		{371C5DDE-E779-43B8-940A-92702FF924C2}.Release|iPhoneSimulator.Build.0 = Release|iPhoneSimulator
		{371C5DDE-E779-43B8-940A-92702FF924C2}.Release|iPhoneSimulator.Deploy.0 = Release|iPhoneSimulator
		{371C5DDE-E779-43B8-940A-92702FF924C2}.Release|x64.ActiveCfg = Release|iPhone
		{371C5DDE-E779-43B8-940A-92702FF924C2}.Release|x64.Build.0 = Release|iPhone
		{371C5DDE-E779-43B8-940A-92702FF924C2}.Release|x64.Deploy.0 = Release|iPhone
		{371C5DDE-E779-43B8-940A-92702FF924C2}.Release|x86.ActiveCfg = Release|iPhone
		{371C5DDE-E779-43B8-940A-92702FF924C2}.Release|x86.Build.0 = Release|iPhone
		{371C5DDE-E779-43B8-940A-92702FF924C2}.Release|x86.Deploy.0 = Release|iPhone
		{67615DA6-A46D-4276-B005-0C498EB6B333}.Ad-Hoc|Any CPU.ActiveCfg = Release|x86
		{67615DA6-A46D-4276-B005-0C498EB6B333}.Ad-Hoc|Any CPU.Build.0 = Release|x86
		{67615DA6-A46D-4276-B005-0C498EB6B333}.Ad-Hoc|Any CPU.Deploy.0 = Release|x86
		{67615DA6-A46D-4276-B005-0C498EB6B333}.Ad-Hoc|ARM.ActiveCfg = Release|ARM
		{67615DA6-A46D-4276-B005-0C498EB6B333}.Ad-Hoc|ARM.Build.0 = Release|ARM
		{67615DA6-A46D-4276-B005-0C498EB6B333}.Ad-Hoc|ARM.Deploy.0 = Release|ARM
		{67615DA6-A46D-4276-B005-0C498EB6B333}.Ad-Hoc|iPhone.ActiveCfg = Release|x86
		{67615DA6-A46D-4276-B005-0C498EB6B333}.Ad-Hoc|iPhone.Build.0 = Release|x86
		{67615DA6-A46D-4276-B005-0C498EB6B333}.Ad-Hoc|iPhone.Deploy.0 = Release|x86
		{67615DA6-A46D-4276-B005-0C498EB6B333}.Ad-Hoc|iPhoneSimulator.ActiveCfg = Release|x86
		{67615DA6-A46D-4276-B005-0C498EB6B333}.Ad-Hoc|iPhoneSimulator.Build.0 = Release|x86
		{67615DA6-A46D-4276-B005-0C498EB6B333}.Ad-Hoc|iPhoneSimulator.Deploy.0 = Release|x86
		{67615DA6-A46D-4276-B005-0C498EB6B333}.Ad-Hoc|x64.ActiveCfg = Release|x64
		{67615DA6-A46D-4276-B005-0C498EB6B333}.Ad-Hoc|x64.Build.0 = Release|x64
		{67615DA6-A46D-4276-B005-0C498EB6B333}.Ad-Hoc|x64.Deploy.0 = Release|x64
		{67615DA6-A46D-4276-B005-0C498EB6B333}.Ad-Hoc|x86.ActiveCfg = Release|x86
		{67615DA6-A46D-4276-B005-0C498EB6B333}.Ad-Hoc|x86.Build.0 = Release|x86
		{67615DA6-A46D-4276-B005-0C498EB6B333}.Ad-Hoc|x86.Deploy.0 = Release|x86
		{67615DA6-A46D-4276-B005-0C498EB6B333}.AppStore|Any CPU.ActiveCfg = Release|x86
		{67615DA6-A46D-4276-B005-0C498EB6B333}.AppStore|Any CPU.Build.0 = Release|x86
		{67615DA6-A46D-4276-B005-0C498EB6B333}.AppStore|Any CPU.Deploy.0 = Release|x86
		{67615DA6-A46D-4276-B005-0C498EB6B333}.AppStore|ARM.ActiveCfg = Release|ARM
		{67615DA6-A46D-4276-B005-0C498EB6B333}.AppStore|ARM.Build.0 = Release|ARM
		{67615DA6-A46D-4276-B005-0C498EB6B333}.AppStore|ARM.Deploy.0 = Release|ARM
		{67615DA6-A46D-4276-B005-0C498EB6B333}.AppStore|iPhone.ActiveCfg = Release|x86
		{67615DA6-A46D-4276-B005-0C498EB6B333}.AppStore|iPhone.Build.0 = Release|x86
		{67615DA6-A46D-4276-B005-0C498EB6B333}.AppStore|iPhone.Deploy.0 = Release|x86
		{67615DA6-A46D-4276-B005-0C498EB6B333}.AppStore|iPhoneSimulator.ActiveCfg = Release|x86
		{67615DA6-A46D-4276-B005-0C498EB6B333}.AppStore|iPhoneSimulator.Build.0 = Release|x86
		{67615DA6-A46D-4276-B005-0C498EB6B333}.AppStore|iPhoneSimulator.Deploy.0 = Release|x86
		{67615DA6-A46D-4276-B005-0C498EB6B333}.AppStore|x64.ActiveCfg = Release|x64
		{67615DA6-A46D-4276-B005-0C498EB6B333}.AppStore|x64.Build.0 = Release|x64
		{67615DA6-A46D-4276-B005-0C498EB6B333}.AppStore|x64.Deploy.0 = Release|x64
		{67615DA6-A46D-4276-B005-0C498EB6B333}.AppStore|x86.ActiveCfg = Release|x86
		{67615DA6-A46D-4276-B005-0C498EB6B333}.AppStore|x86.Build.0 = Release|x86
		{67615DA6-A46D-4276-B005-0C498EB6B333}.AppStore|x86.Deploy.0 = Release|x86
		{67615DA6-A46D-4276-B005-0C498EB6B333}.Debug|Any CPU.ActiveCfg = Debug|x86
		{67615DA6-A46D-4276-B005-0C498EB6B333}.Debug|Any CPU.Build.0 = Debug|x86
		{67615DA6-A46D-4276-B005-0C498EB6B333}.Debug|Any CPU.Deploy.0 = Debug|x86
		{67615DA6-A46D-4276-B005-0C498EB6B333}.Debug|ARM.ActiveCfg = Debug|ARM
		{67615DA6-A46D-4276-B005-0C498EB6B333}.Debug|ARM.Build.0 = Debug|ARM
		{67615DA6-A46D-4276-B005-0C498EB6B333}.Debug|ARM.Deploy.0 = Debug|ARM
		{67615DA6-A46D-4276-B005-0C498EB6B333}.Debug|iPhone.ActiveCfg = Debug|x86
		{67615DA6-A46D-4276-B005-0C498EB6B333}.Debug|iPhone.Build.0 = Debug|x86
		{67615DA6-A46D-4276-B005-0C498EB6B333}.Debug|iPhone.Deploy.0 = Debug|x86
		{67615DA6-A46D-4276-B005-0C498EB6B333}.Debug|iPhoneSimulator.ActiveCfg = Debug|x86
		{67615DA6-A46D-4276-B005-0C498EB6B333}.Debug|iPhoneSimulator.Build.0 = Debug|x86
		{67615DA6-A46D-4276-B005-0C498EB6B333}.Debug|iPhoneSimulator.Deploy.0 = Debug|x86
		{67615DA6-A46D-4276-B005-0C498EB6B333}.Debug|x64.ActiveCfg = Debug|x64
		{67615DA6-A46D-4276-B005-0C498EB6B333}.Debug|x64.Build.0 = Debug|x64
		{67615DA6-A46D-4276-B005-0C498EB6B333}.Debug|x64.Deploy.0 = Debug|x64
		{67615DA6-A46D-4276-B005-0C498EB6B333}.Debug|x86.ActiveCfg = Debug|x86
		{67615DA6-A46D-4276-B005-0C498EB6B333}.Debug|x86.Build.0 = Debug|x86
		{67615DA6-A46D-4276-B005-0C498EB6B333}.Debug|x86.Deploy.0 = Debug|x86
		{67615DA6-A46D-4276-B005-0C498EB6B333}.Release|Any CPU.ActiveCfg = Release|x86
		{67615DA6-A46D-4276-B005-0C498EB6B333}.Release|Any CPU.Build.0 = Release|x86
		{67615DA6-A46D-4276-B005-0C498EB6B333}.Release|Any CPU.Deploy.0 = Release|x86
		{67615DA6-A46D-4276-B005-0C498EB6B333}.Release|ARM.ActiveCfg = Release|ARM
		{67615DA6-A46D-4276-B005-0C498EB6B333}.Release|ARM.Build.0 = Release|ARM
		{67615DA6-A46D-4276-B005-0C498EB6B333}.Release|ARM.Deploy.0 = Release|ARM
		{67615DA6-A46D-4276-B005-0C498EB6B333}.Release|iPhone.ActiveCfg = Release|x86
		{67615DA6-A46D-4276-B005-0C498EB6B333}.Release|iPhone.Build.0 = Release|x86
		{67615DA6-A46D-4276-B005-0C498EB6B333}.Release|iPhone.Deploy.0 = Release|x86
		{67615DA6-A46D-4276-B005-0C498EB6B333}.Release|iPhoneSimulator.ActiveCfg = Release|x86
		{67615DA6-A46D-4276-B005-0C498EB6B333}.Release|iPhoneSimulator.Build.0 = Release|x86
		{67615DA6-A46D-4276-B005-0C498EB6B333}.Release|iPhoneSimulator.Deploy.0 = Release|x86
		{67615DA6-A46D-4276-B005-0C498EB6B333}.Release|x64.ActiveCfg = Release|x64
		{67615DA6-A46D-4276-B005-0C498EB6B333}.Release|x64.Build.0 = Release|x64
		{67615DA6-A46D-4276-B005-0C498EB6B333}.Release|x64.Deploy.0 = Release|x64
		{67615DA6-A46D-4276-B005-0C498EB6B333}.Release|x86.ActiveCfg = Release|x86
		{67615DA6-A46D-4276-B005-0C498EB6B333}.Release|x86.Build.0 = Release|x86
		{67615DA6-A46D-4276-B005-0C498EB6B333}.Release|x86.Deploy.0 = Release|x86
		{E71D1332-F60A-4516-B1A0-6FB2DEABBB60}.Ad-Hoc|Any CPU.ActiveCfg = Debug|Any CPU
		{E71D1332-F60A-4516-B1A0-6FB2DEABBB60}.Ad-Hoc|Any CPU.Build.0 = Debug|Any CPU
		{E71D1332-F60A-4516-B1A0-6FB2DEABBB60}.Ad-Hoc|Any CPU.Deploy.0 = Debug|Any CPU
		{E71D1332-F60A-4516-B1A0-6FB2DEABBB60}.Ad-Hoc|ARM.ActiveCfg = Debug|Any CPU
		{E71D1332-F60A-4516-B1A0-6FB2DEABBB60}.Ad-Hoc|ARM.Build.0 = Debug|Any CPU
		{E71D1332-F60A-4516-B1A0-6FB2DEABBB60}.Ad-Hoc|ARM.Deploy.0 = Debug|Any CPU
		{E71D1332-F60A-4516-B1A0-6FB2DEABBB60}.Ad-Hoc|iPhone.ActiveCfg = Debug|Any CPU
		{E71D1332-F60A-4516-B1A0-6FB2DEABBB60}.Ad-Hoc|iPhone.Build.0 = Debug|Any CPU
		{E71D1332-F60A-4516-B1A0-6FB2DEABBB60}.Ad-Hoc|iPhone.Deploy.0 = Debug|Any CPU
		{E71D1332-F60A-4516-B1A0-6FB2DEABBB60}.Ad-Hoc|iPhoneSimulator.ActiveCfg = Debug|Any CPU
		{E71D1332-F60A-4516-B1A0-6FB2DEABBB60}.Ad-Hoc|iPhoneSimulator.Build.0 = Debug|Any CPU
		{E71D1332-F60A-4516-B1A0-6FB2DEABBB60}.Ad-Hoc|iPhoneSimulator.Deploy.0 = Debug|Any CPU
		{E71D1332-F60A-4516-B1A0-6FB2DEABBB60}.Ad-Hoc|x64.ActiveCfg = Debug|Any CPU
		{E71D1332-F60A-4516-B1A0-6FB2DEABBB60}.Ad-Hoc|x64.Build.0 = Debug|Any CPU
		{E71D1332-F60A-4516-B1A0-6FB2DEABBB60}.Ad-Hoc|x64.Deploy.0 = Debug|Any CPU
		{E71D1332-F60A-4516-B1A0-6FB2DEABBB60}.Ad-Hoc|x86.ActiveCfg = Debug|Any CPU
		{E71D1332-F60A-4516-B1A0-6FB2DEABBB60}.Ad-Hoc|x86.Build.0 = Debug|Any CPU
		{E71D1332-F60A-4516-B1A0-6FB2DEABBB60}.Ad-Hoc|x86.Deploy.0 = Debug|Any CPU
		{E71D1332-F60A-4516-B1A0-6FB2DEABBB60}.AppStore|Any CPU.ActiveCfg = Debug|Any CPU
		{E71D1332-F60A-4516-B1A0-6FB2DEABBB60}.AppStore|Any CPU.Build.0 = Debug|Any CPU
		{E71D1332-F60A-4516-B1A0-6FB2DEABBB60}.AppStore|Any CPU.Deploy.0 = Debug|Any CPU
		{E71D1332-F60A-4516-B1A0-6FB2DEABBB60}.AppStore|ARM.ActiveCfg = Debug|Any CPU
		{E71D1332-F60A-4516-B1A0-6FB2DEABBB60}.AppStore|ARM.Build.0 = Debug|Any CPU
		{E71D1332-F60A-4516-B1A0-6FB2DEABBB60}.AppStore|ARM.Deploy.0 = Debug|Any CPU
		{E71D1332-F60A-4516-B1A0-6FB2DEABBB60}.AppStore|iPhone.ActiveCfg = Debug|Any CPU
		{E71D1332-F60A-4516-B1A0-6FB2DEABBB60}.AppStore|iPhone.Build.0 = Debug|Any CPU
		{E71D1332-F60A-4516-B1A0-6FB2DEABBB60}.AppStore|iPhone.Deploy.0 = Debug|Any CPU
		{E71D1332-F60A-4516-B1A0-6FB2DEABBB60}.AppStore|iPhoneSimulator.ActiveCfg = Debug|Any CPU
		{E71D1332-F60A-4516-B1A0-6FB2DEABBB60}.AppStore|iPhoneSimulator.Build.0 = Debug|Any CPU
		{E71D1332-F60A-4516-B1A0-6FB2DEABBB60}.AppStore|iPhoneSimulator.Deploy.0 = Debug|Any CPU
		{E71D1332-F60A-4516-B1A0-6FB2DEABBB60}.AppStore|x64.ActiveCfg = Debug|Any CPU
		{E71D1332-F60A-4516-B1A0-6FB2DEABBB60}.AppStore|x64.Build.0 = Debug|Any CPU
		{E71D1332-F60A-4516-B1A0-6FB2DEABBB60}.AppStore|x64.Deploy.0 = Debug|Any CPU
		{E71D1332-F60A-4516-B1A0-6FB2DEABBB60}.AppStore|x86.ActiveCfg = Debug|Any CPU
		{E71D1332-F60A-4516-B1A0-6FB2DEABBB60}.AppStore|x86.Build.0 = Debug|Any CPU
		{E71D1332-F60A-4516-B1A0-6FB2DEABBB60}.AppStore|x86.Deploy.0 = Debug|Any CPU
		{E71D1332-F60A-4516-B1A0-6FB2DEABBB60}.Debug|Any CPU.ActiveCfg = Debug|Any CPU
		{E71D1332-F60A-4516-B1A0-6FB2DEABBB60}.Debug|Any CPU.Build.0 = Debug|Any CPU
		{E71D1332-F60A-4516-B1A0-6FB2DEABBB60}.Debug|Any CPU.Deploy.0 = Debug|Any CPU
		{E71D1332-F60A-4516-B1A0-6FB2DEABBB60}.Debug|ARM.ActiveCfg = Debug|Any CPU
		{E71D1332-F60A-4516-B1A0-6FB2DEABBB60}.Debug|ARM.Build.0 = Debug|Any CPU
		{E71D1332-F60A-4516-B1A0-6FB2DEABBB60}.Debug|ARM.Deploy.0 = Debug|Any CPU
		{E71D1332-F60A-4516-B1A0-6FB2DEABBB60}.Debug|iPhone.ActiveCfg = Debug|Any CPU
		{E71D1332-F60A-4516-B1A0-6FB2DEABBB60}.Debug|iPhone.Build.0 = Debug|Any CPU
		{E71D1332-F60A-4516-B1A0-6FB2DEABBB60}.Debug|iPhone.Deploy.0 = Debug|Any CPU
		{E71D1332-F60A-4516-B1A0-6FB2DEABBB60}.Debug|iPhoneSimulator.ActiveCfg = Debug|Any CPU
		{E71D1332-F60A-4516-B1A0-6FB2DEABBB60}.Debug|iPhoneSimulator.Build.0 = Debug|Any CPU
		{E71D1332-F60A-4516-B1A0-6FB2DEABBB60}.Debug|iPhoneSimulator.Deploy.0 = Debug|Any CPU
		{E71D1332-F60A-4516-B1A0-6FB2DEABBB60}.Debug|x64.ActiveCfg = Debug|Any CPU
		{E71D1332-F60A-4516-B1A0-6FB2DEABBB60}.Debug|x64.Build.0 = Debug|Any CPU
		{E71D1332-F60A-4516-B1A0-6FB2DEABBB60}.Debug|x64.Deploy.0 = Debug|Any CPU
		{E71D1332-F60A-4516-B1A0-6FB2DEABBB60}.Debug|x86.ActiveCfg = Debug|Any CPU
		{E71D1332-F60A-4516-B1A0-6FB2DEABBB60}.Debug|x86.Build.0 = Debug|Any CPU
		{E71D1332-F60A-4516-B1A0-6FB2DEABBB60}.Debug|x86.Deploy.0 = Debug|Any CPU
		{E71D1332-F60A-4516-B1A0-6FB2DEABBB60}.Release|Any CPU.ActiveCfg = Release|Any CPU
		{E71D1332-F60A-4516-B1A0-6FB2DEABBB60}.Release|Any CPU.Build.0 = Release|Any CPU
		{E71D1332-F60A-4516-B1A0-6FB2DEABBB60}.Release|Any CPU.Deploy.0 = Release|Any CPU
		{E71D1332-F60A-4516-B1A0-6FB2DEABBB60}.Release|ARM.ActiveCfg = Release|Any CPU
		{E71D1332-F60A-4516-B1A0-6FB2DEABBB60}.Release|ARM.Build.0 = Release|Any CPU
		{E71D1332-F60A-4516-B1A0-6FB2DEABBB60}.Release|ARM.Deploy.0 = Release|Any CPU
		{E71D1332-F60A-4516-B1A0-6FB2DEABBB60}.Release|iPhone.ActiveCfg = Release|Any CPU
		{E71D1332-F60A-4516-B1A0-6FB2DEABBB60}.Release|iPhone.Build.0 = Release|Any CPU
		{E71D1332-F60A-4516-B1A0-6FB2DEABBB60}.Release|iPhone.Deploy.0 = Release|Any CPU
		{E71D1332-F60A-4516-B1A0-6FB2DEABBB60}.Release|iPhoneSimulator.ActiveCfg = Release|Any CPU
		{E71D1332-F60A-4516-B1A0-6FB2DEABBB60}.Release|iPhoneSimulator.Build.0 = Release|Any CPU
		{E71D1332-F60A-4516-B1A0-6FB2DEABBB60}.Release|iPhoneSimulator.Deploy.0 = Release|Any CPU
		{E71D1332-F60A-4516-B1A0-6FB2DEABBB60}.Release|x64.ActiveCfg = Release|Any CPU
		{E71D1332-F60A-4516-B1A0-6FB2DEABBB60}.Release|x64.Build.0 = Release|Any CPU
		{E71D1332-F60A-4516-B1A0-6FB2DEABBB60}.Release|x64.Deploy.0 = Release|Any CPU
		{E71D1332-F60A-4516-B1A0-6FB2DEABBB60}.Release|x86.ActiveCfg = Release|Any CPU
		{E71D1332-F60A-4516-B1A0-6FB2DEABBB60}.Release|x86.Build.0 = Release|Any CPU
		{E71D1332-F60A-4516-B1A0-6FB2DEABBB60}.Release|x86.Deploy.0 = Release|Any CPU
	EndGlobalSection
	GlobalSection(SolutionProperties) = preSolution
		HideSolutionNode = FALSE
	EndGlobalSection
	GlobalSection(ExtensibilityGlobals) = postSolution
		SolutionGuid = {C9A67DBB-803F-4BBB-8BC1-50E0D8551695}
	EndGlobalSection
EndGlobal
