
Microsoft Visual Studio Solution File, Format Version 12.00
# Visual Studio 15
VisualStudioVersion = 15.0.28307.421
MinimumVisualStudioVersion = 10.0.40219.1
Project("{FAE04EC0-301F-11D3-BF4B-00C04F79EFBC}") = "Caelum.Leilao.Test", "Caelum.Leilao.Test\Caelum.Leilao.Test.csproj", "{8514183E-3476-4035-8590-5001E7CFEEBA}"
EndProject
Global
	GlobalSection(SolutionConfigurationPlatforms) = preSolution
		Debug|Any CPU = Debug|Any CPU
		Release|Any CPU = Release|Any CPU
	EndGlobalSection
	GlobalSection(ProjectConfigurationPlatforms) = postSolution
		{8514183E-3476-4035-8590-5001E7CFEEBA}.Debug|Any CPU.ActiveCfg = Debug|Any CPU
		{8514183E-3476-4035-8590-5001E7CFEEBA}.Debug|Any CPU.Build.0 = Debug|Any CPU
		{8514183E-3476-4035-8590-5001E7CFEEBA}.Release|Any CPU.ActiveCfg = Release|Any CPU
		{8514183E-3476-4035-8590-5001E7CFEEBA}.Release|Any CPU.Build.0 = Release|Any CPU
	EndGlobalSection
	GlobalSection(SolutionProperties) = preSolution
		HideSolutionNode = FALSE
	EndGlobalSection
	GlobalSection(ExtensibilityGlobals) = postSolution
		SolutionGuid = {A76E0F69-3190-4760-BB6F-8492300727BC}
	EndGlobalSection
EndGlobal
