
Microsoft Visual Studio Solution File, Format Version 12.00
# Visual Studio 15
VisualStudioVersion = 15.0.28307.136
MinimumVisualStudioVersion = 10.0.40219.1
Project("{FAE04EC0-301F-11D3-BF4B-00C04F79EFBC}") = "App1_Vagas.Android", "App1_Vagas\App1_Vagas.Android\App1_Vagas.Android.csproj", "{D5DFD38D-C0FF-4457-9812-803983FF2E0E}"
EndProject
Project("{FAE04EC0-301F-11D3-BF4B-00C04F79EFBC}") = "App1_Vagas.iOS", "App1_Vagas\App1_Vagas.iOS\App1_Vagas.iOS.csproj", "{DDA8344D-8FE5-4CDF-AEB1-D9448AFA119B}"
EndProject
Project("{FAE04EC0-301F-11D3-BF4B-00C04F79EFBC}") = "App1_Vagas.UWP", "App1_Vagas\App1_Vagas.UWP\App1_Vagas.UWP.csproj", "{099A4C71-9F1B-4AC2-B466-70A57AEB6764}"
EndProject
Project("{FAE04EC0-301F-11D3-BF4B-00C04F79EFBC}") = "App1_Vagas", "App1_Vagas\App1_Vagas\App1_Vagas.csproj", "{A25FA469-2F60-4258-A01A-DB6C0A619293}"
EndProject
Global
	GlobalSection(SolutionConfigurationPlatforms) = preSolution
		Ad-Hoc|Any CPU = Ad-Hoc|Any CPU
		Ad-Hoc|ARM = Ad-Hoc|ARM
		Ad-Hoc|iPhone = Ad-Hoc|iPhone
		Ad-Hoc|iPhoneSimulator = Ad-Hoc|iPhoneSimulator
		Ad-Hoc|x64 = Ad-Hoc|x64
		Ad-Hoc|x86 = Ad-Hoc|x86
		AppStore|Any CPU = AppStore|Any CPU
		AppStore|ARM = AppStore|ARM
		AppStore|iPhone = AppStore|iPhone
		AppStore|iPhoneSimulator = AppStore|iPhoneSimulator
		AppStore|x64 = AppStore|x64
		AppStore|x86 = AppStore|x86
		Debug|Any CPU = Debug|Any CPU
		Debug|ARM = Debug|ARM
		Debug|iPhone = Debug|iPhone
		Debug|iPhoneSimulator = Debug|iPhoneSimulator
		Debug|x64 = Debug|x64
		Debug|x86 = Debug|x86
		Release|Any CPU = Release|Any CPU
		Release|ARM = Release|ARM
		Release|iPhone = Release|iPhone
		Release|iPhoneSimulator = Release|iPhoneSimulator
		Release|x64 = Release|x64
		Release|x86 = Release|x86
	EndGlobalSection
	GlobalSection(ProjectConfigurationPlatforms) = postSolution
		{D5DFD38D-C0FF-4457-9812-803983FF2E0E}.Ad-Hoc|Any CPU.ActiveCfg = Release|Any CPU
		{D5DFD38D-C0FF-4457-9812-803983FF2E0E}.Ad-Hoc|Any CPU.Build.0 = Release|Any CPU
		{D5DFD38D-C0FF-4457-9812-803983FF2E0E}.Ad-Hoc|Any CPU.Deploy.0 = Release|Any CPU
		{D5DFD38D-C0FF-4457-9812-803983FF2E0E}.Ad-Hoc|ARM.ActiveCfg = Release|Any CPU
		{D5DFD38D-C0FF-4457-9812-803983FF2E0E}.Ad-Hoc|ARM.Build.0 = Release|Any CPU
		{D5DFD38D-C0FF-4457-9812-803983FF2E0E}.Ad-Hoc|ARM.Deploy.0 = Release|Any CPU
		{D5DFD38D-C0FF-4457-9812-803983FF2E0E}.Ad-Hoc|iPhone.ActiveCfg = Release|Any CPU
		{D5DFD38D-C0FF-4457-9812-803983FF2E0E}.Ad-Hoc|iPhone.Build.0 = Release|Any CPU
		{D5DFD38D-C0FF-4457-9812-803983FF2E0E}.Ad-Hoc|iPhone.Deploy.0 = Release|Any CPU
		{D5DFD38D-C0FF-4457-9812-803983FF2E0E}.Ad-Hoc|iPhoneSimulator.ActiveCfg = Release|Any CPU
		{D5DFD38D-C0FF-4457-9812-803983FF2E0E}.Ad-Hoc|iPhoneSimulator.Build.0 = Release|Any CPU
		{D5DFD38D-C0FF-4457-9812-803983FF2E0E}.Ad-Hoc|iPhoneSimulator.Deploy.0 = Release|Any CPU
		{D5DFD38D-C0FF-4457-9812-803983FF2E0E}.Ad-Hoc|x64.ActiveCfg = Release|Any CPU
		{D5DFD38D-C0FF-4457-9812-803983FF2E0E}.Ad-Hoc|x64.Build.0 = Release|Any CPU
		{D5DFD38D-C0FF-4457-9812-803983FF2E0E}.Ad-Hoc|x64.Deploy.0 = Release|Any CPU
		{D5DFD38D-C0FF-4457-9812-803983FF2E0E}.Ad-Hoc|x86.ActiveCfg = Release|Any CPU
		{D5DFD38D-C0FF-4457-9812-803983FF2E0E}.Ad-Hoc|x86.Build.0 = Release|Any CPU
		{D5DFD38D-C0FF-4457-9812-803983FF2E0E}.Ad-Hoc|x86.Deploy.0 = Release|Any CPU
		{D5DFD38D-C0FF-4457-9812-803983FF2E0E}.AppStore|Any CPU.ActiveCfg = Release|Any CPU
		{D5DFD38D-C0FF-4457-9812-803983FF2E0E}.AppStore|Any CPU.Build.0 = Release|Any CPU
		{D5DFD38D-C0FF-4457-9812-803983FF2E0E}.AppStore|Any CPU.Deploy.0 = Release|Any CPU
		{D5DFD38D-C0FF-4457-9812-803983FF2E0E}.AppStore|ARM.ActiveCfg = Release|Any CPU
		{D5DFD38D-C0FF-4457-9812-803983FF2E0E}.AppStore|ARM.Build.0 = Release|Any CPU
		{D5DFD38D-C0FF-4457-9812-803983FF2E0E}.AppStore|ARM.Deploy.0 = Release|Any CPU
		{D5DFD38D-C0FF-4457-9812-803983FF2E0E}.AppStore|iPhone.ActiveCfg = Release|Any CPU
		{D5DFD38D-C0FF-4457-9812-803983FF2E0E}.AppStore|iPhone.Build.0 = Release|Any CPU
		{D5DFD38D-C0FF-4457-9812-803983FF2E0E}.AppStore|iPhone.Deploy.0 = Release|Any CPU
		{D5DFD38D-C0FF-4457-9812-803983FF2E0E}.AppStore|iPhoneSimulator.ActiveCfg = Release|Any CPU
		{D5DFD38D-C0FF-4457-9812-803983FF2E0E}.AppStore|iPhoneSimulator.Build.0 = Release|Any CPU
		{D5DFD38D-C0FF-4457-9812-803983FF2E0E}.AppStore|iPhoneSimulator.Deploy.0 = Release|Any CPU
		{D5DFD38D-C0FF-4457-9812-803983FF2E0E}.AppStore|x64.ActiveCfg = Release|Any CPU
		{D5DFD38D-C0FF-4457-9812-803983FF2E0E}.AppStore|x64.Build.0 = Release|Any CPU
		{D5DFD38D-C0FF-4457-9812-803983FF2E0E}.AppStore|x64.Deploy.0 = Release|Any CPU
		{D5DFD38D-C0FF-4457-9812-803983FF2E0E}.AppStore|x86.ActiveCfg = Release|Any CPU
		{D5DFD38D-C0FF-4457-9812-803983FF2E0E}.AppStore|x86.Build.0 = Release|Any CPU
		{D5DFD38D-C0FF-4457-9812-803983FF2E0E}.AppStore|x86.Deploy.0 = Release|Any CPU
		{D5DFD38D-C0FF-4457-9812-803983FF2E0E}.Debug|Any CPU.ActiveCfg = Debug|Any CPU
		{D5DFD38D-C0FF-4457-9812-803983FF2E0E}.Debug|Any CPU.Build.0 = Debug|Any CPU
		{D5DFD38D-C0FF-4457-9812-803983FF2E0E}.Debug|Any CPU.Deploy.0 = Debug|Any CPU
		{D5DFD38D-C0FF-4457-9812-803983FF2E0E}.Debug|ARM.ActiveCfg = Debug|Any CPU
		{D5DFD38D-C0FF-4457-9812-803983FF2E0E}.Debug|ARM.Build.0 = Debug|Any CPU
		{D5DFD38D-C0FF-4457-9812-803983FF2E0E}.Debug|ARM.Deploy.0 = Debug|Any CPU
		{D5DFD38D-C0FF-4457-9812-803983FF2E0E}.Debug|iPhone.ActiveCfg = Debug|Any CPU
		{D5DFD38D-C0FF-4457-9812-803983FF2E0E}.Debug|iPhone.Build.0 = Debug|Any CPU
		{D5DFD38D-C0FF-4457-9812-803983FF2E0E}.Debug|iPhone.Deploy.0 = Debug|Any CPU
		{D5DFD38D-C0FF-4457-9812-803983FF2E0E}.Debug|iPhoneSimulator.ActiveCfg = Debug|Any CPU
		{D5DFD38D-C0FF-4457-9812-803983FF2E0E}.Debug|iPhoneSimulator.Build.0 = Debug|Any CPU
		{D5DFD38D-C0FF-4457-9812-803983FF2E0E}.Debug|iPhoneSimulator.Deploy.0 = Debug|Any CPU
		{D5DFD38D-C0FF-4457-9812-803983FF2E0E}.Debug|x64.ActiveCfg = Debug|Any CPU
		{D5DFD38D-C0FF-4457-9812-803983FF2E0E}.Debug|x64.Build.0 = Debug|Any CPU
		{D5DFD38D-C0FF-4457-9812-803983FF2E0E}.Debug|x64.Deploy.0 = Debug|Any CPU
		{D5DFD38D-C0FF-4457-9812-803983FF2E0E}.Debug|x86.ActiveCfg = Debug|Any CPU
		{D5DFD38D-C0FF-4457-9812-803983FF2E0E}.Debug|x86.Build.0 = Debug|Any CPU
		{D5DFD38D-C0FF-4457-9812-803983FF2E0E}.Debug|x86.Deploy.0 = Debug|Any CPU
		{D5DFD38D-C0FF-4457-9812-803983FF2E0E}.Release|Any CPU.ActiveCfg = Release|Any CPU
		{D5DFD38D-C0FF-4457-9812-803983FF2E0E}.Release|Any CPU.Build.0 = Release|Any CPU
		{D5DFD38D-C0FF-4457-9812-803983FF2E0E}.Release|Any CPU.Deploy.0 = Release|Any CPU
		{D5DFD38D-C0FF-4457-9812-803983FF2E0E}.Release|ARM.ActiveCfg = Release|Any CPU
		{D5DFD38D-C0FF-4457-9812-803983FF2E0E}.Release|ARM.Build.0 = Release|Any CPU
		{D5DFD38D-C0FF-4457-9812-803983FF2E0E}.Release|ARM.Deploy.0 = Release|Any CPU
		{D5DFD38D-C0FF-4457-9812-803983FF2E0E}.Release|iPhone.ActiveCfg = Release|Any CPU
		{D5DFD38D-C0FF-4457-9812-803983FF2E0E}.Release|iPhone.Build.0 = Release|Any CPU
		{D5DFD38D-C0FF-4457-9812-803983FF2E0E}.Release|iPhone.Deploy.0 = Release|Any CPU
		{D5DFD38D-C0FF-4457-9812-803983FF2E0E}.Release|iPhoneSimulator.ActiveCfg = Release|Any CPU
		{D5DFD38D-C0FF-4457-9812-803983FF2E0E}.Release|iPhoneSimulator.Build.0 = Release|Any CPU
		{D5DFD38D-C0FF-4457-9812-803983FF2E0E}.Release|iPhoneSimulator.Deploy.0 = Release|Any CPU
		{D5DFD38D-C0FF-4457-9812-803983FF2E0E}.Release|x64.ActiveCfg = Release|Any CPU
		{D5DFD38D-C0FF-4457-9812-803983FF2E0E}.Release|x64.Build.0 = Release|Any CPU
		{D5DFD38D-C0FF-4457-9812-803983FF2E0E}.Release|x64.Deploy.0 = Release|Any CPU
		{D5DFD38D-C0FF-4457-9812-803983FF2E0E}.Release|x86.ActiveCfg = Release|Any CPU
		{D5DFD38D-C0FF-4457-9812-803983FF2E0E}.Release|x86.Build.0 = Release|Any CPU
		{D5DFD38D-C0FF-4457-9812-803983FF2E0E}.Release|x86.Deploy.0 = Release|Any CPU
		{DDA8344D-8FE5-4CDF-AEB1-D9448AFA119B}.Ad-Hoc|Any CPU.ActiveCfg = Ad-Hoc|iPhone
		{DDA8344D-8FE5-4CDF-AEB1-D9448AFA119B}.Ad-Hoc|Any CPU.Build.0 = Ad-Hoc|iPhone
		{DDA8344D-8FE5-4CDF-AEB1-D9448AFA119B}.Ad-Hoc|Any CPU.Deploy.0 = Ad-Hoc|iPhone
		{DDA8344D-8FE5-4CDF-AEB1-D9448AFA119B}.Ad-Hoc|ARM.ActiveCfg = Ad-Hoc|iPhone
		{DDA8344D-8FE5-4CDF-AEB1-D9448AFA119B}.Ad-Hoc|ARM.Build.0 = Ad-Hoc|iPhone
		{DDA8344D-8FE5-4CDF-AEB1-D9448AFA119B}.Ad-Hoc|ARM.Deploy.0 = Ad-Hoc|iPhone
		{DDA8344D-8FE5-4CDF-AEB1-D9448AFA119B}.Ad-Hoc|iPhone.ActiveCfg = Ad-Hoc|iPhone
		{DDA8344D-8FE5-4CDF-AEB1-D9448AFA119B}.Ad-Hoc|iPhone.Build.0 = Ad-Hoc|iPhone
		{DDA8344D-8FE5-4CDF-AEB1-D9448AFA119B}.Ad-Hoc|iPhone.Deploy.0 = Ad-Hoc|iPhone
		{DDA8344D-8FE5-4CDF-AEB1-D9448AFA119B}.Ad-Hoc|iPhoneSimulator.ActiveCfg = Ad-Hoc|iPhoneSimulator
		{DDA8344D-8FE5-4CDF-AEB1-D9448AFA119B}.Ad-Hoc|iPhoneSimulator.Build.0 = Ad-Hoc|iPhoneSimulator
		{DDA8344D-8FE5-4CDF-AEB1-D9448AFA119B}.Ad-Hoc|iPhoneSimulator.Deploy.0 = Ad-Hoc|iPhoneSimulator
		{DDA8344D-8FE5-4CDF-AEB1-D9448AFA119B}.Ad-Hoc|x64.ActiveCfg = Ad-Hoc|iPhone
		{DDA8344D-8FE5-4CDF-AEB1-D9448AFA119B}.Ad-Hoc|x64.Build.0 = Ad-Hoc|iPhone
		{DDA8344D-8FE5-4CDF-AEB1-D9448AFA119B}.Ad-Hoc|x64.Deploy.0 = Ad-Hoc|iPhone
		{DDA8344D-8FE5-4CDF-AEB1-D9448AFA119B}.Ad-Hoc|x86.ActiveCfg = Ad-Hoc|iPhone
		{DDA8344D-8FE5-4CDF-AEB1-D9448AFA119B}.Ad-Hoc|x86.Build.0 = Ad-Hoc|iPhone
		{DDA8344D-8FE5-4CDF-AEB1-D9448AFA119B}.Ad-Hoc|x86.Deploy.0 = Ad-Hoc|iPhone
		{DDA8344D-8FE5-4CDF-AEB1-D9448AFA119B}.AppStore|Any CPU.ActiveCfg = AppStore|iPhone
		{DDA8344D-8FE5-4CDF-AEB1-D9448AFA119B}.AppStore|Any CPU.Build.0 = AppStore|iPhone
		{DDA8344D-8FE5-4CDF-AEB1-D9448AFA119B}.AppStore|Any CPU.Deploy.0 = AppStore|iPhone
		{DDA8344D-8FE5-4CDF-AEB1-D9448AFA119B}.AppStore|ARM.ActiveCfg = AppStore|iPhone
		{DDA8344D-8FE5-4CDF-AEB1-D9448AFA119B}.AppStore|ARM.Build.0 = AppStore|iPhone
		{DDA8344D-8FE5-4CDF-AEB1-D9448AFA119B}.AppStore|ARM.Deploy.0 = AppStore|iPhone
		{DDA8344D-8FE5-4CDF-AEB1-D9448AFA119B}.AppStore|iPhone.ActiveCfg = AppStore|iPhone
		{DDA8344D-8FE5-4CDF-AEB1-D9448AFA119B}.AppStore|iPhone.Build.0 = AppStore|iPhone
		{DDA8344D-8FE5-4CDF-AEB1-D9448AFA119B}.AppStore|iPhone.Deploy.0 = AppStore|iPhone
		{DDA8344D-8FE5-4CDF-AEB1-D9448AFA119B}.AppStore|iPhoneSimulator.ActiveCfg = AppStore|iPhoneSimulator
		{DDA8344D-8FE5-4CDF-AEB1-D9448AFA119B}.AppStore|iPhoneSimulator.Build.0 = AppStore|iPhoneSimulator
		{DDA8344D-8FE5-4CDF-AEB1-D9448AFA119B}.AppStore|iPhoneSimulator.Deploy.0 = AppStore|iPhoneSimulator
		{DDA8344D-8FE5-4CDF-AEB1-D9448AFA119B}.AppStore|x64.ActiveCfg = AppStore|iPhone
		{DDA8344D-8FE5-4CDF-AEB1-D9448AFA119B}.AppStore|x64.Build.0 = AppStore|iPhone
		{DDA8344D-8FE5-4CDF-AEB1-D9448AFA119B}.AppStore|x64.Deploy.0 = AppStore|iPhone
		{DDA8344D-8FE5-4CDF-AEB1-D9448AFA119B}.AppStore|x86.ActiveCfg = AppStore|iPhone
		{DDA8344D-8FE5-4CDF-AEB1-D9448AFA119B}.AppStore|x86.Build.0 = AppStore|iPhone
		{DDA8344D-8FE5-4CDF-AEB1-D9448AFA119B}.AppStore|x86.Deploy.0 = AppStore|iPhone
		{DDA8344D-8FE5-4CDF-AEB1-D9448AFA119B}.Debug|Any CPU.ActiveCfg = Debug|iPhoneSimulator
		{DDA8344D-8FE5-4CDF-AEB1-D9448AFA119B}.Debug|Any CPU.Build.0 = Debug|iPhoneSimulator
		{DDA8344D-8FE5-4CDF-AEB1-D9448AFA119B}.Debug|Any CPU.Deploy.0 = Debug|iPhoneSimulator
		{DDA8344D-8FE5-4CDF-AEB1-D9448AFA119B}.Debug|ARM.ActiveCfg = Debug|iPhone
		{DDA8344D-8FE5-4CDF-AEB1-D9448AFA119B}.Debug|ARM.Build.0 = Debug|iPhone
		{DDA8344D-8FE5-4CDF-AEB1-D9448AFA119B}.Debug|ARM.Deploy.0 = Debug|iPhone
		{DDA8344D-8FE5-4CDF-AEB1-D9448AFA119B}.Debug|iPhone.ActiveCfg = Debug|iPhone
		{DDA8344D-8FE5-4CDF-AEB1-D9448AFA119B}.Debug|iPhone.Build.0 = Debug|iPhone
		{DDA8344D-8FE5-4CDF-AEB1-D9448AFA119B}.Debug|iPhone.Deploy.0 = Debug|iPhone
		{DDA8344D-8FE5-4CDF-AEB1-D9448AFA119B}.Debug|iPhoneSimulator.ActiveCfg = Debug|iPhoneSimulator
		{DDA8344D-8FE5-4CDF-AEB1-D9448AFA119B}.Debug|iPhoneSimulator.Build.0 = Debug|iPhoneSimulator
		{DDA8344D-8FE5-4CDF-AEB1-D9448AFA119B}.Debug|iPhoneSimulator.Deploy.0 = Debug|iPhoneSimulator
		{DDA8344D-8FE5-4CDF-AEB1-D9448AFA119B}.Debug|x64.ActiveCfg = Debug|iPhone
		{DDA8344D-8FE5-4CDF-AEB1-D9448AFA119B}.Debug|x64.Build.0 = Debug|iPhone
		{DDA8344D-8FE5-4CDF-AEB1-D9448AFA119B}.Debug|x64.Deploy.0 = Debug|iPhone
		{DDA8344D-8FE5-4CDF-AEB1-D9448AFA119B}.Debug|x86.ActiveCfg = Debug|iPhone
		{DDA8344D-8FE5-4CDF-AEB1-D9448AFA119B}.Debug|x86.Build.0 = Debug|iPhone
		{DDA8344D-8FE5-4CDF-AEB1-D9448AFA119B}.Debug|x86.Deploy.0 = Debug|iPhone
		{DDA8344D-8FE5-4CDF-AEB1-D9448AFA119B}.Release|Any CPU.ActiveCfg = Release|iPhone
		{DDA8344D-8FE5-4CDF-AEB1-D9448AFA119B}.Release|Any CPU.Build.0 = Release|iPhone
		{DDA8344D-8FE5-4CDF-AEB1-D9448AFA119B}.Release|Any CPU.Deploy.0 = Release|iPhone
		{DDA8344D-8FE5-4CDF-AEB1-D9448AFA119B}.Release|ARM.ActiveCfg = Release|iPhone
		{DDA8344D-8FE5-4CDF-AEB1-D9448AFA119B}.Release|ARM.Build.0 = Release|iPhone
		{DDA8344D-8FE5-4CDF-AEB1-D9448AFA119B}.Release|ARM.Deploy.0 = Release|iPhone
		{DDA8344D-8FE5-4CDF-AEB1-D9448AFA119B}.Release|iPhone.ActiveCfg = Release|iPhone
		{DDA8344D-8FE5-4CDF-AEB1-D9448AFA119B}.Release|iPhone.Build.0 = Release|iPhone
		{DDA8344D-8FE5-4CDF-AEB1-D9448AFA119B}.Release|iPhone.Deploy.0 = Release|iPhone
		{DDA8344D-8FE5-4CDF-AEB1-D9448AFA119B}.Release|iPhoneSimulator.ActiveCfg = Release|iPhoneSimulator
		{DDA8344D-8FE5-4CDF-AEB1-D9448AFA119B}.Release|iPhoneSimulator.Build.0 = Release|iPhoneSimulator
		{DDA8344D-8FE5-4CDF-AEB1-D9448AFA119B}.Release|iPhoneSimulator.Deploy.0 = Release|iPhoneSimulator
		{DDA8344D-8FE5-4CDF-AEB1-D9448AFA119B}.Release|x64.ActiveCfg = Release|iPhone
		{DDA8344D-8FE5-4CDF-AEB1-D9448AFA119B}.Release|x64.Build.0 = Release|iPhone
		{DDA8344D-8FE5-4CDF-AEB1-D9448AFA119B}.Release|x64.Deploy.0 = Release|iPhone
		{DDA8344D-8FE5-4CDF-AEB1-D9448AFA119B}.Release|x86.ActiveCfg = Release|iPhone
		{DDA8344D-8FE5-4CDF-AEB1-D9448AFA119B}.Release|x86.Build.0 = Release|iPhone
		{DDA8344D-8FE5-4CDF-AEB1-D9448AFA119B}.Release|x86.Deploy.0 = Release|iPhone
		{099A4C71-9F1B-4AC2-B466-70A57AEB6764}.Ad-Hoc|Any CPU.ActiveCfg = Release|x86
		{099A4C71-9F1B-4AC2-B466-70A57AEB6764}.Ad-Hoc|Any CPU.Build.0 = Release|x86
		{099A4C71-9F1B-4AC2-B466-70A57AEB6764}.Ad-Hoc|Any CPU.Deploy.0 = Release|x86
		{099A4C71-9F1B-4AC2-B466-70A57AEB6764}.Ad-Hoc|ARM.ActiveCfg = Release|ARM
		{099A4C71-9F1B-4AC2-B466-70A57AEB6764}.Ad-Hoc|ARM.Build.0 = Release|ARM
		{099A4C71-9F1B-4AC2-B466-70A57AEB6764}.Ad-Hoc|ARM.Deploy.0 = Release|ARM
		{099A4C71-9F1B-4AC2-B466-70A57AEB6764}.Ad-Hoc|iPhone.ActiveCfg = Release|x86
		{099A4C71-9F1B-4AC2-B466-70A57AEB6764}.Ad-Hoc|iPhone.Build.0 = Release|x86
		{099A4C71-9F1B-4AC2-B466-70A57AEB6764}.Ad-Hoc|iPhone.Deploy.0 = Release|x86
		{099A4C71-9F1B-4AC2-B466-70A57AEB6764}.Ad-Hoc|iPhoneSimulator.ActiveCfg = Release|x86
		{099A4C71-9F1B-4AC2-B466-70A57AEB6764}.Ad-Hoc|iPhoneSimulator.Build.0 = Release|x86
		{099A4C71-9F1B-4AC2-B466-70A57AEB6764}.Ad-Hoc|iPhoneSimulator.Deploy.0 = Release|x86
		{099A4C71-9F1B-4AC2-B466-70A57AEB6764}.Ad-Hoc|x64.ActiveCfg = Release|x64
		{099A4C71-9F1B-4AC2-B466-70A57AEB6764}.Ad-Hoc|x64.Build.0 = Release|x64
		{099A4C71-9F1B-4AC2-B466-70A57AEB6764}.Ad-Hoc|x64.Deploy.0 = Release|x64
		{099A4C71-9F1B-4AC2-B466-70A57AEB6764}.Ad-Hoc|x86.ActiveCfg = Release|x86
		{099A4C71-9F1B-4AC2-B466-70A57AEB6764}.Ad-Hoc|x86.Build.0 = Release|x86
		{099A4C71-9F1B-4AC2-B466-70A57AEB6764}.Ad-Hoc|x86.Deploy.0 = Release|x86
		{099A4C71-9F1B-4AC2-B466-70A57AEB6764}.AppStore|Any CPU.ActiveCfg = Release|x86
		{099A4C71-9F1B-4AC2-B466-70A57AEB6764}.AppStore|Any CPU.Build.0 = Release|x86
		{099A4C71-9F1B-4AC2-B466-70A57AEB6764}.AppStore|Any CPU.Deploy.0 = Release|x86
		{099A4C71-9F1B-4AC2-B466-70A57AEB6764}.AppStore|ARM.ActiveCfg = Release|ARM
		{099A4C71-9F1B-4AC2-B466-70A57AEB6764}.AppStore|ARM.Build.0 = Release|ARM
		{099A4C71-9F1B-4AC2-B466-70A57AEB6764}.AppStore|ARM.Deploy.0 = Release|ARM
		{099A4C71-9F1B-4AC2-B466-70A57AEB6764}.AppStore|iPhone.ActiveCfg = Release|x86
		{099A4C71-9F1B-4AC2-B466-70A57AEB6764}.AppStore|iPhone.Build.0 = Release|x86
		{099A4C71-9F1B-4AC2-B466-70A57AEB6764}.AppStore|iPhone.Deploy.0 = Release|x86
		{099A4C71-9F1B-4AC2-B466-70A57AEB6764}.AppStore|iPhoneSimulator.ActiveCfg = Release|x86
		{099A4C71-9F1B-4AC2-B466-70A57AEB6764}.AppStore|iPhoneSimulator.Build.0 = Release|x86
		{099A4C71-9F1B-4AC2-B466-70A57AEB6764}.AppStore|iPhoneSimulator.Deploy.0 = Release|x86
		{099A4C71-9F1B-4AC2-B466-70A57AEB6764}.AppStore|x64.ActiveCfg = Release|x64
		{099A4C71-9F1B-4AC2-B466-70A57AEB6764}.AppStore|x64.Build.0 = Release|x64
		{099A4C71-9F1B-4AC2-B466-70A57AEB6764}.AppStore|x64.Deploy.0 = Release|x64
		{099A4C71-9F1B-4AC2-B466-70A57AEB6764}.AppStore|x86.ActiveCfg = Release|x86
		{099A4C71-9F1B-4AC2-B466-70A57AEB6764}.AppStore|x86.Build.0 = Release|x86
		{099A4C71-9F1B-4AC2-B466-70A57AEB6764}.AppStore|x86.Deploy.0 = Release|x86
		{099A4C71-9F1B-4AC2-B466-70A57AEB6764}.Debug|Any CPU.ActiveCfg = Debug|x86
		{099A4C71-9F1B-4AC2-B466-70A57AEB6764}.Debug|Any CPU.Build.0 = Debug|x86
		{099A4C71-9F1B-4AC2-B466-70A57AEB6764}.Debug|Any CPU.Deploy.0 = Debug|x86
		{099A4C71-9F1B-4AC2-B466-70A57AEB6764}.Debug|ARM.ActiveCfg = Debug|ARM
		{099A4C71-9F1B-4AC2-B466-70A57AEB6764}.Debug|ARM.Build.0 = Debug|ARM
		{099A4C71-9F1B-4AC2-B466-70A57AEB6764}.Debug|ARM.Deploy.0 = Debug|ARM
		{099A4C71-9F1B-4AC2-B466-70A57AEB6764}.Debug|iPhone.ActiveCfg = Debug|x86
		{099A4C71-9F1B-4AC2-B466-70A57AEB6764}.Debug|iPhone.Build.0 = Debug|x86
		{099A4C71-9F1B-4AC2-B466-70A57AEB6764}.Debug|iPhone.Deploy.0 = Debug|x86
		{099A4C71-9F1B-4AC2-B466-70A57AEB6764}.Debug|iPhoneSimulator.ActiveCfg = Debug|x86
		{099A4C71-9F1B-4AC2-B466-70A57AEB6764}.Debug|iPhoneSimulator.Build.0 = Debug|x86
		{099A4C71-9F1B-4AC2-B466-70A57AEB6764}.Debug|iPhoneSimulator.Deploy.0 = Debug|x86
		{099A4C71-9F1B-4AC2-B466-70A57AEB6764}.Debug|x64.ActiveCfg = Debug|x64
		{099A4C71-9F1B-4AC2-B466-70A57AEB6764}.Debug|x64.Build.0 = Debug|x64
		{099A4C71-9F1B-4AC2-B466-70A57AEB6764}.Debug|x64.Deploy.0 = Debug|x64
		{099A4C71-9F1B-4AC2-B466-70A57AEB6764}.Debug|x86.ActiveCfg = Debug|x86
		{099A4C71-9F1B-4AC2-B466-70A57AEB6764}.Debug|x86.Build.0 = Debug|x86
		{099A4C71-9F1B-4AC2-B466-70A57AEB6764}.Debug|x86.Deploy.0 = Debug|x86
		{099A4C71-9F1B-4AC2-B466-70A57AEB6764}.Release|Any CPU.ActiveCfg = Release|x86
		{099A4C71-9F1B-4AC2-B466-70A57AEB6764}.Release|Any CPU.Build.0 = Release|x86
		{099A4C71-9F1B-4AC2-B466-70A57AEB6764}.Release|Any CPU.Deploy.0 = Release|x86
		{099A4C71-9F1B-4AC2-B466-70A57AEB6764}.Release|ARM.ActiveCfg = Release|ARM
		{099A4C71-9F1B-4AC2-B466-70A57AEB6764}.Release|ARM.Build.0 = Release|ARM
		{099A4C71-9F1B-4AC2-B466-70A57AEB6764}.Release|ARM.Deploy.0 = Release|ARM
		{099A4C71-9F1B-4AC2-B466-70A57AEB6764}.Release|iPhone.ActiveCfg = Release|x86
		{099A4C71-9F1B-4AC2-B466-70A57AEB6764}.Release|iPhone.Build.0 = Release|x86
		{099A4C71-9F1B-4AC2-B466-70A57AEB6764}.Release|iPhone.Deploy.0 = Release|x86
		{099A4C71-9F1B-4AC2-B466-70A57AEB6764}.Release|iPhoneSimulator.ActiveCfg = Release|x86
		{099A4C71-9F1B-4AC2-B466-70A57AEB6764}.Release|iPhoneSimulator.Build.0 = Release|x86
		{099A4C71-9F1B-4AC2-B466-70A57AEB6764}.Release|iPhoneSimulator.Deploy.0 = Release|x86
		{099A4C71-9F1B-4AC2-B466-70A57AEB6764}.Release|x64.ActiveCfg = Release|x64
		{099A4C71-9F1B-4AC2-B466-70A57AEB6764}.Release|x64.Build.0 = Release|x64
		{099A4C71-9F1B-4AC2-B466-70A57AEB6764}.Release|x64.Deploy.0 = Release|x64
		{099A4C71-9F1B-4AC2-B466-70A57AEB6764}.Release|x86.ActiveCfg = Release|x86
		{099A4C71-9F1B-4AC2-B466-70A57AEB6764}.Release|x86.Build.0 = Release|x86
		{099A4C71-9F1B-4AC2-B466-70A57AEB6764}.Release|x86.Deploy.0 = Release|x86
		{A25FA469-2F60-4258-A01A-DB6C0A619293}.Ad-Hoc|Any CPU.ActiveCfg = Debug|Any CPU
		{A25FA469-2F60-4258-A01A-DB6C0A619293}.Ad-Hoc|Any CPU.Build.0 = Debug|Any CPU
		{A25FA469-2F60-4258-A01A-DB6C0A619293}.Ad-Hoc|Any CPU.Deploy.0 = Debug|Any CPU
		{A25FA469-2F60-4258-A01A-DB6C0A619293}.Ad-Hoc|ARM.ActiveCfg = Debug|Any CPU
		{A25FA469-2F60-4258-A01A-DB6C0A619293}.Ad-Hoc|ARM.Build.0 = Debug|Any CPU
		{A25FA469-2F60-4258-A01A-DB6C0A619293}.Ad-Hoc|ARM.Deploy.0 = Debug|Any CPU
		{A25FA469-2F60-4258-A01A-DB6C0A619293}.Ad-Hoc|iPhone.ActiveCfg = Debug|Any CPU
		{A25FA469-2F60-4258-A01A-DB6C0A619293}.Ad-Hoc|iPhone.Build.0 = Debug|Any CPU
		{A25FA469-2F60-4258-A01A-DB6C0A619293}.Ad-Hoc|iPhone.Deploy.0 = Debug|Any CPU
		{A25FA469-2F60-4258-A01A-DB6C0A619293}.Ad-Hoc|iPhoneSimulator.ActiveCfg = Debug|Any CPU
		{A25FA469-2F60-4258-A01A-DB6C0A619293}.Ad-Hoc|iPhoneSimulator.Build.0 = Debug|Any CPU
		{A25FA469-2F60-4258-A01A-DB6C0A619293}.Ad-Hoc|iPhoneSimulator.Deploy.0 = Debug|Any CPU
		{A25FA469-2F60-4258-A01A-DB6C0A619293}.Ad-Hoc|x64.ActiveCfg = Debug|Any CPU
		{A25FA469-2F60-4258-A01A-DB6C0A619293}.Ad-Hoc|x64.Build.0 = Debug|Any CPU
		{A25FA469-2F60-4258-A01A-DB6C0A619293}.Ad-Hoc|x64.Deploy.0 = Debug|Any CPU
		{A25FA469-2F60-4258-A01A-DB6C0A619293}.Ad-Hoc|x86.ActiveCfg = Debug|Any CPU
		{A25FA469-2F60-4258-A01A-DB6C0A619293}.Ad-Hoc|x86.Build.0 = Debug|Any CPU
		{A25FA469-2F60-4258-A01A-DB6C0A619293}.Ad-Hoc|x86.Deploy.0 = Debug|Any CPU
		{A25FA469-2F60-4258-A01A-DB6C0A619293}.AppStore|Any CPU.ActiveCfg = Debug|Any CPU
		{A25FA469-2F60-4258-A01A-DB6C0A619293}.AppStore|Any CPU.Build.0 = Debug|Any CPU
		{A25FA469-2F60-4258-A01A-DB6C0A619293}.AppStore|Any CPU.Deploy.0 = Debug|Any CPU
		{A25FA469-2F60-4258-A01A-DB6C0A619293}.AppStore|ARM.ActiveCfg = Debug|Any CPU
		{A25FA469-2F60-4258-A01A-DB6C0A619293}.AppStore|ARM.Build.0 = Debug|Any CPU
		{A25FA469-2F60-4258-A01A-DB6C0A619293}.AppStore|ARM.Deploy.0 = Debug|Any CPU
		{A25FA469-2F60-4258-A01A-DB6C0A619293}.AppStore|iPhone.ActiveCfg = Debug|Any CPU
		{A25FA469-2F60-4258-A01A-DB6C0A619293}.AppStore|iPhone.Build.0 = Debug|Any CPU
		{A25FA469-2F60-4258-A01A-DB6C0A619293}.AppStore|iPhone.Deploy.0 = Debug|Any CPU
		{A25FA469-2F60-4258-A01A-DB6C0A619293}.AppStore|iPhoneSimulator.ActiveCfg = Debug|Any CPU
		{A25FA469-2F60-4258-A01A-DB6C0A619293}.AppStore|iPhoneSimulator.Build.0 = Debug|Any CPU
		{A25FA469-2F60-4258-A01A-DB6C0A619293}.AppStore|iPhoneSimulator.Deploy.0 = Debug|Any CPU
		{A25FA469-2F60-4258-A01A-DB6C0A619293}.AppStore|x64.ActiveCfg = Debug|Any CPU
		{A25FA469-2F60-4258-A01A-DB6C0A619293}.AppStore|x64.Build.0 = Debug|Any CPU
		{A25FA469-2F60-4258-A01A-DB6C0A619293}.AppStore|x64.Deploy.0 = Debug|Any CPU
		{A25FA469-2F60-4258-A01A-DB6C0A619293}.AppStore|x86.ActiveCfg = Debug|Any CPU
		{A25FA469-2F60-4258-A01A-DB6C0A619293}.AppStore|x86.Build.0 = Debug|Any CPU
		{A25FA469-2F60-4258-A01A-DB6C0A619293}.AppStore|x86.Deploy.0 = Debug|Any CPU
		{A25FA469-2F60-4258-A01A-DB6C0A619293}.Debug|Any CPU.ActiveCfg = Debug|Any CPU
		{A25FA469-2F60-4258-A01A-DB6C0A619293}.Debug|Any CPU.Build.0 = Debug|Any CPU
		{A25FA469-2F60-4258-A01A-DB6C0A619293}.Debug|Any CPU.Deploy.0 = Debug|Any CPU
		{A25FA469-2F60-4258-A01A-DB6C0A619293}.Debug|ARM.ActiveCfg = Debug|Any CPU
		{A25FA469-2F60-4258-A01A-DB6C0A619293}.Debug|ARM.Build.0 = Debug|Any CPU
		{A25FA469-2F60-4258-A01A-DB6C0A619293}.Debug|ARM.Deploy.0 = Debug|Any CPU
		{A25FA469-2F60-4258-A01A-DB6C0A619293}.Debug|iPhone.ActiveCfg = Debug|Any CPU
		{A25FA469-2F60-4258-A01A-DB6C0A619293}.Debug|iPhone.Build.0 = Debug|Any CPU
		{A25FA469-2F60-4258-A01A-DB6C0A619293}.Debug|iPhone.Deploy.0 = Debug|Any CPU
		{A25FA469-2F60-4258-A01A-DB6C0A619293}.Debug|iPhoneSimulator.ActiveCfg = Debug|Any CPU
		{A25FA469-2F60-4258-A01A-DB6C0A619293}.Debug|iPhoneSimulator.Build.0 = Debug|Any CPU
		{A25FA469-2F60-4258-A01A-DB6C0A619293}.Debug|iPhoneSimulator.Deploy.0 = Debug|Any CPU
		{A25FA469-2F60-4258-A01A-DB6C0A619293}.Debug|x64.ActiveCfg = Debug|Any CPU
		{A25FA469-2F60-4258-A01A-DB6C0A619293}.Debug|x64.Build.0 = Debug|Any CPU
		{A25FA469-2F60-4258-A01A-DB6C0A619293}.Debug|x64.Deploy.0 = Debug|Any CPU
		{A25FA469-2F60-4258-A01A-DB6C0A619293}.Debug|x86.ActiveCfg = Debug|Any CPU
		{A25FA469-2F60-4258-A01A-DB6C0A619293}.Debug|x86.Build.0 = Debug|Any CPU
		{A25FA469-2F60-4258-A01A-DB6C0A619293}.Debug|x86.Deploy.0 = Debug|Any CPU
		{A25FA469-2F60-4258-A01A-DB6C0A619293}.Release|Any CPU.ActiveCfg = Release|Any CPU
		{A25FA469-2F60-4258-A01A-DB6C0A619293}.Release|Any CPU.Build.0 = Release|Any CPU
		{A25FA469-2F60-4258-A01A-DB6C0A619293}.Release|Any CPU.Deploy.0 = Release|Any CPU
		{A25FA469-2F60-4258-A01A-DB6C0A619293}.Release|ARM.ActiveCfg = Release|Any CPU
		{A25FA469-2F60-4258-A01A-DB6C0A619293}.Release|ARM.Build.0 = Release|Any CPU
		{A25FA469-2F60-4258-A01A-DB6C0A619293}.Release|ARM.Deploy.0 = Release|Any CPU
		{A25FA469-2F60-4258-A01A-DB6C0A619293}.Release|iPhone.ActiveCfg = Release|Any CPU
		{A25FA469-2F60-4258-A01A-DB6C0A619293}.Release|iPhone.Build.0 = Release|Any CPU
		{A25FA469-2F60-4258-A01A-DB6C0A619293}.Release|iPhone.Deploy.0 = Release|Any CPU
		{A25FA469-2F60-4258-A01A-DB6C0A619293}.Release|iPhoneSimulator.ActiveCfg = Release|Any CPU
		{A25FA469-2F60-4258-A01A-DB6C0A619293}.Release|iPhoneSimulator.Build.0 = Release|Any CPU
		{A25FA469-2F60-4258-A01A-DB6C0A619293}.Release|iPhoneSimulator.Deploy.0 = Release|Any CPU
		{A25FA469-2F60-4258-A01A-DB6C0A619293}.Release|x64.ActiveCfg = Release|Any CPU
		{A25FA469-2F60-4258-A01A-DB6C0A619293}.Release|x64.Build.0 = Release|Any CPU
		{A25FA469-2F60-4258-A01A-DB6C0A619293}.Release|x64.Deploy.0 = Release|Any CPU
		{A25FA469-2F60-4258-A01A-DB6C0A619293}.Release|x86.ActiveCfg = Release|Any CPU
		{A25FA469-2F60-4258-A01A-DB6C0A619293}.Release|x86.Build.0 = Release|Any CPU
		{A25FA469-2F60-4258-A01A-DB6C0A619293}.Release|x86.Deploy.0 = Release|Any CPU
	EndGlobalSection
	GlobalSection(SolutionProperties) = preSolution
		HideSolutionNode = FALSE
	EndGlobalSection
	GlobalSection(ExtensibilityGlobals) = postSolution
		SolutionGuid = {E153060E-0D82-4969-B7C6-757F7920B70B}
	EndGlobalSection
EndGlobal
