
Microsoft Visual Studio Solution File, Format Version 12.00
# Visual Studio Version 16
VisualStudioVersion = 16.0.28315.86
MinimumVisualStudioVersion = 10.0.40219.1
Project("{FAE04EC0-301F-11D3-BF4B-00C04F79EFBC}") = "Pag24horasXamarin.Android", "Pag24horasXamarin\Pag24horasXamarin.Android\Pag24horasXamarin.Android.csproj", "{24CE3C36-16B9-426D-AA0C-5961ECF8D88C}"
EndProject
Project("{FAE04EC0-301F-11D3-BF4B-00C04F79EFBC}") = "Pag24horasXamarin.iOS", "Pag24horasXamarin\Pag24horasXamarin.iOS\Pag24horasXamarin.iOS.csproj", "{B3935FC7-B4EA-4460-A020-937487ADC03F}"
EndProject
Project("{FAE04EC0-301F-11D3-BF4B-00C04F79EFBC}") = "Pag24horasXamarin.UWP", "Pag24horasXamarin\Pag24horasXamarin.UWP\Pag24horasXamarin.UWP.csproj", "{6033DEB7-9D1D-4A3B-9E9B-9290922558C1}"
EndProject
Project("{9A19103F-16F7-4668-BE54-9A1E7A4F7556}") = "Pag24horasXamarin", "Pag24horasXamarin\Pag24horasXamarin\Pag24horasXamarin.csproj", "{710F388D-F935-4E33-970B-7A1EBD08A47F}"
EndProject
Project("{FAE04EC0-301F-11D3-BF4B-00C04F79EFBC}") = "SoftwareExpressLib", "SoftwareExpressLib\SoftwareExpressLib.csproj", "{8FCAC10B-4B22-4DE9-82A1-CA3B32C32281}"
EndProject
Global
	GlobalSection(SolutionConfigurationPlatforms) = preSolution
		Debug|Any CPU = Debug|Any CPU
		Debug|ARM = Debug|ARM
		Debug|ARM64 = Debug|ARM64
		Debug|iPhone = Debug|iPhone
		Debug|iPhoneSimulator = Debug|iPhoneSimulator
		Debug|x64 = Debug|x64
		Debug|x86 = Debug|x86
		Release|Any CPU = Release|Any CPU
		Release|ARM = Release|ARM
		Release|ARM64 = Release|ARM64
		Release|iPhone = Release|iPhone
		Release|iPhoneSimulator = Release|iPhoneSimulator
		Release|x64 = Release|x64
		Release|x86 = Release|x86
	EndGlobalSection
	GlobalSection(ProjectConfigurationPlatforms) = postSolution
		{24CE3C36-16B9-426D-AA0C-5961ECF8D88C}.Debug|Any CPU.ActiveCfg = Debug|Any CPU
		{24CE3C36-16B9-426D-AA0C-5961ECF8D88C}.Debug|Any CPU.Build.0 = Debug|Any CPU
		{24CE3C36-16B9-426D-AA0C-5961ECF8D88C}.Debug|Any CPU.Deploy.0 = Debug|Any CPU
		{24CE3C36-16B9-426D-AA0C-5961ECF8D88C}.Debug|ARM.ActiveCfg = Debug|Any CPU
		{24CE3C36-16B9-426D-AA0C-5961ECF8D88C}.Debug|ARM.Build.0 = Debug|Any CPU
		{24CE3C36-16B9-426D-AA0C-5961ECF8D88C}.Debug|ARM.Deploy.0 = Debug|Any CPU
		{24CE3C36-16B9-426D-AA0C-5961ECF8D88C}.Debug|ARM64.ActiveCfg = Debug|Any CPU
		{24CE3C36-16B9-426D-AA0C-5961ECF8D88C}.Debug|ARM64.Build.0 = Debug|Any CPU
		{24CE3C36-16B9-426D-AA0C-5961ECF8D88C}.Debug|ARM64.Deploy.0 = Debug|Any CPU
		{24CE3C36-16B9-426D-AA0C-5961ECF8D88C}.Debug|iPhone.ActiveCfg = Debug|Any CPU
		{24CE3C36-16B9-426D-AA0C-5961ECF8D88C}.Debug|iPhone.Build.0 = Debug|Any CPU
		{24CE3C36-16B9-426D-AA0C-5961ECF8D88C}.Debug|iPhone.Deploy.0 = Debug|Any CPU
		{24CE3C36-16B9-426D-AA0C-5961ECF8D88C}.Debug|iPhoneSimulator.ActiveCfg = Debug|Any CPU
		{24CE3C36-16B9-426D-AA0C-5961ECF8D88C}.Debug|iPhoneSimulator.Build.0 = Debug|Any CPU
		{24CE3C36-16B9-426D-AA0C-5961ECF8D88C}.Debug|iPhoneSimulator.Deploy.0 = Debug|Any CPU
		{24CE3C36-16B9-426D-AA0C-5961ECF8D88C}.Debug|x64.ActiveCfg = Debug|Any CPU
		{24CE3C36-16B9-426D-AA0C-5961ECF8D88C}.Debug|x64.Build.0 = Debug|Any CPU
		{24CE3C36-16B9-426D-AA0C-5961ECF8D88C}.Debug|x64.Deploy.0 = Debug|Any CPU
		{24CE3C36-16B9-426D-AA0C-5961ECF8D88C}.Debug|x86.ActiveCfg = Debug|Any CPU
		{24CE3C36-16B9-426D-AA0C-5961ECF8D88C}.Debug|x86.Build.0 = Debug|Any CPU
		{24CE3C36-16B9-426D-AA0C-5961ECF8D88C}.Debug|x86.Deploy.0 = Debug|Any CPU
		{24CE3C36-16B9-426D-AA0C-5961ECF8D88C}.Release|Any CPU.ActiveCfg = Release|Any CPU
		{24CE3C36-16B9-426D-AA0C-5961ECF8D88C}.Release|Any CPU.Build.0 = Release|Any CPU
		{24CE3C36-16B9-426D-AA0C-5961ECF8D88C}.Release|Any CPU.Deploy.0 = Release|Any CPU
		{24CE3C36-16B9-426D-AA0C-5961ECF8D88C}.Release|ARM.ActiveCfg = Release|Any CPU
		{24CE3C36-16B9-426D-AA0C-5961ECF8D88C}.Release|ARM.Build.0 = Release|Any CPU
		{24CE3C36-16B9-426D-AA0C-5961ECF8D88C}.Release|ARM.Deploy.0 = Release|Any CPU
		{24CE3C36-16B9-426D-AA0C-5961ECF8D88C}.Release|ARM64.ActiveCfg = Release|Any CPU
		{24CE3C36-16B9-426D-AA0C-5961ECF8D88C}.Release|ARM64.Build.0 = Release|Any CPU
		{24CE3C36-16B9-426D-AA0C-5961ECF8D88C}.Release|ARM64.Deploy.0 = Release|Any CPU
		{24CE3C36-16B9-426D-AA0C-5961ECF8D88C}.Release|iPhone.ActiveCfg = Release|Any CPU
		{24CE3C36-16B9-426D-AA0C-5961ECF8D88C}.Release|iPhone.Build.0 = Release|Any CPU
		{24CE3C36-16B9-426D-AA0C-5961ECF8D88C}.Release|iPhone.Deploy.0 = Release|Any CPU
		{24CE3C36-16B9-426D-AA0C-5961ECF8D88C}.Release|iPhoneSimulator.ActiveCfg = Release|Any CPU
		{24CE3C36-16B9-426D-AA0C-5961ECF8D88C}.Release|iPhoneSimulator.Build.0 = Release|Any CPU
		{24CE3C36-16B9-426D-AA0C-5961ECF8D88C}.Release|iPhoneSimulator.Deploy.0 = Release|Any CPU
		{24CE3C36-16B9-426D-AA0C-5961ECF8D88C}.Release|x64.ActiveCfg = Release|Any CPU
		{24CE3C36-16B9-426D-AA0C-5961ECF8D88C}.Release|x64.Build.0 = Release|Any CPU
		{24CE3C36-16B9-426D-AA0C-5961ECF8D88C}.Release|x64.Deploy.0 = Release|Any CPU
		{24CE3C36-16B9-426D-AA0C-5961ECF8D88C}.Release|x86.ActiveCfg = Release|Any CPU
		{24CE3C36-16B9-426D-AA0C-5961ECF8D88C}.Release|x86.Build.0 = Release|Any CPU
		{24CE3C36-16B9-426D-AA0C-5961ECF8D88C}.Release|x86.Deploy.0 = Release|Any CPU
		{B3935FC7-B4EA-4460-A020-937487ADC03F}.Debug|Any CPU.ActiveCfg = Debug|iPhoneSimulator
		{B3935FC7-B4EA-4460-A020-937487ADC03F}.Debug|Any CPU.Build.0 = Debug|iPhoneSimulator
		{B3935FC7-B4EA-4460-A020-937487ADC03F}.Debug|Any CPU.Deploy.0 = Debug|iPhoneSimulator
		{B3935FC7-B4EA-4460-A020-937487ADC03F}.Debug|ARM.ActiveCfg = Debug|iPhone
		{B3935FC7-B4EA-4460-A020-937487ADC03F}.Debug|ARM.Build.0 = Debug|iPhone
		{B3935FC7-B4EA-4460-A020-937487ADC03F}.Debug|ARM.Deploy.0 = Debug|iPhone
		{B3935FC7-B4EA-4460-A020-937487ADC03F}.Debug|ARM64.ActiveCfg = Debug|iPhone
		{B3935FC7-B4EA-4460-A020-937487ADC03F}.Debug|iPhone.ActiveCfg = Debug|iPhone
		{B3935FC7-B4EA-4460-A020-937487ADC03F}.Debug|iPhone.Build.0 = Debug|iPhone
		{B3935FC7-B4EA-4460-A020-937487ADC03F}.Debug|iPhone.Deploy.0 = Debug|iPhone
		{B3935FC7-B4EA-4460-A020-937487ADC03F}.Debug|iPhoneSimulator.ActiveCfg = Debug|iPhoneSimulator
		{B3935FC7-B4EA-4460-A020-937487ADC03F}.Debug|iPhoneSimulator.Build.0 = Debug|iPhoneSimulator
		{B3935FC7-B4EA-4460-A020-937487ADC03F}.Debug|iPhoneSimulator.Deploy.0 = Debug|iPhoneSimulator
		{B3935FC7-B4EA-4460-A020-937487ADC03F}.Debug|x64.ActiveCfg = Debug|iPhone
		{B3935FC7-B4EA-4460-A020-937487ADC03F}.Debug|x64.Build.0 = Debug|iPhone
		{B3935FC7-B4EA-4460-A020-937487ADC03F}.Debug|x64.Deploy.0 = Debug|iPhone
		{B3935FC7-B4EA-4460-A020-937487ADC03F}.Debug|x86.ActiveCfg = Debug|iPhone
		{B3935FC7-B4EA-4460-A020-937487ADC03F}.Debug|x86.Build.0 = Debug|iPhone
		{B3935FC7-B4EA-4460-A020-937487ADC03F}.Debug|x86.Deploy.0 = Debug|iPhone
		{B3935FC7-B4EA-4460-A020-937487ADC03F}.Release|Any CPU.ActiveCfg = Release|iPhone
		{B3935FC7-B4EA-4460-A020-937487ADC03F}.Release|Any CPU.Build.0 = Release|iPhone
		{B3935FC7-B4EA-4460-A020-937487ADC03F}.Release|Any CPU.Deploy.0 = Release|iPhone
		{B3935FC7-B4EA-4460-A020-937487ADC03F}.Release|ARM.ActiveCfg = Release|iPhone
		{B3935FC7-B4EA-4460-A020-937487ADC03F}.Release|ARM.Build.0 = Release|iPhone
		{B3935FC7-B4EA-4460-A020-937487ADC03F}.Release|ARM.Deploy.0 = Release|iPhone
		{B3935FC7-B4EA-4460-A020-937487ADC03F}.Release|ARM64.ActiveCfg = Release|iPhoneSimulator
		{B3935FC7-B4EA-4460-A020-937487ADC03F}.Release|iPhone.ActiveCfg = Release|iPhone
		{B3935FC7-B4EA-4460-A020-937487ADC03F}.Release|iPhone.Build.0 = Release|iPhone
		{B3935FC7-B4EA-4460-A020-937487ADC03F}.Release|iPhone.Deploy.0 = Release|iPhone
		{B3935FC7-B4EA-4460-A020-937487ADC03F}.Release|iPhoneSimulator.ActiveCfg = Release|iPhoneSimulator
		{B3935FC7-B4EA-4460-A020-937487ADC03F}.Release|iPhoneSimulator.Build.0 = Release|iPhoneSimulator
		{B3935FC7-B4EA-4460-A020-937487ADC03F}.Release|iPhoneSimulator.Deploy.0 = Release|iPhoneSimulator
		{B3935FC7-B4EA-4460-A020-937487ADC03F}.Release|x64.ActiveCfg = Release|iPhone
		{B3935FC7-B4EA-4460-A020-937487ADC03F}.Release|x64.Build.0 = Release|iPhone
		{B3935FC7-B4EA-4460-A020-937487ADC03F}.Release|x64.Deploy.0 = Release|iPhone
		{B3935FC7-B4EA-4460-A020-937487ADC03F}.Release|x86.ActiveCfg = Release|iPhone
		{B3935FC7-B4EA-4460-A020-937487ADC03F}.Release|x86.Build.0 = Release|iPhone
		{B3935FC7-B4EA-4460-A020-937487ADC03F}.Release|x86.Deploy.0 = Release|iPhone
		{6033DEB7-9D1D-4A3B-9E9B-9290922558C1}.Debug|Any CPU.ActiveCfg = Debug|x86
		{6033DEB7-9D1D-4A3B-9E9B-9290922558C1}.Debug|Any CPU.Build.0 = Debug|x86
		{6033DEB7-9D1D-4A3B-9E9B-9290922558C1}.Debug|Any CPU.Deploy.0 = Debug|x86
		{6033DEB7-9D1D-4A3B-9E9B-9290922558C1}.Debug|ARM.ActiveCfg = Debug|ARM
		{6033DEB7-9D1D-4A3B-9E9B-9290922558C1}.Debug|ARM.Build.0 = Debug|ARM
		{6033DEB7-9D1D-4A3B-9E9B-9290922558C1}.Debug|ARM.Deploy.0 = Debug|ARM
		{6033DEB7-9D1D-4A3B-9E9B-9290922558C1}.Debug|ARM64.ActiveCfg = Debug|x86
		{6033DEB7-9D1D-4A3B-9E9B-9290922558C1}.Debug|iPhone.ActiveCfg = Debug|x86
		{6033DEB7-9D1D-4A3B-9E9B-9290922558C1}.Debug|iPhone.Build.0 = Debug|x86
		{6033DEB7-9D1D-4A3B-9E9B-9290922558C1}.Debug|iPhone.Deploy.0 = Debug|x86
		{6033DEB7-9D1D-4A3B-9E9B-9290922558C1}.Debug|iPhoneSimulator.ActiveCfg = Debug|x86
		{6033DEB7-9D1D-4A3B-9E9B-9290922558C1}.Debug|iPhoneSimulator.Build.0 = Debug|x86
		{6033DEB7-9D1D-4A3B-9E9B-9290922558C1}.Debug|iPhoneSimulator.Deploy.0 = Debug|x86
		{6033DEB7-9D1D-4A3B-9E9B-9290922558C1}.Debug|x64.ActiveCfg = Debug|x64
		{6033DEB7-9D1D-4A3B-9E9B-9290922558C1}.Debug|x64.Build.0 = Debug|x64
		{6033DEB7-9D1D-4A3B-9E9B-9290922558C1}.Debug|x64.Deploy.0 = Debug|x64
		{6033DEB7-9D1D-4A3B-9E9B-9290922558C1}.Debug|x86.ActiveCfg = Debug|x86
		{6033DEB7-9D1D-4A3B-9E9B-9290922558C1}.Debug|x86.Build.0 = Debug|x86
		{6033DEB7-9D1D-4A3B-9E9B-9290922558C1}.Debug|x86.Deploy.0 = Debug|x86
		{6033DEB7-9D1D-4A3B-9E9B-9290922558C1}.Release|Any CPU.ActiveCfg = Release|x86
		{6033DEB7-9D1D-4A3B-9E9B-9290922558C1}.Release|Any CPU.Build.0 = Release|x86
		{6033DEB7-9D1D-4A3B-9E9B-9290922558C1}.Release|Any CPU.Deploy.0 = Release|x86
		{6033DEB7-9D1D-4A3B-9E9B-9290922558C1}.Release|ARM.ActiveCfg = Release|ARM
		{6033DEB7-9D1D-4A3B-9E9B-9290922558C1}.Release|ARM.Build.0 = Release|ARM
		{6033DEB7-9D1D-4A3B-9E9B-9290922558C1}.Release|ARM.Deploy.0 = Release|ARM
		{6033DEB7-9D1D-4A3B-9E9B-9290922558C1}.Release|ARM64.ActiveCfg = Release|x86
		{6033DEB7-9D1D-4A3B-9E9B-9290922558C1}.Release|iPhone.ActiveCfg = Release|x86
		{6033DEB7-9D1D-4A3B-9E9B-9290922558C1}.Release|iPhone.Build.0 = Release|x86
		{6033DEB7-9D1D-4A3B-9E9B-9290922558C1}.Release|iPhone.Deploy.0 = Release|x86
		{6033DEB7-9D1D-4A3B-9E9B-9290922558C1}.Release|iPhoneSimulator.ActiveCfg = Release|x86
		{6033DEB7-9D1D-4A3B-9E9B-9290922558C1}.Release|iPhoneSimulator.Build.0 = Release|x86
		{6033DEB7-9D1D-4A3B-9E9B-9290922558C1}.Release|iPhoneSimulator.Deploy.0 = Release|x86
		{6033DEB7-9D1D-4A3B-9E9B-9290922558C1}.Release|x64.ActiveCfg = Release|x64
		{6033DEB7-9D1D-4A3B-9E9B-9290922558C1}.Release|x64.Build.0 = Release|x64
		{6033DEB7-9D1D-4A3B-9E9B-9290922558C1}.Release|x64.Deploy.0 = Release|x64
		{6033DEB7-9D1D-4A3B-9E9B-9290922558C1}.Release|x86.ActiveCfg = Release|x86
		{6033DEB7-9D1D-4A3B-9E9B-9290922558C1}.Release|x86.Build.0 = Release|x86
		{6033DEB7-9D1D-4A3B-9E9B-9290922558C1}.Release|x86.Deploy.0 = Release|x86
		{710F388D-F935-4E33-970B-7A1EBD08A47F}.Debug|Any CPU.ActiveCfg = Debug|Any CPU
		{710F388D-F935-4E33-970B-7A1EBD08A47F}.Debug|Any CPU.Build.0 = Debug|Any CPU
		{710F388D-F935-4E33-970B-7A1EBD08A47F}.Debug|Any CPU.Deploy.0 = Debug|Any CPU
		{710F388D-F935-4E33-970B-7A1EBD08A47F}.Debug|ARM.ActiveCfg = Debug|Any CPU
		{710F388D-F935-4E33-970B-7A1EBD08A47F}.Debug|ARM.Build.0 = Debug|Any CPU
		{710F388D-F935-4E33-970B-7A1EBD08A47F}.Debug|ARM.Deploy.0 = Debug|Any CPU
		{710F388D-F935-4E33-970B-7A1EBD08A47F}.Debug|ARM64.ActiveCfg = Debug|Any CPU
		{710F388D-F935-4E33-970B-7A1EBD08A47F}.Debug|ARM64.Build.0 = Debug|Any CPU
		{710F388D-F935-4E33-970B-7A1EBD08A47F}.Debug|iPhone.ActiveCfg = Debug|Any CPU
		{710F388D-F935-4E33-970B-7A1EBD08A47F}.Debug|iPhone.Build.0 = Debug|Any CPU
		{710F388D-F935-4E33-970B-7A1EBD08A47F}.Debug|iPhone.Deploy.0 = Debug|Any CPU
		{710F388D-F935-4E33-970B-7A1EBD08A47F}.Debug|iPhoneSimulator.ActiveCfg = Debug|Any CPU
		{710F388D-F935-4E33-970B-7A1EBD08A47F}.Debug|iPhoneSimulator.Build.0 = Debug|Any CPU
		{710F388D-F935-4E33-970B-7A1EBD08A47F}.Debug|iPhoneSimulator.Deploy.0 = Debug|Any CPU
		{710F388D-F935-4E33-970B-7A1EBD08A47F}.Debug|x64.ActiveCfg = Debug|Any CPU
		{710F388D-F935-4E33-970B-7A1EBD08A47F}.Debug|x64.Build.0 = Debug|Any CPU
		{710F388D-F935-4E33-970B-7A1EBD08A47F}.Debug|x64.Deploy.0 = Debug|Any CPU
		{710F388D-F935-4E33-970B-7A1EBD08A47F}.Debug|x86.ActiveCfg = Debug|Any CPU
		{710F388D-F935-4E33-970B-7A1EBD08A47F}.Debug|x86.Build.0 = Debug|Any CPU
		{710F388D-F935-4E33-970B-7A1EBD08A47F}.Debug|x86.Deploy.0 = Debug|Any CPU
		{710F388D-F935-4E33-970B-7A1EBD08A47F}.Release|Any CPU.ActiveCfg = Release|Any CPU
		{710F388D-F935-4E33-970B-7A1EBD08A47F}.Release|Any CPU.Build.0 = Release|Any CPU
		{710F388D-F935-4E33-970B-7A1EBD08A47F}.Release|Any CPU.Deploy.0 = Release|Any CPU
		{710F388D-F935-4E33-970B-7A1EBD08A47F}.Release|ARM.ActiveCfg = Release|Any CPU
		{710F388D-F935-4E33-970B-7A1EBD08A47F}.Release|ARM.Build.0 = Release|Any CPU
		{710F388D-F935-4E33-970B-7A1EBD08A47F}.Release|ARM.Deploy.0 = Release|Any CPU
		{710F388D-F935-4E33-970B-7A1EBD08A47F}.Release|ARM64.ActiveCfg = Release|Any CPU
		{710F388D-F935-4E33-970B-7A1EBD08A47F}.Release|ARM64.Build.0 = Release|Any CPU
		{710F388D-F935-4E33-970B-7A1EBD08A47F}.Release|iPhone.ActiveCfg = Release|Any CPU
		{710F388D-F935-4E33-970B-7A1EBD08A47F}.Release|iPhone.Build.0 = Release|Any CPU
		{710F388D-F935-4E33-970B-7A1EBD08A47F}.Release|iPhone.Deploy.0 = Release|Any CPU
		{710F388D-F935-4E33-970B-7A1EBD08A47F}.Release|iPhoneSimulator.ActiveCfg = Release|Any CPU
		{710F388D-F935-4E33-970B-7A1EBD08A47F}.Release|iPhoneSimulator.Build.0 = Release|Any CPU
		{710F388D-F935-4E33-970B-7A1EBD08A47F}.Release|iPhoneSimulator.Deploy.0 = Release|Any CPU
		{710F388D-F935-4E33-970B-7A1EBD08A47F}.Release|x64.ActiveCfg = Release|Any CPU
		{710F388D-F935-4E33-970B-7A1EBD08A47F}.Release|x64.Build.0 = Release|Any CPU
		{710F388D-F935-4E33-970B-7A1EBD08A47F}.Release|x64.Deploy.0 = Release|Any CPU
		{710F388D-F935-4E33-970B-7A1EBD08A47F}.Release|x86.ActiveCfg = Release|Any CPU
		{710F388D-F935-4E33-970B-7A1EBD08A47F}.Release|x86.Build.0 = Release|Any CPU
		{710F388D-F935-4E33-970B-7A1EBD08A47F}.Release|x86.Deploy.0 = Release|Any CPU
		{8FCAC10B-4B22-4DE9-82A1-CA3B32C32281}.Debug|Any CPU.ActiveCfg = Debug|Any CPU
		{8FCAC10B-4B22-4DE9-82A1-CA3B32C32281}.Debug|Any CPU.Build.0 = Debug|Any CPU
		{8FCAC10B-4B22-4DE9-82A1-CA3B32C32281}.Debug|ARM.ActiveCfg = Debug|Any CPU
		{8FCAC10B-4B22-4DE9-82A1-CA3B32C32281}.Debug|ARM.Build.0 = Debug|Any CPU
		{8FCAC10B-4B22-4DE9-82A1-CA3B32C32281}.Debug|ARM64.ActiveCfg = Debug|Any CPU
		{8FCAC10B-4B22-4DE9-82A1-CA3B32C32281}.Debug|ARM64.Build.0 = Debug|Any CPU
		{8FCAC10B-4B22-4DE9-82A1-CA3B32C32281}.Debug|iPhone.ActiveCfg = Debug|Any CPU
		{8FCAC10B-4B22-4DE9-82A1-CA3B32C32281}.Debug|iPhone.Build.0 = Debug|Any CPU
		{8FCAC10B-4B22-4DE9-82A1-CA3B32C32281}.Debug|iPhoneSimulator.ActiveCfg = Debug|Any CPU
		{8FCAC10B-4B22-4DE9-82A1-CA3B32C32281}.Debug|iPhoneSimulator.Build.0 = Debug|Any CPU
		{8FCAC10B-4B22-4DE9-82A1-CA3B32C32281}.Debug|x64.ActiveCfg = Debug|Any CPU
		{8FCAC10B-4B22-4DE9-82A1-CA3B32C32281}.Debug|x64.Build.0 = Debug|Any CPU
		{8FCAC10B-4B22-4DE9-82A1-CA3B32C32281}.Debug|x86.ActiveCfg = Debug|Any CPU
		{8FCAC10B-4B22-4DE9-82A1-CA3B32C32281}.Debug|x86.Build.0 = Debug|Any CPU
		{8FCAC10B-4B22-4DE9-82A1-CA3B32C32281}.Release|Any CPU.ActiveCfg = Release|Any CPU
		{8FCAC10B-4B22-4DE9-82A1-CA3B32C32281}.Release|Any CPU.Build.0 = Release|Any CPU
		{8FCAC10B-4B22-4DE9-82A1-CA3B32C32281}.Release|ARM.ActiveCfg = Release|Any CPU
		{8FCAC10B-4B22-4DE9-82A1-CA3B32C32281}.Release|ARM.Build.0 = Release|Any CPU
		{8FCAC10B-4B22-4DE9-82A1-CA3B32C32281}.Release|ARM64.ActiveCfg = Release|Any CPU
		{8FCAC10B-4B22-4DE9-82A1-CA3B32C32281}.Release|ARM64.Build.0 = Release|Any CPU
		{8FCAC10B-4B22-4DE9-82A1-CA3B32C32281}.Release|iPhone.ActiveCfg = Release|Any CPU
		{8FCAC10B-4B22-4DE9-82A1-CA3B32C32281}.Release|iPhone.Build.0 = Release|Any CPU
		{8FCAC10B-4B22-4DE9-82A1-CA3B32C32281}.Release|iPhoneSimulator.ActiveCfg = Release|Any CPU
		{8FCAC10B-4B22-4DE9-82A1-CA3B32C32281}.Release|iPhoneSimulator.Build.0 = Release|Any CPU
		{8FCAC10B-4B22-4DE9-82A1-CA3B32C32281}.Release|x64.ActiveCfg = Release|Any CPU
		{8FCAC10B-4B22-4DE9-82A1-CA3B32C32281}.Release|x64.Build.0 = Release|Any CPU
		{8FCAC10B-4B22-4DE9-82A1-CA3B32C32281}.Release|x86.ActiveCfg = Release|Any CPU
		{8FCAC10B-4B22-4DE9-82A1-CA3B32C32281}.Release|x86.Build.0 = Release|Any CPU
	EndGlobalSection
	GlobalSection(SolutionProperties) = preSolution
		HideSolutionNode = FALSE
	EndGlobalSection
	GlobalSection(ExtensibilityGlobals) = postSolution
		SolutionGuid = {C70ED117-A4C0-42B6-BF48-F0CBD06FD095}
	EndGlobalSection
EndGlobal
